{
  "version": 4,
  "terraform_version": "1.9.0",
  "serial": 371,
  "lineage": "e61954e9-e48d-797d-7b28-626b881faa4f",
  "outputs": {
    "cluster_location": {
      "value": "europe-west6-b",
      "type": "string"
    },
    "cluster_name": {
      "value": "online-boutique",
      "type": "string"
    }
  },
  "resources": [
    {
      "mode": "data",
      "type": "google_client_config",
      "name": "current",
      "provider": "provider[\"registry.terraform.io/hashicorp/google\"]",
      "instances": [
        {
          "schema_version": 0,
          "attributes": {
            "access_token": "ya29.c.c0ASRK0GZF8rSrYMZ8QdXtTML0CHzQh-paZd9eCNiuy8VG8MhmYLHwXJI-qViEoGeOUWccfTt7T4G8XmoETIH0o1iR3DN6IhTtzlFDQXNtoOvPYPUA8u_BrTpyEv9AfoAYyX06rsfKfpq6abxXbWzx2actcLsdHM_0-K51cUZJkHsdDvs-vQhRAZF_JC0SlVmlrybttr9txIVio-osQvvgmXxBa5k77bio425f-OW0Un5CcHVV3dK_UTk_acmPd3cPT6--bhjai8zwGEpVAO1layHvo7g0GkrVZKjJA95wNfFq__X7AkTSmmhRclBdFyx-rsQp7EerAykH1-LeX7kbz22i0i2MqE8ADo9ac4HlkUxFYQ44-ZFMgZx8N385A772nb0egnJ0-eq6lBkyvkk__jJ_jgQJV78Xq5t6QIVoF0ukO4O8-Y_zJXU3MRhQWBvYprgbs9Jwm9i2qb-IURwdnczyMl6nkly1ejaZ_txMnp056f9fiJfxV_Iml4mpowR0m8X1sd8I9tM7uaZwgf_1-uSodXRROfepeuUgXwaVcBS5mlbwVlnap0b7QditZhw6OXwf8Qim_kFadRZQJodYxv38J5iyZ85Og46Va2tRwnnf-r36xnBI3FIcl8lgo0mS710b74z_azy13WB_y6Iji9Sf6q1MYiow_dJfbvIeczIpiRqamshfq5y2VRJXOS6oSz1jqRUSwSdu9X9wSZVV7qJIaj__1FQs_X7vs7BmhnoYxs6rVY_4e7aM_i-aW1z98nec3XdyufYw1e7uYFIM6Jo27fh7jeUche-Wbj_sRpjWbudJqtZiklovQkme2W4RrRZvvXBbiMk_hrgeno1aOYwvo4nFz3l90393-wtIU-dlhVgOBdxkUYec3ebRgVh6X4_4Wo9uoxVvgIMbw_Zm0SnapvnfWks__BedMjUB3B9urze-JVhZ2o-djw2cqjXbjZegWUikuZRQzR70fufUtuJWvJ68r25M993jidxwrMMp3aZ5-QxFplX",
            "default_labels": null,
            "id": "projects/\"mosig-training\"/regions/\"europe-west6\"/zones/\u003cnull\u003e",
            "project": "mosig-training",
            "region": "europe-west6",
            "zone": null
          },
          "sensitive_attributes": [
            [
              {
                "type": "get_attr",
                "value": "access_token"
              }
            ]
          ]
        }
      ]
    },
    {
      "mode": "managed",
      "type": "google_compute_firewall",
      "name": "allow_internal_ports",
      "provider": "provider[\"registry.terraform.io/hashicorp/google\"]",
      "instances": [
        {
          "schema_version": 1,
          "attributes": {
            "allow": [
              {
                "ports": [
                  "9646",
                  "8089"
                ],
                "protocol": "tcp"
              }
            ],
            "creation_timestamp": "2024-12-28T11:38:21.236-08:00",
            "deny": [],
            "description": "",
            "destination_ranges": [],
            "direction": "INGRESS",
            "disabled": false,
            "enable_logging": null,
            "id": "projects/mosig-training/global/firewalls/online-boutique-allow-internal-ports",
            "log_config": [],
            "name": "online-boutique-allow-internal-ports",
            "network": "https://www.googleapis.com/compute/v1/projects/mosig-training/global/networks/default",
            "priority": 1000,
            "project": "mosig-training",
            "self_link": "https://www.googleapis.com/compute/v1/projects/mosig-training/global/firewalls/online-boutique-allow-internal-ports",
            "source_ranges": [
              "10.0.0.0/8",
              "172.16.0.0/12",
              "192.168.0.0/16"
            ],
            "source_service_accounts": [],
            "source_tags": [],
            "target_service_accounts": [],
            "target_tags": [
              "load-generator"
            ],
            "timeouts": null
          },
          "sensitive_attributes": [],
          "private": "eyJlMmJmYjczMC1lY2FhLTExZTYtOGY4OC0zNDM2M2JjN2M0YzAiOnsiY3JlYXRlIjoxMjAwMDAwMDAwMDAwLCJkZWxldGUiOjEyMDAwMDAwMDAwMDAsInVwZGF0ZSI6MTIwMDAwMDAwMDAwMH0sInNjaGVtYV92ZXJzaW9uIjoiMSJ9"
        }
      ]
    },
    {
      "mode": "managed",
      "type": "google_compute_firewall",
      "name": "allow_ssh_load_generator",
      "provider": "provider[\"registry.terraform.io/hashicorp/google\"]",
      "instances": [
        {
          "schema_version": 1,
          "attributes": {
            "allow": [
              {
                "ports": [
                  "22",
                  "80",
                  "443"
                ],
                "protocol": "tcp"
              }
            ],
            "creation_timestamp": "2024-12-28T11:38:21.241-08:00",
            "deny": [],
            "description": "",
            "destination_ranges": [],
            "direction": "INGRESS",
            "disabled": false,
            "enable_logging": null,
            "id": "projects/mosig-training/global/firewalls/online-boutique-allow-ssh-load-generator",
            "log_config": [],
            "name": "online-boutique-allow-ssh-load-generator",
            "network": "https://www.googleapis.com/compute/v1/projects/mosig-training/global/networks/default",
            "priority": 1000,
            "project": "mosig-training",
            "self_link": "https://www.googleapis.com/compute/v1/projects/mosig-training/global/firewalls/online-boutique-allow-ssh-load-generator",
            "source_ranges": [
              "0.0.0.0/0"
            ],
            "source_service_accounts": [],
            "source_tags": [],
            "target_service_accounts": [],
            "target_tags": [
              "load-generator"
            ],
            "timeouts": null
          },
          "sensitive_attributes": [],
          "private": "eyJlMmJmYjczMC1lY2FhLTExZTYtOGY4OC0zNDM2M2JjN2M0YzAiOnsiY3JlYXRlIjoxMjAwMDAwMDAwMDAwLCJkZWxldGUiOjEyMDAwMDAwMDAwMDAsInVwZGF0ZSI6MTIwMDAwMDAwMDAwMH0sInNjaGVtYV92ZXJzaW9uIjoiMSJ9"
        }
      ]
    },
    {
      "mode": "managed",
      "type": "google_compute_instance",
      "name": "load_generator",
      "provider": "provider[\"registry.terraform.io/hashicorp/google\"]",
      "instances": [
        {
          "schema_version": 6,
          "attributes": {
            "advanced_machine_features": [],
            "allow_stopping_for_update": null,
            "attached_disk": [],
            "boot_disk": [
              {
                "auto_delete": true,
                "device_name": "persistent-disk-0",
                "disk_encryption_key_raw": "",
                "disk_encryption_key_sha256": "",
                "initialize_params": [
                  {
                    "enable_confidential_compute": false,
                    "image": "https://www.googleapis.com/compute/v1/projects/ubuntu-os-cloud/global/images/ubuntu-2004-focal-v20241219",
                    "labels": {},
                    "provisioned_iops": 0,
                    "provisioned_throughput": 0,
                    "resource_manager_tags": {},
                    "resource_policies": [],
                    "size": 10,
                    "storage_pool": "",
                    "type": "pd-standard"
                  }
                ],
                "interface": "",
                "kms_key_self_link": "",
                "mode": "READ_WRITE",
                "source": "https://www.googleapis.com/compute/v1/projects/mosig-training/zones/europe-west6-b/disks/online-boutique-load-generator"
              }
            ],
            "can_ip_forward": false,
            "confidential_instance_config": [],
            "cpu_platform": "Intel Broadwell",
            "creation_timestamp": "2024-12-28T11:48:43.738-08:00",
            "current_status": "RUNNING",
            "deletion_protection": false,
            "description": "",
            "desired_status": null,
            "effective_labels": {
              "goog-terraform-provisioned": "true"
            },
            "enable_display": false,
            "guest_accelerator": [],
            "hostname": "",
            "id": "projects/mosig-training/zones/europe-west6-b/instances/online-boutique-load-generator",
            "instance_id": "7573924656359270644",
            "key_revocation_action_type": "",
            "label_fingerprint": "vezUS-42LLM=",
            "labels": {},
            "machine_type": "e2-standard-2",
            "metadata": {},
            "metadata_fingerprint": "voB362gGqkQ=",
            "metadata_startup_script": null,
            "min_cpu_platform": "",
            "name": "online-boutique-load-generator",
            "network_interface": [
              {
                "access_config": [
                  {
                    "nat_ip": "34.65.138.11",
                    "network_tier": "PREMIUM",
                    "public_ptr_domain_name": ""
                  }
                ],
                "alias_ip_range": [],
                "internal_ipv6_prefix_length": 0,
                "ipv6_access_config": [],
                "ipv6_access_type": "",
                "ipv6_address": "",
                "name": "nic0",
                "network": "https://www.googleapis.com/compute/v1/projects/mosig-training/global/networks/default",
                "network_ip": "10.172.15.220",
                "nic_type": "",
                "queue_count": 0,
                "stack_type": "IPV4_ONLY",
                "subnetwork": "https://www.googleapis.com/compute/v1/projects/mosig-training/regions/europe-west6/subnetworks/default",
                "subnetwork_project": "mosig-training"
              }
            ],
            "network_performance_config": [],
            "params": [],
            "project": "mosig-training",
            "reservation_affinity": [],
            "resource_policies": [],
            "scheduling": [
              {
                "automatic_restart": true,
                "instance_termination_action": "",
                "local_ssd_recovery_timeout": [],
                "max_run_duration": [],
                "min_node_cpus": 0,
                "node_affinities": [],
                "on_host_maintenance": "MIGRATE",
                "on_instance_stop_action": [],
                "preemptible": false,
                "provisioning_model": "STANDARD"
              }
            ],
            "scratch_disk": [],
            "self_link": "https://www.googleapis.com/compute/v1/projects/mosig-training/zones/europe-west6-b/instances/online-boutique-load-generator",
            "service_account": [],
            "shielded_instance_config": [
              {
                "enable_integrity_monitoring": true,
                "enable_secure_boot": false,
                "enable_vtpm": true
              }
            ],
            "tags": [
              "load-generator"
            ],
            "tags_fingerprint": "iPw2rPChwHs=",
            "terraform_labels": {
              "goog-terraform-provisioned": "true"
            },
            "timeouts": null,
            "zone": "europe-west6-b"
          },
          "sensitive_attributes": [
            [
              {
                "type": "get_attr",
                "value": "boot_disk"
              },
              {
                "type": "index",
                "value": {
                  "value": 0,
                  "type": "number"
                }
              },
              {
                "type": "get_attr",
                "value": "disk_encryption_key_raw"
              }
            ]
          ],
          "private": "eyJlMmJmYjczMC1lY2FhLTExZTYtOGY4OC0zNDM2M2JjN2M0YzAiOnsiY3JlYXRlIjoxMjAwMDAwMDAwMDAwLCJkZWxldGUiOjEyMDAwMDAwMDAwMDAsInVwZGF0ZSI6MTIwMDAwMDAwMDAwMH0sInNjaGVtYV92ZXJzaW9uIjoiNiJ9",
          "dependencies": [
            "google_container_cluster.gke_autopilot",
            "google_container_cluster.gke_standard",
            "module.enable_google_apis.data.google_compute_default_service_account.default",
            "module.enable_google_apis.google_project_iam_member.project_service_identity_roles",
            "module.enable_google_apis.google_project_service.project_services",
            "module.enable_google_apis.google_project_service_identity.project_service_identities"
          ]
        }
      ]
    },
    {
      "mode": "managed",
      "type": "google_compute_project_metadata",
      "name": "default",
      "provider": "provider[\"registry.terraform.io/hashicorp/google\"]",
      "instances": [
        {
          "schema_version": 0,
          "attributes": {
            "id": "mosig-training",
            "metadata": {
              "ssh-keys": "root:ssh-rsa AAAAB3NzaC1yc2EAAAADAQABAAACAQC0XJDRzhAzV+cVa0xDE4CFZdRpq2S6WbdsGHuR9MSD27MjDV1FqeQliNVgIlQnX4+3/Z/64eStOSPih0cWmdMCD/pcFGFrPrPq5VkwjijBmMBNpM8V99eqe7ZqXvorv1e/f3/CLUAzvF2blF8hL+raygnr2cavayXFvumGx6BdXriM10Sb5efcAPGNC4G1CKZlVL/mXxCqf2/sjMqsuEQUwikrGjWOhZrspoEMe438xBgxJWlGBbgLmCtES95eD4BBAOYrqM739ZFYdnZ4go3AIaGaCgzi9+T5YGX3CKrw1nTzHlofvNrnJDIDloRikuTjnZARws/ZowO4QEr+xEiMC8Fey98PQ0jsVsfjBtkZ5LHL/8OZ3cJBh15K4SCT/1zHDSJzr+qi0G9XQZB8owjgyK1Wa96iATL6XYDzwWErCGFHgfIUtqkRGrRl1zRs/mPFHpyvgvSBX2NQJN01Ia0pVWNIwdYsoOXNVc0BLdFgzXq5aSPyYZlBso8lutPnFhOP5cVpbqfPtBN9etniGEXmifehpn4LXiR9DrCvm6WAe2jnp7lWrG2T1QJYrMVpMeO2tHEpiBDgjMZnZq9goloj7wtGINA8aDZ8H6AH7MLbGfB5BRMgNeR4QIsmmTq7+KrIlkmoj4EwRhMTTttIVDMriReoyZkJasArZHw3Tq1KbQ==\n"
            },
            "project": "mosig-training",
            "timeouts": null
          },
          "sensitive_attributes": [],
          "private": "eyJlMmJmYjczMC1lY2FhLTExZTYtOGY4OC0zNDM2M2JjN2M0YzAiOnsiY3JlYXRlIjoyNDAwMDAwMDAwMDAsImRlbGV0ZSI6MjQwMDAwMDAwMDAwfX0=",
          "dependencies": [
            "tls_private_key.ssh"
          ]
        }
      ]
    },
    {
      "mode": "managed",
      "type": "google_container_cluster",
      "name": "gke_autopilot",
      "provider": "provider[\"registry.terraform.io/hashicorp/google\"]",
      "instances": []
    },
    {
      "mode": "managed",
      "type": "google_container_cluster",
      "name": "gke_standard",
      "provider": "provider[\"registry.terraform.io/hashicorp/google\"]",
      "instances": [
        {
          "index_key": 0,
          "schema_version": 2,
          "attributes": {
            "addons_config": [
              {
                "cloudrun_config": [],
                "config_connector_config": [],
                "dns_cache_config": [],
                "gce_persistent_disk_csi_driver_config": [
                  {
                    "enabled": true
                  }
                ],
                "gcp_filestore_csi_driver_config": [],
                "gcs_fuse_csi_driver_config": [],
                "gke_backup_agent_config": [],
                "horizontal_pod_autoscaling": [],
                "http_load_balancing": [],
                "network_policy_config": [
                  {
                    "disabled": true
                  }
                ],
                "ray_operator_config": [],
                "stateful_ha_config": []
              }
            ],
            "allow_net_admin": null,
            "authenticator_groups_config": [],
            "binary_authorization": [
              {
                "enabled": false,
                "evaluation_mode": ""
              }
            ],
            "cluster_autoscaling": [
              {
                "auto_provisioning_defaults": [],
                "auto_provisioning_locations": [],
                "autoscaling_profile": "BALANCED",
                "enabled": false,
                "resource_limits": []
              }
            ],
            "cluster_ipv4_cidr": "10.4.0.0/14",
            "confidential_nodes": [],
            "cost_management_config": [],
            "database_encryption": [
              {
                "key_name": "",
                "state": "DECRYPTED"
              }
            ],
            "datapath_provider": "",
            "default_max_pods_per_node": 110,
            "default_snat_status": [
              {
                "disabled": false
              }
            ],
            "deletion_protection": false,
            "description": "",
            "dns_config": [],
            "effective_labels": {
              "goog-terraform-provisioned": "true"
            },
            "enable_autopilot": false,
            "enable_cilium_clusterwide_network_policy": false,
            "enable_intranode_visibility": false,
            "enable_k8s_beta_apis": [],
            "enable_kubernetes_alpha": false,
            "enable_l4_ilb_subsetting": false,
            "enable_legacy_abac": false,
            "enable_multi_networking": false,
            "enable_shielded_nodes": true,
            "enable_tpu": false,
            "endpoint": "34.65.21.76",
            "fleet": [],
            "gateway_api_config": [],
            "id": "projects/mosig-training/locations/europe-west6-b/clusters/online-boutique",
            "identity_service_config": [],
            "initial_node_count": 1,
            "ip_allocation_policy": [
              {
                "additional_pod_ranges_config": [],
                "cluster_ipv4_cidr_block": "10.4.0.0/14",
                "cluster_secondary_range_name": "gke-online-boutique-pods-82314890",
                "pod_cidr_overprovision_config": [
                  {
                    "disabled": false
                  }
                ],
                "services_ipv4_cidr_block": "34.118.224.0/20",
                "services_secondary_range_name": "",
                "stack_type": "IPV4"
              }
            ],
            "label_fingerprint": "78cdf2f6",
            "location": "europe-west6-b",
            "logging_config": [
              {
                "enable_components": [
                  "SYSTEM_COMPONENTS",
                  "WORKLOADS"
                ]
              }
            ],
            "logging_service": "logging.googleapis.com/kubernetes",
            "maintenance_policy": [],
            "master_auth": [
              {
                "client_certificate": "",
                "client_certificate_config": [
                  {
                    "issue_client_certificate": false
                  }
                ],
                "client_key": "",
                "cluster_ca_certificate": "LS0tLS1CRUdJTiBDRVJUSUZJQ0FURS0tLS0tCk1JSUVMRENDQXBTZ0F3SUJBZ0lRSXBDTlZsMXRpanNEdFRIT0F6UVc4akFOQmdrcWhraUc5dzBCQVFzRkFEQXYKTVMwd0t3WURWUVFERXlSbE1XTTJZbVU1TVMxa05ERmxMVFExTnpJdFlXUmhNUzFsWVdJeFptWXdOR0ZsTURjdwpJQmNOTWpReE1qSTRNVGd6T0RJMldoZ1BNakExTkRFeU1qRXhPVE00TWpaYU1DOHhMVEFyQmdOVkJBTVRKR1V4Cll6WmlaVGt4TFdRME1XVXRORFUzTWkxaFpHRXhMV1ZoWWpGbVpqQTBZV1V3TnpDQ0FhSXdEUVlKS29aSWh2Y04KQVFFQkJRQURnZ0dQQURDQ0FZb0NnZ0dCQU14MnR5dFNKeWxhdmNnWCs3RUdpZVBBZVQ4U1VOa2xUNVUyTTZxZwpTS25nMlZVUmFRZ1YzNTVrRnczaS81VXVra1dXZThvemtpWGNBTCtnS0NkN1I4QlFwREhhSnBXQ2NXTWY3WEUrClBUQ3ovaDZHVlhWVUp6Q1J5V0RBbk4raGhvN2dWV095NGhMblpjYzB5ZnF6VFluc2FjY2VRS3ZOaXYzMWRDeXMKNnRRbzRUNngxcllsdTBDSWRpVkRTUkczWXJrbnZGb2kzUzBOb1MrRDlaSEc2YmJ3NTVRa3N4dXRuWkJzZ0NEZgo5TGt0eE1hdUZhaHkrUFRrT3dXUytDUDd6aHdZWmZZM3R4R25OdkpKUnpzMmpWWXMwZkhORzJ6MU5IY1FXM2NZClR1UFBFdXIzTURSdWRLU1VtajhOV09pZTdhZUZEc1dTRWtGa0hNTTh0aHFNRDhJbFBhdFVNOFk3RXhNdVFEUU8KRkE0NUh5ci96dmEzZWhHL1E5WmRTMy9MYXdBV2ZONjJaVHVIK2lUT2JwdkNFdjliQVF0Y25vUFpwaFdpN3lTZwp3ZjVCQzJKMDV3UjhYQ252cTltUnJHcEkxNmc1NHlLWEZzTlV5NXdXNC9Hb3VMTlJGZHpXYVRTcE1hc3UxZW5MCmF4a2dRZGhua3pBY3NJTTg5TjZTNnIySXV3SURBUUFCbzBJd1FEQU9CZ05WSFE4QkFmOEVCQU1DQWdRd0R3WUQKVlIwVEFRSC9CQVV3QXdFQi96QWRCZ05WSFE0RUZnUVVtaXlJRFZMb3FoaG8yQ0o0ZzZQOUY5U1FTQ0F3RFFZSgpLb1pJaHZjTkFRRUxCUUFEZ2dHQkFFT2NDWlZhK08rRzZPcy84WGhrbUZoL0F4R0ZMclBLcnNJK2krT1BrVlF0CmpGbHFPN01jb1hoV3lBNzducTdGV3dLMUlCaWw3S05nbzNjeXZFaU0yRk1KRmhac2xmdTRXcmlHdEFvZ3ZiNC8KbHlTcGlIcGNuV29pdlJNVk1TalNGbk1paUhaTGVTNkNod3pIeXZrT1hiQ1ptQ1M0QUZQKzZSdUY5UFZFVThrSApRaldZL2g5RitnWmlGNHA1ano1LzdYYTVybWg3dXFQTGZMOGhYeEI1Z0xSMCtvRCtWZHdxN0dWTVNadEdHRG9nCkpSMzRTbDBXM2dDc3p5SkRpY2VCVGVXeVUwSUNaYmxnZEVreEpxaVJ3OEp5YktLd1RMb29lZXMveFVWd0xIOC8KN21ndC9xYmdlcGNQUm5yeVBJZzlkeXNLYmNMVStJSmwrVCtCWnVDNWd4Z0MwejZhYnhmYkhOS2pqQkNjMmlpawowbFBFbkh6V3hBemlaVVE2bEMwdEZydDR1THYrOXF3eEZ6WXRMK2dhNWVYc0NLNElXYzVINEZMT2syU0RIRWZaCk4yaXVTWngybjQrQ1B3c25reXViRWc4bE5oTU1BOXhmTDlnWHozVnhWRFdGZ1V1dzY1SHVRVEhqcXRCOGoyN0wKQis5VldTR09zQnFMNGxhVitjQTZTUT09Ci0tLS0tRU5EIENFUlRJRklDQVRFLS0tLS0K"
              }
            ],
            "master_authorized_networks_config": [],
            "master_version": "1.30.6-gke.1125000",
            "mesh_certificates": [],
            "min_master_version": null,
            "monitoring_config": [
              {
                "advanced_datapath_observability_config": [
                  {
                    "enable_metrics": false,
                    "enable_relay": false
                  }
                ],
                "enable_components": [
                  "SYSTEM_COMPONENTS",
                  "DEPLOYMENT",
                  "STATEFULSET",
                  "STORAGE",
                  "HPA",
                  "POD",
                  "DAEMONSET",
                  "KUBELET",
                  "CADVISOR"
                ],
                "managed_prometheus": [
                  {
                    "enabled": true
                  }
                ]
              }
            ],
            "monitoring_service": "monitoring.googleapis.com/kubernetes",
            "name": "online-boutique",
            "network": "projects/mosig-training/global/networks/default",
            "network_policy": [
              {
                "enabled": false,
                "provider": "PROVIDER_UNSPECIFIED"
              }
            ],
            "networking_mode": "VPC_NATIVE",
            "node_config": [
              {
                "advanced_machine_features": [],
                "boot_disk_kms_key": "",
                "confidential_nodes": [],
                "containerd_config": [],
                "disk_size_gb": 100,
                "disk_type": "pd-balanced",
                "effective_taints": [],
                "enable_confidential_storage": false,
                "ephemeral_storage_local_ssd_config": [],
                "fast_socket": [],
                "gcfs_config": [],
                "guest_accelerator": [],
                "gvnic": [],
                "host_maintenance_policy": [],
                "image_type": "COS_CONTAINERD",
                "kubelet_config": [
                  {
                    "cpu_cfs_quota": false,
                    "cpu_cfs_quota_period": "",
                    "cpu_manager_policy": "",
                    "insecure_kubelet_readonly_port_enabled": "TRUE",
                    "pod_pids_limit": 0
                  }
                ],
                "labels": {},
                "linux_node_config": [],
                "local_nvme_ssd_block_config": [],
                "local_ssd_count": 0,
                "logging_variant": "DEFAULT",
                "machine_type": "e2-standard-2",
                "metadata": {
                  "disable-legacy-endpoints": "true"
                },
                "min_cpu_platform": "",
                "node_group": "",
                "oauth_scopes": [
                  "https://www.googleapis.com/auth/cloud-platform"
                ],
                "preemptible": false,
                "reservation_affinity": [],
                "resource_labels": {},
                "resource_manager_tags": {},
                "secondary_boot_disks": [],
                "service_account": "default",
                "shielded_instance_config": [
                  {
                    "enable_integrity_monitoring": true,
                    "enable_secure_boot": false
                  }
                ],
                "sole_tenant_config": [],
                "spot": false,
                "storage_pools": [],
                "tags": [],
                "taint": [],
                "workload_metadata_config": [
                  {
                    "mode": "GKE_METADATA"
                  }
                ]
              }
            ],
            "node_locations": [],
            "node_pool": [
              {
                "autoscaling": [],
                "initial_node_count": 4,
                "instance_group_urls": [
                  "https://www.googleapis.com/compute/v1/projects/mosig-training/zones/europe-west6-b/instanceGroupManagers/gke-online-boutique-online-boutique-n-e016a880-grp"
                ],
                "managed_instance_group_urls": [
                  "https://www.googleapis.com/compute/v1/projects/mosig-training/zones/europe-west6-b/instanceGroups/gke-online-boutique-online-boutique-n-e016a880-grp"
                ],
                "management": [
                  {
                    "auto_repair": true,
                    "auto_upgrade": true
                  }
                ],
                "max_pods_per_node": 110,
                "name": "online-boutique-node-pool",
                "name_prefix": "",
                "network_config": [
                  {
                    "additional_node_network_configs": [],
                    "additional_pod_network_configs": [],
                    "create_pod_range": false,
                    "enable_private_nodes": false,
                    "network_performance_config": [],
                    "pod_cidr_overprovision_config": [],
                    "pod_ipv4_cidr_block": "10.4.0.0/14",
                    "pod_range": "gke-online-boutique-pods-82314890"
                  }
                ],
                "node_config": [
                  {
                    "advanced_machine_features": [],
                    "boot_disk_kms_key": "",
                    "confidential_nodes": [],
                    "containerd_config": [],
                    "disk_size_gb": 100,
                    "disk_type": "pd-balanced",
                    "effective_taints": [],
                    "enable_confidential_storage": false,
                    "ephemeral_storage_local_ssd_config": [],
                    "fast_socket": [],
                    "gcfs_config": [],
                    "guest_accelerator": [],
                    "gvnic": [],
                    "host_maintenance_policy": [],
                    "image_type": "COS_CONTAINERD",
                    "kubelet_config": [
                      {
                        "cpu_cfs_quota": false,
                        "cpu_cfs_quota_period": "",
                        "cpu_manager_policy": "",
                        "insecure_kubelet_readonly_port_enabled": "TRUE",
                        "pod_pids_limit": 0
                      }
                    ],
                    "labels": {},
                    "linux_node_config": [],
                    "local_nvme_ssd_block_config": [],
                    "local_ssd_count": 0,
                    "logging_variant": "DEFAULT",
                    "machine_type": "e2-standard-2",
                    "metadata": {
                      "disable-legacy-endpoints": "true"
                    },
                    "min_cpu_platform": "",
                    "node_group": "",
                    "oauth_scopes": [
                      "https://www.googleapis.com/auth/cloud-platform"
                    ],
                    "preemptible": false,
                    "reservation_affinity": [],
                    "resource_labels": {},
                    "resource_manager_tags": {},
                    "secondary_boot_disks": [],
                    "service_account": "default",
                    "shielded_instance_config": [
                      {
                        "enable_integrity_monitoring": true,
                        "enable_secure_boot": false
                      }
                    ],
                    "sole_tenant_config": [],
                    "spot": false,
                    "storage_pools": [],
                    "tags": [],
                    "taint": [],
                    "workload_metadata_config": [
                      {
                        "mode": "GKE_METADATA"
                      }
                    ]
                  }
                ],
                "node_count": 4,
                "node_locations": [
                  "europe-west6-b"
                ],
                "placement_policy": [],
                "queued_provisioning": [],
                "upgrade_settings": [
                  {
                    "blue_green_settings": [],
                    "max_surge": 1,
                    "max_unavailable": 0,
                    "strategy": "SURGE"
                  }
                ],
                "version": "1.30.6-gke.1125000"
              }
            ],
            "node_pool_auto_config": [],
            "node_pool_defaults": [
              {
                "node_config_defaults": [
                  {
                    "containerd_config": [],
                    "gcfs_config": [],
                    "insecure_kubelet_readonly_port_enabled": "FALSE",
                    "logging_variant": "DEFAULT"
                  }
                ]
              }
            ],
            "node_version": "1.30.6-gke.1125000",
            "notification_config": [
              {
                "pubsub": [
                  {
                    "enabled": false,
                    "filter": [],
                    "topic": ""
                  }
                ]
              }
            ],
            "operation": null,
            "private_cluster_config": [
              {
                "enable_private_endpoint": false,
                "enable_private_nodes": false,
                "master_global_access_config": [
                  {
                    "enabled": false
                  }
                ],
                "master_ipv4_cidr_block": "",
                "peering_name": "",
                "private_endpoint": "10.172.15.218",
                "private_endpoint_subnetwork": "",
                "public_endpoint": "34.65.21.76"
              }
            ],
            "private_ipv6_google_access": "",
            "project": "mosig-training",
            "release_channel": [
              {
                "channel": "REGULAR"
              }
            ],
            "remove_default_node_pool": true,
            "resource_labels": {},
            "resource_usage_export_config": [],
            "secret_manager_config": [
              {
                "enabled": false
              }
            ],
            "security_posture_config": [
              {
                "mode": "BASIC",
                "vulnerability_mode": "VULNERABILITY_MODE_UNSPECIFIED"
              }
            ],
            "self_link": "https://container.googleapis.com/v1/projects/mosig-training/zones/europe-west6-b/clusters/online-boutique",
            "service_external_ips_config": [
              {
                "enabled": false
              }
            ],
            "services_ipv4_cidr": "34.118.224.0/20",
            "subnetwork": "projects/mosig-training/regions/europe-west6/subnetworks/default",
            "terraform_labels": {
              "goog-terraform-provisioned": "true"
            },
            "timeouts": null,
            "tpu_ipv4_cidr_block": "",
            "vertical_pod_autoscaling": [],
            "workload_identity_config": [
              {
                "workload_pool": "mosig-training.svc.id.goog"
              }
            ]
          },
          "sensitive_attributes": [
            [
              {
                "type": "get_attr",
                "value": "master_auth"
              },
              {
                "type": "index",
                "value": {
                  "value": 0,
                  "type": "number"
                }
              },
              {
                "type": "get_attr",
                "value": "client_key"
              }
            ]
          ],
          "private": "eyJlMmJmYjczMC1lY2FhLTExZTYtOGY4OC0zNDM2M2JjN2M0YzAiOnsiY3JlYXRlIjoyNDAwMDAwMDAwMDAwLCJkZWxldGUiOjI0MDAwMDAwMDAwMDAsInJlYWQiOjI0MDAwMDAwMDAwMDAsInVwZGF0ZSI6MzYwMDAwMDAwMDAwMH0sInNjaGVtYV92ZXJzaW9uIjoiMiJ9",
          "dependencies": [
            "module.enable_google_apis.data.google_compute_default_service_account.default",
            "module.enable_google_apis.google_project_iam_member.project_service_identity_roles",
            "module.enable_google_apis.google_project_service.project_services",
            "module.enable_google_apis.google_project_service_identity.project_service_identities"
          ]
        }
      ]
    },
    {
      "mode": "managed",
      "type": "google_container_node_pool",
      "name": "primary_nodes",
      "provider": "provider[\"registry.terraform.io/hashicorp/google\"]",
      "instances": [
        {
          "index_key": 0,
          "schema_version": 1,
          "attributes": {
            "autoscaling": [],
            "cluster": "online-boutique",
            "id": "projects/mosig-training/locations/europe-west6-b/clusters/online-boutique/nodePools/online-boutique-node-pool",
            "initial_node_count": 4,
            "instance_group_urls": [
              "https://www.googleapis.com/compute/v1/projects/mosig-training/zones/europe-west6-b/instanceGroupManagers/gke-online-boutique-online-boutique-n-e016a880-grp"
            ],
            "location": "europe-west6-b",
            "managed_instance_group_urls": [
              "https://www.googleapis.com/compute/v1/projects/mosig-training/zones/europe-west6-b/instanceGroups/gke-online-boutique-online-boutique-n-e016a880-grp"
            ],
            "management": [
              {
                "auto_repair": true,
                "auto_upgrade": true
              }
            ],
            "max_pods_per_node": 110,
            "name": "online-boutique-node-pool",
            "name_prefix": "",
            "network_config": [
              {
                "additional_node_network_configs": [],
                "additional_pod_network_configs": [],
                "create_pod_range": false,
                "enable_private_nodes": false,
                "network_performance_config": [],
                "pod_cidr_overprovision_config": [],
                "pod_ipv4_cidr_block": "10.4.0.0/14",
                "pod_range": "gke-online-boutique-pods-82314890"
              }
            ],
            "node_config": [
              {
                "advanced_machine_features": [],
                "boot_disk_kms_key": "",
                "confidential_nodes": [],
                "containerd_config": [],
                "disk_size_gb": 100,
                "disk_type": "pd-balanced",
                "effective_taints": [],
                "enable_confidential_storage": false,
                "ephemeral_storage_local_ssd_config": [],
                "fast_socket": [],
                "gcfs_config": [],
                "guest_accelerator": [],
                "gvnic": [],
                "host_maintenance_policy": [],
                "image_type": "COS_CONTAINERD",
                "kubelet_config": [
                  {
                    "cpu_cfs_quota": false,
                    "cpu_cfs_quota_period": "",
                    "cpu_manager_policy": "",
                    "insecure_kubelet_readonly_port_enabled": "TRUE",
                    "pod_pids_limit": 0
                  }
                ],
                "labels": {},
                "linux_node_config": [],
                "local_nvme_ssd_block_config": [],
                "local_ssd_count": 0,
                "logging_variant": "DEFAULT",
                "machine_type": "e2-standard-2",
                "metadata": {
                  "disable-legacy-endpoints": "true"
                },
                "min_cpu_platform": "",
                "node_group": "",
                "oauth_scopes": [
                  "https://www.googleapis.com/auth/cloud-platform"
                ],
                "preemptible": false,
                "reservation_affinity": [],
                "resource_labels": {},
                "resource_manager_tags": {},
                "secondary_boot_disks": [],
                "service_account": "default",
                "shielded_instance_config": [
                  {
                    "enable_integrity_monitoring": true,
                    "enable_secure_boot": false
                  }
                ],
                "sole_tenant_config": [],
                "spot": false,
                "storage_pools": [],
                "tags": [],
                "taint": [],
                "workload_metadata_config": [
                  {
                    "mode": "GKE_METADATA"
                  }
                ]
              }
            ],
            "node_count": 4,
            "node_locations": [
              "europe-west6-b"
            ],
            "operation": null,
            "placement_policy": [],
            "project": "mosig-training",
            "queued_provisioning": [],
            "timeouts": null,
            "upgrade_settings": [
              {
                "blue_green_settings": [],
                "max_surge": 1,
                "max_unavailable": 0,
                "strategy": "SURGE"
              }
            ],
            "version": "1.30.6-gke.1125000"
          },
          "sensitive_attributes": [],
          "private": "eyJlMmJmYjczMC1lY2FhLTExZTYtOGY4OC0zNDM2M2JjN2M0YzAiOnsiY3JlYXRlIjoxODAwMDAwMDAwMDAwLCJkZWxldGUiOjE4MDAwMDAwMDAwMDAsInVwZGF0ZSI6MTgwMDAwMDAwMDAwMH0sInNjaGVtYV92ZXJzaW9uIjoiMSJ9",
          "dependencies": [
            "google_container_cluster.gke_standard",
            "module.enable_google_apis.data.google_compute_default_service_account.default",
            "module.enable_google_apis.google_project_iam_member.project_service_identity_roles",
            "module.enable_google_apis.google_project_service.project_services",
            "module.enable_google_apis.google_project_service_identity.project_service_identities"
          ]
        }
      ]
    },
    {
      "mode": "managed",
      "type": "google_service_account",
      "name": "loki_gcs",
      "provider": "provider[\"registry.terraform.io/hashicorp/google\"]",
      "instances": [
        {
          "index_key": 0,
          "schema_version": 0,
          "attributes": {
            "account_id": "loki-gcs",
            "create_ignore_already_exists": null,
            "description": "",
            "disabled": false,
            "display_name": "Loki Storage Account",
            "email": "loki-gcs@mosig-training.iam.gserviceaccount.com",
            "id": "projects/mosig-training/serviceAccounts/loki-gcs@mosig-training.iam.gserviceaccount.com",
            "member": "serviceAccount:loki-gcs@mosig-training.iam.gserviceaccount.com",
            "name": "projects/mosig-training/serviceAccounts/loki-gcs@mosig-training.iam.gserviceaccount.com",
            "project": "mosig-training",
            "timeouts": null,
            "unique_id": "101605629959042374560"
          },
          "sensitive_attributes": [],
          "private": "eyJlMmJmYjczMC1lY2FhLTExZTYtOGY4OC0zNDM2M2JjN2M0YzAiOnsiY3JlYXRlIjozMDAwMDAwMDAwMDB9fQ==",
          "dependencies": [
            "module.enable_google_apis.data.google_compute_default_service_account.default",
            "module.enable_google_apis.google_project_iam_member.project_service_identity_roles",
            "module.enable_google_apis.google_project_service.project_services",
            "module.enable_google_apis.google_project_service_identity.project_service_identities"
          ]
        }
      ]
    },
    {
      "mode": "managed",
      "type": "google_service_account_iam_binding",
      "name": "loki_sa_workload_identity",
      "provider": "provider[\"registry.terraform.io/hashicorp/google\"]",
      "instances": [
        {
          "index_key": 0,
          "schema_version": 0,
          "attributes": {
            "condition": [],
            "etag": "BwYqWgrhQMA=",
            "id": "projects/mosig-training/serviceAccounts/loki-gcs@mosig-training.iam.gserviceaccount.com/roles/iam.workloadIdentityUser",
            "members": [
              "serviceAccount:mosig-training.svc.id.goog[monitoring/loki]"
            ],
            "role": "roles/iam.workloadIdentityUser",
            "service_account_id": "projects/mosig-training/serviceAccounts/loki-gcs@mosig-training.iam.gserviceaccount.com"
          },
          "sensitive_attributes": [],
          "private": "bnVsbA==",
          "dependencies": [
            "data.google_client_config.current",
            "google_container_cluster.gke_autopilot",
            "google_container_cluster.gke_standard",
            "google_service_account.loki_gcs",
            "kubernetes_service_account.loki_sa",
            "local_file.kubeconfig",
            "module.enable_google_apis.data.google_compute_default_service_account.default",
            "module.enable_google_apis.google_project_iam_member.project_service_identity_roles",
            "module.enable_google_apis.google_project_service.project_services",
            "module.enable_google_apis.google_project_service_identity.project_service_identities",
            "null_resource.deploy_services_using_ansible",
            "time_sleep.wait_for_cluster"
          ]
        }
      ]
    },
    {
      "mode": "managed",
      "type": "google_storage_bucket",
      "name": "loki_storage",
      "provider": "provider[\"registry.terraform.io/hashicorp/google\"]",
      "instances": [
        {
          "index_key": 0,
          "schema_version": 3,
          "attributes": {
            "autoclass": [],
            "cors": [],
            "custom_placement_config": [],
            "default_event_based_hold": false,
            "effective_labels": {
              "goog-terraform-provisioned": "true"
            },
            "enable_object_retention": false,
            "encryption": [],
            "force_destroy": true,
            "hierarchical_namespace": [
              {
                "enabled": false
              }
            ],
            "id": "loki-storage-tsdb-24",
            "labels": {},
            "lifecycle_rule": [
              {
                "action": [
                  {
                    "storage_class": "",
                    "type": "Delete"
                  }
                ],
                "condition": [
                  {
                    "age": 7,
                    "created_before": "",
                    "custom_time_before": "",
                    "days_since_custom_time": 0,
                    "days_since_noncurrent_time": 0,
                    "matches_prefix": [],
                    "matches_storage_class": [],
                    "matches_suffix": [],
                    "noncurrent_time_before": "",
                    "num_newer_versions": 0,
                    "send_age_if_zero": false,
                    "send_days_since_custom_time_if_zero": false,
                    "send_days_since_noncurrent_time_if_zero": false,
                    "send_num_newer_versions_if_zero": false,
                    "with_state": "ANY"
                  }
                ]
              }
            ],
            "location": "EUROPE-WEST6",
            "logging": [],
            "name": "loki-storage-tsdb-24",
            "project": "mosig-training",
            "project_number": 333711930160,
            "public_access_prevention": "inherited",
            "requester_pays": false,
            "retention_policy": [],
            "rpo": null,
            "self_link": "https://www.googleapis.com/storage/v1/b/loki-storage-tsdb-24",
            "soft_delete_policy": [
              {
                "effective_time": "2024-12-28T19:38:25.821Z",
                "retention_duration_seconds": 604800
              }
            ],
            "storage_class": "STANDARD",
            "terraform_labels": {
              "goog-terraform-provisioned": "true"
            },
            "timeouts": null,
            "uniform_bucket_level_access": true,
            "url": "gs://loki-storage-tsdb-24",
            "versioning": [
              {
                "enabled": false
              }
            ],
            "website": []
          },
          "sensitive_attributes": [],
          "private": "eyJlMmJmYjczMC1lY2FhLTExZTYtOGY4OC0zNDM2M2JjN2M0YzAiOnsiY3JlYXRlIjo2MDAwMDAwMDAwMDAsInJlYWQiOjI0MDAwMDAwMDAwMCwidXBkYXRlIjoyNDAwMDAwMDAwMDB9LCJzY2hlbWFfdmVyc2lvbiI6IjMifQ==",
          "dependencies": [
            "module.enable_google_apis.data.google_compute_default_service_account.default",
            "module.enable_google_apis.google_project_iam_member.project_service_identity_roles",
            "module.enable_google_apis.google_project_service.project_services",
            "module.enable_google_apis.google_project_service_identity.project_service_identities"
          ]
        }
      ]
    },
    {
      "mode": "managed",
      "type": "google_storage_bucket_iam_member",
      "name": "loki_storage_object_admin",
      "provider": "provider[\"registry.terraform.io/hashicorp/google\"]",
      "instances": [
        {
          "index_key": 0,
          "schema_version": 0,
          "attributes": {
            "bucket": "b/loki-storage-tsdb-24",
            "condition": [],
            "etag": "CAI=",
            "id": "b/loki-storage-tsdb-24/roles/storage.objectUser/serviceAccount:loki-gcs@mosig-training.iam.gserviceaccount.com",
            "member": "serviceAccount:loki-gcs@mosig-training.iam.gserviceaccount.com",
            "role": "roles/storage.objectUser"
          },
          "sensitive_attributes": [],
          "private": "bnVsbA==",
          "dependencies": [
            "google_service_account.loki_gcs",
            "google_storage_bucket.loki_storage",
            "module.enable_google_apis.data.google_compute_default_service_account.default",
            "module.enable_google_apis.google_project_iam_member.project_service_identity_roles",
            "module.enable_google_apis.google_project_service.project_services",
            "module.enable_google_apis.google_project_service_identity.project_service_identities"
          ]
        }
      ]
    },
    {
      "mode": "managed",
      "type": "kubernetes_service_account",
      "name": "loki_sa",
      "provider": "provider[\"registry.terraform.io/hashicorp/kubernetes\"]",
      "instances": [
        {
          "index_key": 0,
          "schema_version": 0,
          "attributes": {
            "automount_service_account_token": true,
            "default_secret_name": "",
            "id": "monitoring/loki",
            "image_pull_secret": [],
            "metadata": [
              {
                "annotations": {
                  "iam.gke.io/gcp-service-account": "loki-gcs@mosig-training.iam.gserviceaccount.com"
                },
                "generate_name": "",
                "generation": 0,
                "labels": null,
                "name": "loki",
                "namespace": "monitoring",
                "resource_version": "14785",
                "uid": "7b874d24-827a-4770-bf17-e3eff89a6aaf"
              }
            ],
            "secret": [],
            "timeouts": {
              "create": "5m"
            }
          },
          "sensitive_attributes": [],
          "private": "eyJlMmJmYjczMC1lY2FhLTExZTYtOGY4OC0zNDM2M2JjN2M0YzAiOnsiY3JlYXRlIjozMDAwMDAwMDAwMDB9fQ==",
          "dependencies": [
            "data.google_client_config.current",
            "google_container_cluster.gke_autopilot",
            "google_container_cluster.gke_standard",
            "google_service_account.loki_gcs",
            "local_file.kubeconfig",
            "module.enable_google_apis.data.google_compute_default_service_account.default",
            "module.enable_google_apis.google_project_iam_member.project_service_identity_roles",
            "module.enable_google_apis.google_project_service.project_services",
            "module.enable_google_apis.google_project_service_identity.project_service_identities",
            "null_resource.deploy_services_using_ansible",
            "time_sleep.wait_for_cluster"
          ]
        }
      ]
    },
    {
      "mode": "managed",
      "type": "local_file",
      "name": "ansible_inventory",
      "provider": "provider[\"registry.terraform.io/hashicorp/local\"]",
      "instances": [
        {
          "schema_version": 0,
          "attributes": {
            "content": "all:\n  vars:\n    ansible_user: root\n    ansible_ssh_private_key_file: ../terraform/id_rsa\n    frontend_service_name: frontend-external\n    kubernetes_namespace: app\n\n  hosts:\n    load_generator:\n      ansible_host: 34.65.138.11\n      ansible_host_key_checking: false\n",
            "content_base64": null,
            "content_base64sha256": "DreTHYWJqbR7+sotqvlBavn7tkJIlacb6YHOEN6cMK0=",
            "content_base64sha512": "0b/LuK4Kt/7bylRFS//Vriec2rorR7Olqy6zxmwl51PTo+uPjraVczqLJXy2JmkWX9umrMZ0QBHYDeTNHW9bKA==",
            "content_md5": "6a57709537671774831a4f2fbb9ccb37",
            "content_sha1": "3113e2417e467ca50fab8b119c82059b2e597f20",
            "content_sha256": "0eb7931d8589a9b47bfaca2daaf9416af9fbb6424895a71be981ce10de9c30ad",
            "content_sha512": "d1bfcbb8ae0ab7fedbca54454bffd5ae279cdaba2b47b3a5ab2eb3c66c25e753d3a3eb8f8eb695733a8b257cb62669165fdba6acc6744011d80de4cd1d6f5b28",
            "directory_permission": "0777",
            "file_permission": "0777",
            "filename": "../ansible/inventory.yml",
            "id": "3113e2417e467ca50fab8b119c82059b2e597f20",
            "sensitive_content": null,
            "source": null
          },
          "sensitive_attributes": [
            [
              {
                "type": "get_attr",
                "value": "sensitive_content"
              }
            ]
          ],
          "dependencies": [
            "google_compute_firewall.allow_ssh_load_generator",
            "google_compute_instance.load_generator",
            "google_container_cluster.gke_autopilot",
            "google_container_cluster.gke_standard",
            "module.enable_google_apis.data.google_compute_default_service_account.default",
            "module.enable_google_apis.google_project_iam_member.project_service_identity_roles",
            "module.enable_google_apis.google_project_service.project_services",
            "module.enable_google_apis.google_project_service_identity.project_service_identities",
            "null_resource.check_connectivity"
          ]
        }
      ]
    },
    {
      "mode": "managed",
      "type": "local_file",
      "name": "kubeconfig",
      "provider": "provider[\"registry.terraform.io/hashicorp/local\"]",
      "instances": [
        {
          "schema_version": 0,
          "attributes": {
            "content": "apiVersion: v1\nkind: Config\npreferences: {}\ncurrent-context: online-boutique\n\nclusters:\n- cluster:\n    certificate-authority-data: LS0tLS1CRUdJTiBDRVJUSUZJQ0FURS0tLS0tCk1JSUVMRENDQXBTZ0F3SUJBZ0lRSXBDTlZsMXRpanNEdFRIT0F6UVc4akFOQmdrcWhraUc5dzBCQVFzRkFEQXYKTVMwd0t3WURWUVFERXlSbE1XTTJZbVU1TVMxa05ERmxMVFExTnpJdFlXUmhNUzFsWVdJeFptWXdOR0ZsTURjdwpJQmNOTWpReE1qSTRNVGd6T0RJMldoZ1BNakExTkRFeU1qRXhPVE00TWpaYU1DOHhMVEFyQmdOVkJBTVRKR1V4Cll6WmlaVGt4TFdRME1XVXRORFUzTWkxaFpHRXhMV1ZoWWpGbVpqQTBZV1V3TnpDQ0FhSXdEUVlKS29aSWh2Y04KQVFFQkJRQURnZ0dQQURDQ0FZb0NnZ0dCQU14MnR5dFNKeWxhdmNnWCs3RUdpZVBBZVQ4U1VOa2xUNVUyTTZxZwpTS25nMlZVUmFRZ1YzNTVrRnczaS81VXVra1dXZThvemtpWGNBTCtnS0NkN1I4QlFwREhhSnBXQ2NXTWY3WEUrClBUQ3ovaDZHVlhWVUp6Q1J5V0RBbk4raGhvN2dWV095NGhMblpjYzB5ZnF6VFluc2FjY2VRS3ZOaXYzMWRDeXMKNnRRbzRUNngxcllsdTBDSWRpVkRTUkczWXJrbnZGb2kzUzBOb1MrRDlaSEc2YmJ3NTVRa3N4dXRuWkJzZ0NEZgo5TGt0eE1hdUZhaHkrUFRrT3dXUytDUDd6aHdZWmZZM3R4R25OdkpKUnpzMmpWWXMwZkhORzJ6MU5IY1FXM2NZClR1UFBFdXIzTURSdWRLU1VtajhOV09pZTdhZUZEc1dTRWtGa0hNTTh0aHFNRDhJbFBhdFVNOFk3RXhNdVFEUU8KRkE0NUh5ci96dmEzZWhHL1E5WmRTMy9MYXdBV2ZONjJaVHVIK2lUT2JwdkNFdjliQVF0Y25vUFpwaFdpN3lTZwp3ZjVCQzJKMDV3UjhYQ252cTltUnJHcEkxNmc1NHlLWEZzTlV5NXdXNC9Hb3VMTlJGZHpXYVRTcE1hc3UxZW5MCmF4a2dRZGhua3pBY3NJTTg5TjZTNnIySXV3SURBUUFCbzBJd1FEQU9CZ05WSFE4QkFmOEVCQU1DQWdRd0R3WUQKVlIwVEFRSC9CQVV3QXdFQi96QWRCZ05WSFE0RUZnUVVtaXlJRFZMb3FoaG8yQ0o0ZzZQOUY5U1FTQ0F3RFFZSgpLb1pJaHZjTkFRRUxCUUFEZ2dHQkFFT2NDWlZhK08rRzZPcy84WGhrbUZoL0F4R0ZMclBLcnNJK2krT1BrVlF0CmpGbHFPN01jb1hoV3lBNzducTdGV3dLMUlCaWw3S05nbzNjeXZFaU0yRk1KRmhac2xmdTRXcmlHdEFvZ3ZiNC8KbHlTcGlIcGNuV29pdlJNVk1TalNGbk1paUhaTGVTNkNod3pIeXZrT1hiQ1ptQ1M0QUZQKzZSdUY5UFZFVThrSApRaldZL2g5RitnWmlGNHA1ano1LzdYYTVybWg3dXFQTGZMOGhYeEI1Z0xSMCtvRCtWZHdxN0dWTVNadEdHRG9nCkpSMzRTbDBXM2dDc3p5SkRpY2VCVGVXeVUwSUNaYmxnZEVreEpxaVJ3OEp5YktLd1RMb29lZXMveFVWd0xIOC8KN21ndC9xYmdlcGNQUm5yeVBJZzlkeXNLYmNMVStJSmwrVCtCWnVDNWd4Z0MwejZhYnhmYkhOS2pqQkNjMmlpawowbFBFbkh6V3hBemlaVVE2bEMwdEZydDR1THYrOXF3eEZ6WXRMK2dhNWVYc0NLNElXYzVINEZMT2syU0RIRWZaCk4yaXVTWngybjQrQ1B3c25reXViRWc4bE5oTU1BOXhmTDlnWHozVnhWRFdGZ1V1dzY1SHVRVEhqcXRCOGoyN0wKQis5VldTR09zQnFMNGxhVitjQTZTUT09Ci0tLS0tRU5EIENFUlRJRklDQVRFLS0tLS0K\n    server: https://34.65.21.76\n  name: online-boutique\n\ncontexts:\n- context:\n    cluster: online-boutique\n    user: online-boutique\n  name: online-boutique\n\nusers:\n- name: online-boutique\n  user:\n    token: ya29.c.c0ASRK0GZF8rSrYMZ8QdXtTML0CHzQh-paZd9eCNiuy8VG8MhmYLHwXJI-qViEoGeOUWccfTt7T4G8XmoETIH0o1iR3DN6IhTtzlFDQXNtoOvPYPUA8u_BrTpyEv9AfoAYyX06rsfKfpq6abxXbWzx2actcLsdHM_0-K51cUZJkHsdDvs-vQhRAZF_JC0SlVmlrybttr9txIVio-osQvvgmXxBa5k77bio425f-OW0Un5CcHVV3dK_UTk_acmPd3cPT6--bhjai8zwGEpVAO1layHvo7g0GkrVZKjJA95wNfFq__X7AkTSmmhRclBdFyx-rsQp7EerAykH1-LeX7kbz22i0i2MqE8ADo9ac4HlkUxFYQ44-ZFMgZx8N385A772nb0egnJ0-eq6lBkyvkk__jJ_jgQJV78Xq5t6QIVoF0ukO4O8-Y_zJXU3MRhQWBvYprgbs9Jwm9i2qb-IURwdnczyMl6nkly1ejaZ_txMnp056f9fiJfxV_Iml4mpowR0m8X1sd8I9tM7uaZwgf_1-uSodXRROfepeuUgXwaVcBS5mlbwVlnap0b7QditZhw6OXwf8Qim_kFadRZQJodYxv38J5iyZ85Og46Va2tRwnnf-r36xnBI3FIcl8lgo0mS710b74z_azy13WB_y6Iji9Sf6q1MYiow_dJfbvIeczIpiRqamshfq5y2VRJXOS6oSz1jqRUSwSdu9X9wSZVV7qJIaj__1FQs_X7vs7BmhnoYxs6rVY_4e7aM_i-aW1z98nec3XdyufYw1e7uYFIM6Jo27fh7jeUche-Wbj_sRpjWbudJqtZiklovQkme2W4RrRZvvXBbiMk_hrgeno1aOYwvo4nFz3l90393-wtIU-dlhVgOBdxkUYec3ebRgVh6X4_4Wo9uoxVvgIMbw_Zm0SnapvnfWks__BedMjUB3B9urze-JVhZ2o-djw2cqjXbjZegWUikuZRQzR70fufUtuJWvJ68r25M993jidxwrMMp3aZ5-QxFplX",
            "content_base64": null,
            "content_base64sha256": "8hiOUnt3EwDNXMUBFG1S/ywZ4MzTaHIF36pg1HOt+Ws=",
            "content_base64sha512": "lK0cf7k71ucPqL+ImgNSQSTG645reoYT+CAZfZgnO7mP5DLGlFRDR+Iesr9MwRSfF54XinC+hH2jkT7Jbal84g==",
            "content_md5": "17399ce7075ba9535e2233fafe22f456",
            "content_sha1": "578e21301c0bf38d003af5d052842b2ab1da06c4",
            "content_sha256": "f2188e527b771300cd5cc501146d52ff2c19e0ccd3687205dfaa60d473adf96b",
            "content_sha512": "94ad1c7fb93bd6e70fa8bf889a03524124c6eb8e6b7a8613f820197d98273bb98fe432c694544347e21eb2bf4cc1149f179e178a70be847da3913ec96da97ce2",
            "directory_permission": "0777",
            "file_permission": "0600",
            "filename": "/home/yassine/.kube/config",
            "id": "578e21301c0bf38d003af5d052842b2ab1da06c4",
            "sensitive_content": null,
            "source": null
          },
          "sensitive_attributes": [
            [
              {
                "type": "get_attr",
                "value": "content"
              }
            ],
            [
              {
                "type": "get_attr",
                "value": "sensitive_content"
              }
            ]
          ],
          "dependencies": [
            "data.google_client_config.current",
            "google_container_cluster.gke_autopilot",
            "google_container_cluster.gke_standard",
            "module.enable_google_apis.data.google_compute_default_service_account.default",
            "module.enable_google_apis.google_project_iam_member.project_service_identity_roles",
            "module.enable_google_apis.google_project_service.project_services",
            "module.enable_google_apis.google_project_service_identity.project_service_identities"
          ]
        }
      ]
    },
    {
      "mode": "managed",
      "type": "local_sensitive_file",
      "name": "private_key",
      "provider": "provider[\"registry.terraform.io/hashicorp/local\"]",
      "instances": [
        {
          "schema_version": 0,
          "attributes": {
            "content": "-----BEGIN RSA PRIVATE KEY-----\nMIIJKQIBAAKCAgEAtFyQ0c4QM1fnFWtMQxOAhWXUaatkulm3bBh7kfTEg9uzIw1d\nRankJYjVYCJUJ1+Pt/2f+uHkrTkj4odHFpnTAg/6XBRhaz6z6uVZMI4owZjATaTP\nFffXqnu2al76K79Xv39/wi1AM7xdm5RfIS/q2soJ69nGr2slxb7phsegXV64jNdE\nm+Xn3ADxjQuBtQimZVS/5l8Qqn9v7IzKrLhEFMIpKxo1joWa7KaBDHuN/MQYMSVp\nRgW4C5grREveXg+AQQDmK6jO9/WRWHZ2eIKNwCGhmgoM4vfk+WBl9wiq8NZ08x5a\nH7za5yQyA5aEYpLk452QEcLP2aMDuEBK/sRIjAvBXsvfD0NI7FbH4wbZGeSxy//D\nmd3CQYdeSuEgk/9cxw0ic6/qotBvV0GQfKMI4MitVmveogEy+l2A88FhKwhhR4Hy\nFLapERq0Zdc0bP5jxR6cr4L0gV9jUCTdNSGtKVVjSMHWLKDlzVXNAS3RYM16uWkj\n8mGZQbKPJbrT5xYTj+XFaW6nz7QTfXrZ4hhF5on3oaZ+C14kfQ6wr5ulgHto56e5\nVqxtk9UCWKzFaTHjtrRxKYgQ4IzGZ2avYKJaI+8LRiDQPGg2fB+gB+zC2xnweQUT\nIDXkeECLJpk6u/iqyJZJqI+BMEYTE07bSFQzK4kXqMmZCWrAK2R8N06tSm0CAwEA\nAQKCAgBXoNWXqbdDSsTyKiRuPm5l4XiXMneI9ofgU/DNlA9aRQa+1AJqE0XOWrHY\nuDUMwCgSa34rpU62PpnJuJH4UBot2Vd5H0nJkjhVusJfjeINVUqxLo6SjMzSfrK8\n8ZI4aQmX97k5vUSBHlaYfTjO5foD/L9fQHqAxd0fO0c4fYrTcm7Vts0VtVi2EhtJ\nvLpzG1XEy61EnxF41NurIShjTE9/imn4EA7PROhla+wtBWaR1TAvyI5iP+sQbwku\ncHIEXyGf83Dg625LGJtaUIv0tvFp1K0wKwvhxjEQXB6OLD7pLji52hhNbTMps/M8\nvQdq4RWl5OqXRoA3rDTlcw88wl7AIoI8A+bAv1OaY49UxcwRHVAfE15WM81NxqyG\nZwaYf4tmmUNcBgbUiUhiUkXmFFO90VRlCVQ8E8Opcf1xRsYWc9m+W7sVWY4tluMt\niIMpBw7MGBxnN42TCesJ/TXqoe12MrUKnhOjY7Nxw8tG7AjEy48/fBZ3nKrDc08T\nmp0bZRvvineVvxAKB9/sS5xdey7GvzNB9i7+W+oVSa500syAnx3VBNQzqN2MGDz0\no0BLSbGbtzhZ24k3DAWZ44zXOk+GVJyLGP/OR6tUBIagFAJ34Bm6xHllh05EFp7O\nsGj6WBw7uvT5XO9Iu8kGIZEaGwpb1Pt8M2FdhRn6oaqO504QwQKCAQEA6TTH3QmT\nQx8YVEQZ31xvBKi+adkBlBOfkZkk/AqNzoVop8f3Huw+Ya+625teZZHisO21M3vg\nNmP7EGbOJR9DE7rkpvPJYIAcA2+93yyWE3B3jrrDPa7VaQTyvEBTss06uAvDxsVK\nSejFS8k2Q0KqwqgM7Q7sBWj8kPd+aa/vd29f9v4HF/UNwrGoAL59rkSHLPSA/aDs\nVCCn2XhElYCnXhVMT45gBYJ8szuxWPTJo5oNFtcucTORl8+1JbVuqb45i5jIvR5P\nI/tQlO0Z70gi0l4xib0m5nN39ZzhRxCuYatyCBPDLRf7fZd6B4gGVY2yDxmsIw8l\nJWbyaaQCpnjdUQKCAQEAxf2FxD151EdODg/5xVIMZYt7ZjpnIWXf4Dh7AFdquq3R\nL1l2lODRHaBEL8xzAOKfRu7tA9vNnnZa61AqSbNImri3LsIM4IoSHVUJxPBwXdGM\n0CROX9iKboyUSY4lBrVZ/J0DoALwaj7Tm9O1Pv7Ye5dGNr75xsmGzxkpafIxHqJ6\nQDLJwFY9vBPinjWHhSd5cfK9qQJC7iD9+vkXY/GCeJm43J285HqB3S3CSJ+2QK/f\nAqOUc8YHML5WRH3yZWIs8SsdDOeRLmG3U1SoCZlmtbCRGAqI9mSA/0J0YISsXry8\niF4scTUR3XYC+6zsA6z4AanpZVy9eXGBX9lRk+2kXQKCAQEA57ul+vP/3IvynhGJ\n8BUm0Gdpxz53PhB92K1oPfey0AxrYYXn/1db6bA4qu5pz942d//NtlobA5E4MyUl\nJWg6PEnT2j6X1geXTqbj8veYLbrtYuwdBJdNw2zCU+RMB3m+JpKyOTtkxarDGrrX\n6+A8VO+u4IWabQnVJ6x3dkf4WiNXJdVpcRn2UYg93Hdt5hR8imRwJRean0JP6F6F\nMFZGecwKJ2ff7LmsdmITqcSc9bAn35F1udE3lLY2WEFAtPWssxXgK2UJ2URq34H3\n6nkw+P/Wk/tcw1TsWClLBlYCIlW+G16f7JhPNI6oGQHG4Y7K6Axnq/Lpw4/XxLfQ\nVmH18QKCAQEAkhhD541RY4GGKDxDmwWzHg7xbHq19N/+da5XnOXkXIG79Mt4A91s\nkQbcqcScK9ANpcLR4+ICdOZyqmaJ/b4sWfbpPLh11g4r1bcVMVwWHjRtSn0v0+uu\nImrbVPdtfOi+0PdvYFgq3MslTDvI5wYX6gKzDdyX5MZ6EkFH3OSYuDk+KjcPxjwc\n67Zkp0dqi6eYJqvupVKE3sA7iUDasKXaF3GfBjPi2VlIkFOepAYt7seXsJPSDCfY\n0G/yqjGhdoweC4s7sXUCHQ5/vx6drA+kyXbTacEEVYPN6A06YKolovZzy9BpzNNT\nLm5RPzLXKNMuYdPl5CStr3pA8+AhIR3fBQKCAQBRmQQnWSoCYiNAf9N63tW3UN2x\nBr2ejAJgC8A5wOEMo9dyhM2RZ8r94BCtn83AS4ot4pHEAeSKKKcs6ZuaYTIyicd4\njSi2tG9+mgycr0vtJ9VE8AgkDJ+x/7aCHIb7SBL+IsRY12l/jt8M9SDR2SqdNpiv\n3mtKCiTCUhHV7p/xQ6ePCqpRb867dl8wVC7TsaADORc4i6W2H6SIgrwsOCGNzGFB\n+KnygruZRFFW5ic1yE4CHHqkUNq8j466Q31vZNMsrg+sFMxRuM7M15k1pyiluSFF\n3AZUOnEjE9RVH42/2oO1/vUiekXobSF8F/71sPwBDmybqMn+UsA4+VxjRlWO\n-----END RSA PRIVATE KEY-----\n",
            "content_base64": null,
            "content_base64sha256": "BzbimXDsquLwpqV/ZTbpJdLXCyPsF6+32LtePJ15WjI=",
            "content_base64sha512": "4iNPpOPNnYFdQ4zT8z0Cqx5b6vDVHsAigMinV3gDryLO2DaBDN1VqP8Kl20OVMZRfNOSNSSZHLfs3fj7wRMBOw==",
            "content_md5": "cab0a6eea1b6995f1c39d265685a73b1",
            "content_sha1": "45a4b264359d6ed24622cb2943276c80643eee6b",
            "content_sha256": "0736e29970ecaae2f0a6a57f6536e925d2d70b23ec17afb7d8bb5e3c9d795a32",
            "content_sha512": "e2234fa4e3cd9d815d438cd3f33d02ab1e5beaf0d51ec02280c8a7577803af22ced836810cdd55a8ff0a976d0e54c6517cd3923524991cb7ecddf8fbc113013b",
            "directory_permission": "0700",
            "file_permission": "0600",
            "filename": "./id_rsa",
            "id": "45a4b264359d6ed24622cb2943276c80643eee6b",
            "source": null
          },
          "sensitive_attributes": [
            [
              {
                "type": "get_attr",
                "value": "content"
              }
            ],
            [
              {
                "type": "get_attr",
                "value": "content_base64"
              }
            ]
          ],
          "dependencies": [
            "tls_private_key.ssh"
          ]
        }
      ]
    },
    {
      "mode": "managed",
      "type": "null_resource",
      "name": "check_connectivity",
      "provider": "provider[\"registry.terraform.io/hashicorp/null\"]",
      "instances": [
        {
          "schema_version": 0,
          "attributes": {
            "id": "5343584101579872844",
            "triggers": {
              "firewall_id": "projects/mosig-training/global/firewalls/online-boutique-allow-ssh-load-generator",
              "instance_id": "projects/mosig-training/zones/europe-west6-b/instances/online-boutique-load-generator"
            }
          },
          "sensitive_attributes": [],
          "dependencies": [
            "google_compute_firewall.allow_ssh_load_generator",
            "google_compute_instance.load_generator",
            "google_container_cluster.gke_autopilot",
            "google_container_cluster.gke_standard",
            "module.enable_google_apis.data.google_compute_default_service_account.default",
            "module.enable_google_apis.google_project_iam_member.project_service_identity_roles",
            "module.enable_google_apis.google_project_service.project_services",
            "module.enable_google_apis.google_project_service_identity.project_service_identities"
          ]
        }
      ]
    },
    {
      "mode": "managed",
      "type": "null_resource",
      "name": "deploy_load_generator",
      "provider": "provider[\"registry.terraform.io/hashicorp/null\"]",
      "instances": [
        {
          "status": "tainted",
          "schema_version": 0,
          "attributes": {
            "id": "113611686806686552",
            "triggers": {
              "instance_id": "projects/mosig-training/zones/europe-west6-b/instances/online-boutique-load-generator"
            }
          },
          "sensitive_attributes": [],
          "dependencies": [
            "data.google_client_config.current",
            "google_compute_firewall.allow_ssh_load_generator",
            "google_compute_instance.load_generator",
            "google_container_cluster.gke_autopilot",
            "google_container_cluster.gke_standard",
            "local_file.ansible_inventory",
            "local_file.kubeconfig",
            "module.enable_google_apis.data.google_compute_default_service_account.default",
            "module.enable_google_apis.google_project_iam_member.project_service_identity_roles",
            "module.enable_google_apis.google_project_service.project_services",
            "module.enable_google_apis.google_project_service_identity.project_service_identities",
            "null_resource.check_connectivity",
            "null_resource.deploy_services_using_ansible",
            "null_resource.install_tools_load_generator"
          ]
        }
      ]
    },
    {
      "mode": "managed",
      "type": "null_resource",
      "name": "deploy_services_using_ansible",
      "provider": "provider[\"registry.terraform.io/hashicorp/null\"]",
      "instances": [
        {
          "schema_version": 0,
          "attributes": {
            "id": "6091647044382234137",
            "triggers": null
          },
          "sensitive_attributes": [],
          "dependencies": [
            "data.google_client_config.current",
            "google_container_cluster.gke_autopilot",
            "google_container_cluster.gke_standard",
            "local_file.kubeconfig",
            "module.enable_google_apis.data.google_compute_default_service_account.default",
            "module.enable_google_apis.google_project_iam_member.project_service_identity_roles",
            "module.enable_google_apis.google_project_service.project_services",
            "module.enable_google_apis.google_project_service_identity.project_service_identities"
          ]
        }
      ]
    },
    {
      "mode": "managed",
      "type": "null_resource",
      "name": "install_tools_load_generator",
      "provider": "provider[\"registry.terraform.io/hashicorp/null\"]",
      "instances": [
        {
          "schema_version": 0,
          "attributes": {
            "id": "1988433973016128881",
            "triggers": {
              "instance_id": "projects/mosig-training/zones/europe-west6-b/instances/online-boutique-load-generator"
            }
          },
          "sensitive_attributes": [],
          "dependencies": [
            "google_compute_firewall.allow_ssh_load_generator",
            "google_compute_instance.load_generator",
            "google_container_cluster.gke_autopilot",
            "google_container_cluster.gke_standard",
            "local_file.ansible_inventory",
            "module.enable_google_apis.data.google_compute_default_service_account.default",
            "module.enable_google_apis.google_project_iam_member.project_service_identity_roles",
            "module.enable_google_apis.google_project_service.project_services",
            "module.enable_google_apis.google_project_service_identity.project_service_identities",
            "null_resource.check_connectivity"
          ]
        }
      ]
    },
    {
      "mode": "managed",
      "type": "time_sleep",
      "name": "wait_for_cluster",
      "provider": "provider[\"registry.terraform.io/hashicorp/time\"]",
      "instances": [
        {
          "index_key": 0,
          "schema_version": 0,
          "attributes": {
            "create_duration": "60s",
            "destroy_duration": null,
            "id": "2024-12-28T19:49:44Z",
            "triggers": null
          },
          "sensitive_attributes": [],
          "dependencies": [
            "data.google_client_config.current",
            "google_container_cluster.gke_autopilot",
            "google_container_cluster.gke_standard",
            "local_file.kubeconfig",
            "module.enable_google_apis.data.google_compute_default_service_account.default",
            "module.enable_google_apis.google_project_iam_member.project_service_identity_roles",
            "module.enable_google_apis.google_project_service.project_services",
            "module.enable_google_apis.google_project_service_identity.project_service_identities"
          ]
        }
      ]
    },
    {
      "mode": "managed",
      "type": "tls_private_key",
      "name": "ssh",
      "provider": "provider[\"registry.terraform.io/hashicorp/tls\"]",
      "instances": [
        {
          "schema_version": 1,
          "attributes": {
            "algorithm": "RSA",
            "ecdsa_curve": "P224",
            "id": "57ec4b7910ca22d08a05346e0bc1b55ca4bc3f9c",
            "private_key_openssh": "-----BEGIN OPENSSH PRIVATE KEY-----\nb3BlbnNzaC1rZXktdjEAAAAABG5vbmUAAAAEbm9uZQAAAAAAAAABAAACFwAAAAdz\nc2gtcnNhAAAAAwEAAQAAAgEAtFyQ0c4QM1fnFWtMQxOAhWXUaatkulm3bBh7kfTE\ng9uzIw1dRankJYjVYCJUJ1+Pt/2f+uHkrTkj4odHFpnTAg/6XBRhaz6z6uVZMI4o\nwZjATaTPFffXqnu2al76K79Xv39/wi1AM7xdm5RfIS/q2soJ69nGr2slxb7phseg\nXV64jNdEm+Xn3ADxjQuBtQimZVS/5l8Qqn9v7IzKrLhEFMIpKxo1joWa7KaBDHuN\n/MQYMSVpRgW4C5grREveXg+AQQDmK6jO9/WRWHZ2eIKNwCGhmgoM4vfk+WBl9wiq\n8NZ08x5aH7za5yQyA5aEYpLk452QEcLP2aMDuEBK/sRIjAvBXsvfD0NI7FbH4wbZ\nGeSxy//Dmd3CQYdeSuEgk/9cxw0ic6/qotBvV0GQfKMI4MitVmveogEy+l2A88Fh\nKwhhR4HyFLapERq0Zdc0bP5jxR6cr4L0gV9jUCTdNSGtKVVjSMHWLKDlzVXNAS3R\nYM16uWkj8mGZQbKPJbrT5xYTj+XFaW6nz7QTfXrZ4hhF5on3oaZ+C14kfQ6wr5ul\ngHto56e5Vqxtk9UCWKzFaTHjtrRxKYgQ4IzGZ2avYKJaI+8LRiDQPGg2fB+gB+zC\n2xnweQUTIDXkeECLJpk6u/iqyJZJqI+BMEYTE07bSFQzK4kXqMmZCWrAK2R8N06t\nSm0AAAc42S8jN9kvIzcAAAAHc3NoLXJzYQAAAgEAtFyQ0c4QM1fnFWtMQxOAhWXU\naatkulm3bBh7kfTEg9uzIw1dRankJYjVYCJUJ1+Pt/2f+uHkrTkj4odHFpnTAg/6\nXBRhaz6z6uVZMI4owZjATaTPFffXqnu2al76K79Xv39/wi1AM7xdm5RfIS/q2soJ\n69nGr2slxb7phsegXV64jNdEm+Xn3ADxjQuBtQimZVS/5l8Qqn9v7IzKrLhEFMIp\nKxo1joWa7KaBDHuN/MQYMSVpRgW4C5grREveXg+AQQDmK6jO9/WRWHZ2eIKNwCGh\nmgoM4vfk+WBl9wiq8NZ08x5aH7za5yQyA5aEYpLk452QEcLP2aMDuEBK/sRIjAvB\nXsvfD0NI7FbH4wbZGeSxy//Dmd3CQYdeSuEgk/9cxw0ic6/qotBvV0GQfKMI4Mit\nVmveogEy+l2A88FhKwhhR4HyFLapERq0Zdc0bP5jxR6cr4L0gV9jUCTdNSGtKVVj\nSMHWLKDlzVXNAS3RYM16uWkj8mGZQbKPJbrT5xYTj+XFaW6nz7QTfXrZ4hhF5on3\noaZ+C14kfQ6wr5ulgHto56e5Vqxtk9UCWKzFaTHjtrRxKYgQ4IzGZ2avYKJaI+8L\nRiDQPGg2fB+gB+zC2xnweQUTIDXkeECLJpk6u/iqyJZJqI+BMEYTE07bSFQzK4kX\nqMmZCWrAK2R8N06tSm0AAAADAQABAAACAFeg1Zept0NKxPIqJG4+bmXheJcyd4j2\nh+BT8M2UD1pFBr7UAmoTRc5asdi4NQzAKBJrfiulTrY+mcm4kfhQGi3ZV3kfScmS\nOFW6wl+N4g1VSrEujpKMzNJ+srzxkjhpCZf3uTm9RIEeVph9OM7l+gP8v19AeoDF\n3R87Rzh9itNybtW2zRW1WLYSG0m8unMbVcTLrUSfEXjU26shKGNMT3+KafgQDs9E\n6GVr7C0FZpHVMC/IjmI/6xBvCS5wcgRfIZ/zcODrbksYm1pQi/S28WnUrTArC+HG\nMRBcHo4sPukuOLnaGE1tMymz8zy9B2rhFaXk6pdGgDesNOVzDzzCXsAigjwD5sC/\nU5pjj1TFzBEdUB8TXlYzzU3GrIZnBph/i2aZQ1wGBtSJSGJSReYUU73RVGUJVDwT\nw6lx/XFGxhZz2b5buxVZji2W4y2IgykHDswYHGc3jZMJ6wn9Neqh7XYytQqeE6Nj\ns3HDy0bsCMTLjz98FnecqsNzTxOanRtlG++Kd5W/EAoH3+xLnF17Lsa/M0H2Lv5b\n6hVJrnTSzICfHdUE1DOo3YwYPPSjQEtJsZu3OFnbiTcMBZnjjNc6T4ZUnIsY/85H\nq1QEhqAUAnfgGbrEeWWHTkQWns6waPpYHDu69Plc70i7yQYhkRobClvU+3wzYV2F\nGfqhqo7nThDBAAABAFGZBCdZKgJiI0B/03re1bdQ3bEGvZ6MAmALwDnA4Qyj13KE\nzZFnyv3gEK2fzcBLii3ikcQB5Ioopyzpm5phMjKJx3iNKLa0b36aDJyvS+0n1UTw\nCCQMn7H/toIchvtIEv4ixFjXaX+O3wz1INHZKp02mK/ea0oKJMJSEdXun/FDp48K\nqlFvzrt2XzBULtOxoAM5FziLpbYfpIiCvCw4IY3MYUH4qfKCu5lEUVbmJzXITgIc\neqRQ2ryPjrpDfW9k0yyuD6wUzFG4zszXmTWnKKW5IUXcBlQ6cSMT1FUfjb/ag7X+\n9SJ6RehtIXwX/vWw/AEObJuoyf5SwDj5XGNGVY4AAAEBAOk0x90Jk0MfGFREGd9c\nbwSovmnZAZQTn5GZJPwKjc6FaKfH9x7sPmGvutubXmWR4rDttTN74DZj+xBmziUf\nQxO65KbzyWCAHANvvd8slhNwd466wz2u1WkE8rxAU7LNOrgLw8bFSknoxUvJNkNC\nqsKoDO0O7AVo/JD3fmmv73dvX/b+Bxf1DcKxqAC+fa5Ehyz0gP2g7FQgp9l4RJWA\np14VTE+OYAWCfLM7sVj0yaOaDRbXLnEzkZfPtSW1bqm+OYuYyL0eTyP7UJTtGe9I\nItJeMYm9JuZzd/Wc4UcQrmGrcggTwy0X+32XegeIBlWNsg8ZrCMPJSVm8mmkAqZ4\n3VEAAAEBAMX9hcQ9edRHTg4P+cVSDGWLe2Y6ZyFl3+A4ewBXarqt0S9ZdpTg0R2g\nRC/McwDin0bu7QPbzZ52WutQKkmzSJq4ty7CDOCKEh1VCcTwcF3RjNAkTl/Yim6M\nlEmOJQa1WfydA6AC8Go+05vTtT7+2HuXRja++cbJhs8ZKWnyMR6iekAyycBWPbwT\n4p41h4UneXHyvakCQu4g/fr5F2PxgniZuNydvOR6gd0twkiftkCv3wKjlHPGBzC+\nVkR98mViLPErHQznkS5ht1NUqAmZZrWwkRgKiPZkgP9CdGCErF68vIheLHE1Ed12\nAvus7AOs+AGp6WVcvXlxgV/ZUZPtpF0AAAAAAQID\n-----END OPENSSH PRIVATE KEY-----\n",
            "private_key_pem": "-----BEGIN RSA PRIVATE KEY-----\nMIIJKQIBAAKCAgEAtFyQ0c4QM1fnFWtMQxOAhWXUaatkulm3bBh7kfTEg9uzIw1d\nRankJYjVYCJUJ1+Pt/2f+uHkrTkj4odHFpnTAg/6XBRhaz6z6uVZMI4owZjATaTP\nFffXqnu2al76K79Xv39/wi1AM7xdm5RfIS/q2soJ69nGr2slxb7phsegXV64jNdE\nm+Xn3ADxjQuBtQimZVS/5l8Qqn9v7IzKrLhEFMIpKxo1joWa7KaBDHuN/MQYMSVp\nRgW4C5grREveXg+AQQDmK6jO9/WRWHZ2eIKNwCGhmgoM4vfk+WBl9wiq8NZ08x5a\nH7za5yQyA5aEYpLk452QEcLP2aMDuEBK/sRIjAvBXsvfD0NI7FbH4wbZGeSxy//D\nmd3CQYdeSuEgk/9cxw0ic6/qotBvV0GQfKMI4MitVmveogEy+l2A88FhKwhhR4Hy\nFLapERq0Zdc0bP5jxR6cr4L0gV9jUCTdNSGtKVVjSMHWLKDlzVXNAS3RYM16uWkj\n8mGZQbKPJbrT5xYTj+XFaW6nz7QTfXrZ4hhF5on3oaZ+C14kfQ6wr5ulgHto56e5\nVqxtk9UCWKzFaTHjtrRxKYgQ4IzGZ2avYKJaI+8LRiDQPGg2fB+gB+zC2xnweQUT\nIDXkeECLJpk6u/iqyJZJqI+BMEYTE07bSFQzK4kXqMmZCWrAK2R8N06tSm0CAwEA\nAQKCAgBXoNWXqbdDSsTyKiRuPm5l4XiXMneI9ofgU/DNlA9aRQa+1AJqE0XOWrHY\nuDUMwCgSa34rpU62PpnJuJH4UBot2Vd5H0nJkjhVusJfjeINVUqxLo6SjMzSfrK8\n8ZI4aQmX97k5vUSBHlaYfTjO5foD/L9fQHqAxd0fO0c4fYrTcm7Vts0VtVi2EhtJ\nvLpzG1XEy61EnxF41NurIShjTE9/imn4EA7PROhla+wtBWaR1TAvyI5iP+sQbwku\ncHIEXyGf83Dg625LGJtaUIv0tvFp1K0wKwvhxjEQXB6OLD7pLji52hhNbTMps/M8\nvQdq4RWl5OqXRoA3rDTlcw88wl7AIoI8A+bAv1OaY49UxcwRHVAfE15WM81NxqyG\nZwaYf4tmmUNcBgbUiUhiUkXmFFO90VRlCVQ8E8Opcf1xRsYWc9m+W7sVWY4tluMt\niIMpBw7MGBxnN42TCesJ/TXqoe12MrUKnhOjY7Nxw8tG7AjEy48/fBZ3nKrDc08T\nmp0bZRvvineVvxAKB9/sS5xdey7GvzNB9i7+W+oVSa500syAnx3VBNQzqN2MGDz0\no0BLSbGbtzhZ24k3DAWZ44zXOk+GVJyLGP/OR6tUBIagFAJ34Bm6xHllh05EFp7O\nsGj6WBw7uvT5XO9Iu8kGIZEaGwpb1Pt8M2FdhRn6oaqO504QwQKCAQEA6TTH3QmT\nQx8YVEQZ31xvBKi+adkBlBOfkZkk/AqNzoVop8f3Huw+Ya+625teZZHisO21M3vg\nNmP7EGbOJR9DE7rkpvPJYIAcA2+93yyWE3B3jrrDPa7VaQTyvEBTss06uAvDxsVK\nSejFS8k2Q0KqwqgM7Q7sBWj8kPd+aa/vd29f9v4HF/UNwrGoAL59rkSHLPSA/aDs\nVCCn2XhElYCnXhVMT45gBYJ8szuxWPTJo5oNFtcucTORl8+1JbVuqb45i5jIvR5P\nI/tQlO0Z70gi0l4xib0m5nN39ZzhRxCuYatyCBPDLRf7fZd6B4gGVY2yDxmsIw8l\nJWbyaaQCpnjdUQKCAQEAxf2FxD151EdODg/5xVIMZYt7ZjpnIWXf4Dh7AFdquq3R\nL1l2lODRHaBEL8xzAOKfRu7tA9vNnnZa61AqSbNImri3LsIM4IoSHVUJxPBwXdGM\n0CROX9iKboyUSY4lBrVZ/J0DoALwaj7Tm9O1Pv7Ye5dGNr75xsmGzxkpafIxHqJ6\nQDLJwFY9vBPinjWHhSd5cfK9qQJC7iD9+vkXY/GCeJm43J285HqB3S3CSJ+2QK/f\nAqOUc8YHML5WRH3yZWIs8SsdDOeRLmG3U1SoCZlmtbCRGAqI9mSA/0J0YISsXry8\niF4scTUR3XYC+6zsA6z4AanpZVy9eXGBX9lRk+2kXQKCAQEA57ul+vP/3IvynhGJ\n8BUm0Gdpxz53PhB92K1oPfey0AxrYYXn/1db6bA4qu5pz942d//NtlobA5E4MyUl\nJWg6PEnT2j6X1geXTqbj8veYLbrtYuwdBJdNw2zCU+RMB3m+JpKyOTtkxarDGrrX\n6+A8VO+u4IWabQnVJ6x3dkf4WiNXJdVpcRn2UYg93Hdt5hR8imRwJRean0JP6F6F\nMFZGecwKJ2ff7LmsdmITqcSc9bAn35F1udE3lLY2WEFAtPWssxXgK2UJ2URq34H3\n6nkw+P/Wk/tcw1TsWClLBlYCIlW+G16f7JhPNI6oGQHG4Y7K6Axnq/Lpw4/XxLfQ\nVmH18QKCAQEAkhhD541RY4GGKDxDmwWzHg7xbHq19N/+da5XnOXkXIG79Mt4A91s\nkQbcqcScK9ANpcLR4+ICdOZyqmaJ/b4sWfbpPLh11g4r1bcVMVwWHjRtSn0v0+uu\nImrbVPdtfOi+0PdvYFgq3MslTDvI5wYX6gKzDdyX5MZ6EkFH3OSYuDk+KjcPxjwc\n67Zkp0dqi6eYJqvupVKE3sA7iUDasKXaF3GfBjPi2VlIkFOepAYt7seXsJPSDCfY\n0G/yqjGhdoweC4s7sXUCHQ5/vx6drA+kyXbTacEEVYPN6A06YKolovZzy9BpzNNT\nLm5RPzLXKNMuYdPl5CStr3pA8+AhIR3fBQKCAQBRmQQnWSoCYiNAf9N63tW3UN2x\nBr2ejAJgC8A5wOEMo9dyhM2RZ8r94BCtn83AS4ot4pHEAeSKKKcs6ZuaYTIyicd4\njSi2tG9+mgycr0vtJ9VE8AgkDJ+x/7aCHIb7SBL+IsRY12l/jt8M9SDR2SqdNpiv\n3mtKCiTCUhHV7p/xQ6ePCqpRb867dl8wVC7TsaADORc4i6W2H6SIgrwsOCGNzGFB\n+KnygruZRFFW5ic1yE4CHHqkUNq8j466Q31vZNMsrg+sFMxRuM7M15k1pyiluSFF\n3AZUOnEjE9RVH42/2oO1/vUiekXobSF8F/71sPwBDmybqMn+UsA4+VxjRlWO\n-----END RSA PRIVATE KEY-----\n",
            "private_key_pem_pkcs8": "-----BEGIN PRIVATE KEY-----\nMIIJQwIBADANBgkqhkiG9w0BAQEFAASCCS0wggkpAgEAAoICAQC0XJDRzhAzV+cV\na0xDE4CFZdRpq2S6WbdsGHuR9MSD27MjDV1FqeQliNVgIlQnX4+3/Z/64eStOSPi\nh0cWmdMCD/pcFGFrPrPq5VkwjijBmMBNpM8V99eqe7ZqXvorv1e/f3/CLUAzvF2b\nlF8hL+raygnr2cavayXFvumGx6BdXriM10Sb5efcAPGNC4G1CKZlVL/mXxCqf2/s\njMqsuEQUwikrGjWOhZrspoEMe438xBgxJWlGBbgLmCtES95eD4BBAOYrqM739ZFY\ndnZ4go3AIaGaCgzi9+T5YGX3CKrw1nTzHlofvNrnJDIDloRikuTjnZARws/ZowO4\nQEr+xEiMC8Fey98PQ0jsVsfjBtkZ5LHL/8OZ3cJBh15K4SCT/1zHDSJzr+qi0G9X\nQZB8owjgyK1Wa96iATL6XYDzwWErCGFHgfIUtqkRGrRl1zRs/mPFHpyvgvSBX2NQ\nJN01Ia0pVWNIwdYsoOXNVc0BLdFgzXq5aSPyYZlBso8lutPnFhOP5cVpbqfPtBN9\netniGEXmifehpn4LXiR9DrCvm6WAe2jnp7lWrG2T1QJYrMVpMeO2tHEpiBDgjMZn\nZq9goloj7wtGINA8aDZ8H6AH7MLbGfB5BRMgNeR4QIsmmTq7+KrIlkmoj4EwRhMT\nTttIVDMriReoyZkJasArZHw3Tq1KbQIDAQABAoICAFeg1Zept0NKxPIqJG4+bmXh\neJcyd4j2h+BT8M2UD1pFBr7UAmoTRc5asdi4NQzAKBJrfiulTrY+mcm4kfhQGi3Z\nV3kfScmSOFW6wl+N4g1VSrEujpKMzNJ+srzxkjhpCZf3uTm9RIEeVph9OM7l+gP8\nv19AeoDF3R87Rzh9itNybtW2zRW1WLYSG0m8unMbVcTLrUSfEXjU26shKGNMT3+K\nafgQDs9E6GVr7C0FZpHVMC/IjmI/6xBvCS5wcgRfIZ/zcODrbksYm1pQi/S28WnU\nrTArC+HGMRBcHo4sPukuOLnaGE1tMymz8zy9B2rhFaXk6pdGgDesNOVzDzzCXsAi\ngjwD5sC/U5pjj1TFzBEdUB8TXlYzzU3GrIZnBph/i2aZQ1wGBtSJSGJSReYUU73R\nVGUJVDwTw6lx/XFGxhZz2b5buxVZji2W4y2IgykHDswYHGc3jZMJ6wn9Neqh7XYy\ntQqeE6Njs3HDy0bsCMTLjz98FnecqsNzTxOanRtlG++Kd5W/EAoH3+xLnF17Lsa/\nM0H2Lv5b6hVJrnTSzICfHdUE1DOo3YwYPPSjQEtJsZu3OFnbiTcMBZnjjNc6T4ZU\nnIsY/85Hq1QEhqAUAnfgGbrEeWWHTkQWns6waPpYHDu69Plc70i7yQYhkRobClvU\n+3wzYV2FGfqhqo7nThDBAoIBAQDpNMfdCZNDHxhURBnfXG8EqL5p2QGUE5+RmST8\nCo3OhWinx/ce7D5hr7rbm15lkeKw7bUze+A2Y/sQZs4lH0MTuuSm88lggBwDb73f\nLJYTcHeOusM9rtVpBPK8QFOyzTq4C8PGxUpJ6MVLyTZDQqrCqAztDuwFaPyQ935p\nr+93b1/2/gcX9Q3CsagAvn2uRIcs9ID9oOxUIKfZeESVgKdeFUxPjmAFgnyzO7FY\n9Mmjmg0W1y5xM5GXz7UltW6pvjmLmMi9Hk8j+1CU7RnvSCLSXjGJvSbmc3f1nOFH\nEK5hq3IIE8MtF/t9l3oHiAZVjbIPGawjDyUlZvJppAKmeN1RAoIBAQDF/YXEPXnU\nR04OD/nFUgxli3tmOmchZd/gOHsAV2q6rdEvWXaU4NEdoEQvzHMA4p9G7u0D282e\ndlrrUCpJs0iauLcuwgzgihIdVQnE8HBd0YzQJE5f2IpujJRJjiUGtVn8nQOgAvBq\nPtOb07U+/th7l0Y2vvnGyYbPGSlp8jEeonpAMsnAVj28E+KeNYeFJ3lx8r2pAkLu\nIP36+Rdj8YJ4mbjcnbzkeoHdLcJIn7ZAr98Co5RzxgcwvlZEffJlYizxKx0M55Eu\nYbdTVKgJmWa1sJEYCoj2ZID/QnRghKxevLyIXixxNRHddgL7rOwDrPgBqellXL15\ncYFf2VGT7aRdAoIBAQDnu6X68//ci/KeEYnwFSbQZ2nHPnc+EH3YrWg997LQDGth\nhef/V1vpsDiq7mnP3jZ3/822WhsDkTgzJSUlaDo8SdPaPpfWB5dOpuPy95gtuu1i\n7B0El03DbMJT5EwHeb4mkrI5O2TFqsMautfr4DxU767ghZptCdUnrHd2R/haI1cl\n1WlxGfZRiD3cd23mFHyKZHAlF5qfQk/oXoUwVkZ5zAonZ9/suax2YhOpxJz1sCff\nkXW50TeUtjZYQUC09ayzFeArZQnZRGrfgffqeTD4/9aT+1zDVOxYKUsGVgIiVb4b\nXp/smE80jqgZAcbhjsroDGer8unDj9fEt9BWYfXxAoIBAQCSGEPnjVFjgYYoPEOb\nBbMeDvFserX03/51rlec5eRcgbv0y3gD3WyRBtypxJwr0A2lwtHj4gJ05nKqZon9\nvixZ9uk8uHXWDivVtxUxXBYeNG1KfS/T664iattU92186L7Q929gWCrcyyVMO8jn\nBhfqArMN3JfkxnoSQUfc5Ji4OT4qNw/GPBzrtmSnR2qLp5gmq+6lUoTewDuJQNqw\npdoXcZ8GM+LZWUiQU56kBi3ux5ewk9IMJ9jQb/KqMaF2jB4LizuxdQIdDn+/Hp2s\nD6TJdtNpwQRVg83oDTpgqiWi9nPL0GnM01MublE/Mtco0y5h0+XkJK2vekDz4CEh\nHd8FAoIBAFGZBCdZKgJiI0B/03re1bdQ3bEGvZ6MAmALwDnA4Qyj13KEzZFnyv3g\nEK2fzcBLii3ikcQB5Ioopyzpm5phMjKJx3iNKLa0b36aDJyvS+0n1UTwCCQMn7H/\ntoIchvtIEv4ixFjXaX+O3wz1INHZKp02mK/ea0oKJMJSEdXun/FDp48KqlFvzrt2\nXzBULtOxoAM5FziLpbYfpIiCvCw4IY3MYUH4qfKCu5lEUVbmJzXITgIceqRQ2ryP\njrpDfW9k0yyuD6wUzFG4zszXmTWnKKW5IUXcBlQ6cSMT1FUfjb/ag7X+9SJ6Reht\nIXwX/vWw/AEObJuoyf5SwDj5XGNGVY4=\n-----END PRIVATE KEY-----\n",
            "public_key_fingerprint_md5": "69:bc:77:67:25:00:83:9f:66:69:b0:e5:52:b2:88:82",
            "public_key_fingerprint_sha256": "SHA256:jM6EOHWvsCQChYaJhAHsRu/LW3Ec+eiGMPGabP5zbug",
            "public_key_openssh": "ssh-rsa AAAAB3NzaC1yc2EAAAADAQABAAACAQC0XJDRzhAzV+cVa0xDE4CFZdRpq2S6WbdsGHuR9MSD27MjDV1FqeQliNVgIlQnX4+3/Z/64eStOSPih0cWmdMCD/pcFGFrPrPq5VkwjijBmMBNpM8V99eqe7ZqXvorv1e/f3/CLUAzvF2blF8hL+raygnr2cavayXFvumGx6BdXriM10Sb5efcAPGNC4G1CKZlVL/mXxCqf2/sjMqsuEQUwikrGjWOhZrspoEMe438xBgxJWlGBbgLmCtES95eD4BBAOYrqM739ZFYdnZ4go3AIaGaCgzi9+T5YGX3CKrw1nTzHlofvNrnJDIDloRikuTjnZARws/ZowO4QEr+xEiMC8Fey98PQ0jsVsfjBtkZ5LHL/8OZ3cJBh15K4SCT/1zHDSJzr+qi0G9XQZB8owjgyK1Wa96iATL6XYDzwWErCGFHgfIUtqkRGrRl1zRs/mPFHpyvgvSBX2NQJN01Ia0pVWNIwdYsoOXNVc0BLdFgzXq5aSPyYZlBso8lutPnFhOP5cVpbqfPtBN9etniGEXmifehpn4LXiR9DrCvm6WAe2jnp7lWrG2T1QJYrMVpMeO2tHEpiBDgjMZnZq9goloj7wtGINA8aDZ8H6AH7MLbGfB5BRMgNeR4QIsmmTq7+KrIlkmoj4EwRhMTTttIVDMriReoyZkJasArZHw3Tq1KbQ==\n",
            "public_key_pem": "-----BEGIN PUBLIC KEY-----\nMIICIjANBgkqhkiG9w0BAQEFAAOCAg8AMIICCgKCAgEAtFyQ0c4QM1fnFWtMQxOA\nhWXUaatkulm3bBh7kfTEg9uzIw1dRankJYjVYCJUJ1+Pt/2f+uHkrTkj4odHFpnT\nAg/6XBRhaz6z6uVZMI4owZjATaTPFffXqnu2al76K79Xv39/wi1AM7xdm5RfIS/q\n2soJ69nGr2slxb7phsegXV64jNdEm+Xn3ADxjQuBtQimZVS/5l8Qqn9v7IzKrLhE\nFMIpKxo1joWa7KaBDHuN/MQYMSVpRgW4C5grREveXg+AQQDmK6jO9/WRWHZ2eIKN\nwCGhmgoM4vfk+WBl9wiq8NZ08x5aH7za5yQyA5aEYpLk452QEcLP2aMDuEBK/sRI\njAvBXsvfD0NI7FbH4wbZGeSxy//Dmd3CQYdeSuEgk/9cxw0ic6/qotBvV0GQfKMI\n4MitVmveogEy+l2A88FhKwhhR4HyFLapERq0Zdc0bP5jxR6cr4L0gV9jUCTdNSGt\nKVVjSMHWLKDlzVXNAS3RYM16uWkj8mGZQbKPJbrT5xYTj+XFaW6nz7QTfXrZ4hhF\n5on3oaZ+C14kfQ6wr5ulgHto56e5Vqxtk9UCWKzFaTHjtrRxKYgQ4IzGZ2avYKJa\nI+8LRiDQPGg2fB+gB+zC2xnweQUTIDXkeECLJpk6u/iqyJZJqI+BMEYTE07bSFQz\nK4kXqMmZCWrAK2R8N06tSm0CAwEAAQ==\n-----END PUBLIC KEY-----\n",
            "rsa_bits": 4096
          },
          "sensitive_attributes": [
            [
              {
                "type": "get_attr",
                "value": "private_key_openssh"
              }
            ],
            [
              {
                "type": "get_attr",
                "value": "private_key_pem"
              }
            ],
            [
              {
                "type": "get_attr",
                "value": "private_key_pem_pkcs8"
              }
            ]
          ]
        }
      ]
    },
    {
      "module": "module.enable_google_apis",
      "mode": "managed",
      "type": "google_project_service",
      "name": "project_services",
      "provider": "provider[\"registry.terraform.io/hashicorp/google\"]",
      "instances": [
        {
          "index_key": "compute.googleapis.com",
          "schema_version": 0,
          "attributes": {
            "disable_dependent_services": true,
            "disable_on_destroy": false,
            "id": "mosig-training/compute.googleapis.com",
            "project": "mosig-training",
            "service": "compute.googleapis.com",
            "timeouts": null
          },
          "sensitive_attributes": [],
          "private": "eyJlMmJmYjczMC1lY2FhLTExZTYtOGY4OC0zNDM2M2JjN2M0YzAiOnsiY3JlYXRlIjoxMjAwMDAwMDAwMDAwLCJkZWxldGUiOjEyMDAwMDAwMDAwMDAsInJlYWQiOjYwMDAwMDAwMDAwMCwidXBkYXRlIjoxMjAwMDAwMDAwMDAwfX0="
        },
        {
          "index_key": "container.googleapis.com",
          "schema_version": 0,
          "attributes": {
            "disable_dependent_services": true,
            "disable_on_destroy": false,
            "id": "mosig-training/container.googleapis.com",
            "project": "mosig-training",
            "service": "container.googleapis.com",
            "timeouts": null
          },
          "sensitive_attributes": [],
          "private": "eyJlMmJmYjczMC1lY2FhLTExZTYtOGY4OC0zNDM2M2JjN2M0YzAiOnsiY3JlYXRlIjoxMjAwMDAwMDAwMDAwLCJkZWxldGUiOjEyMDAwMDAwMDAwMDAsInJlYWQiOjYwMDAwMDAwMDAwMCwidXBkYXRlIjoxMjAwMDAwMDAwMDAwfX0="
        },
        {
          "index_key": "iam.googleapis.com",
          "schema_version": 0,
          "attributes": {
            "disable_dependent_services": true,
            "disable_on_destroy": false,
            "id": "mosig-training/iam.googleapis.com",
            "project": "mosig-training",
            "service": "iam.googleapis.com",
            "timeouts": null
          },
          "sensitive_attributes": [],
          "private": "eyJlMmJmYjczMC1lY2FhLTExZTYtOGY4OC0zNDM2M2JjN2M0YzAiOnsiY3JlYXRlIjoxMjAwMDAwMDAwMDAwLCJkZWxldGUiOjEyMDAwMDAwMDAwMDAsInJlYWQiOjYwMDAwMDAwMDAwMCwidXBkYXRlIjoxMjAwMDAwMDAwMDAwfX0="
        },
        {
          "index_key": "iamcredentials.googleapis.com",
          "schema_version": 0,
          "attributes": {
            "disable_dependent_services": true,
            "disable_on_destroy": false,
            "id": "mosig-training/iamcredentials.googleapis.com",
            "project": "mosig-training",
            "service": "iamcredentials.googleapis.com",
            "timeouts": null
          },
          "sensitive_attributes": [],
          "private": "eyJlMmJmYjczMC1lY2FhLTExZTYtOGY4OC0zNDM2M2JjN2M0YzAiOnsiY3JlYXRlIjoxMjAwMDAwMDAwMDAwLCJkZWxldGUiOjEyMDAwMDAwMDAwMDAsInJlYWQiOjYwMDAwMDAwMDAwMCwidXBkYXRlIjoxMjAwMDAwMDAwMDAwfX0="
        }
      ]
    },
    {
      "module": "module.enable_google_apis",
      "mode": "managed",
      "type": "google_project_service_identity",
      "name": "project_service_identities",
      "provider": "provider[\"registry.terraform.io/hashicorp/google-beta\"]",
      "instances": []
    }
  ],
  "check_results": null
}
