{
  "version": 4,
  "terraform_version": "1.9.0",
  "serial": 178,
  "lineage": "e61954e9-e48d-797d-7b28-626b881faa4f",
  "outputs": {
    "cluster_location": {
      "value": "europe-west6-b",
      "type": "string"
    },
    "cluster_name": {
      "value": "online-boutique",
      "type": "string"
    }
  },
  "resources": [
    {
      "mode": "managed",
      "type": "google_compute_firewall",
      "name": "allow_internal_ports",
      "provider": "provider[\"registry.terraform.io/hashicorp/google\"]",
      "instances": [
        {
          "schema_version": 1,
          "attributes": {
            "allow": [
              {
                "ports": [
                  "9646",
                  "8089"
                ],
                "protocol": "tcp"
              }
            ],
            "creation_timestamp": "2024-12-28T05:12:23.807-08:00",
            "deny": [],
            "description": "",
            "destination_ranges": [],
            "direction": "INGRESS",
            "disabled": false,
            "enable_logging": null,
            "id": "projects/mosig-training/global/firewalls/online-boutique-allow-internal-ports",
            "log_config": [],
            "name": "online-boutique-allow-internal-ports",
            "network": "https://www.googleapis.com/compute/v1/projects/mosig-training/global/networks/default",
            "priority": 1000,
            "project": "mosig-training",
            "self_link": "https://www.googleapis.com/compute/v1/projects/mosig-training/global/firewalls/online-boutique-allow-internal-ports",
            "source_ranges": [
              "10.0.0.0/8",
              "172.16.0.0/12",
              "192.168.0.0/16"
            ],
            "source_service_accounts": [],
            "source_tags": [],
            "target_service_accounts": [],
            "target_tags": [
              "load-generator"
            ],
            "timeouts": null
          },
          "sensitive_attributes": [],
          "private": "eyJlMmJmYjczMC1lY2FhLTExZTYtOGY4OC0zNDM2M2JjN2M0YzAiOnsiY3JlYXRlIjoxMjAwMDAwMDAwMDAwLCJkZWxldGUiOjEyMDAwMDAwMDAwMDAsInVwZGF0ZSI6MTIwMDAwMDAwMDAwMH0sInNjaGVtYV92ZXJzaW9uIjoiMSJ9"
        }
      ]
    },
    {
      "mode": "managed",
      "type": "google_compute_firewall",
      "name": "allow_ssh_load_generator",
      "provider": "provider[\"registry.terraform.io/hashicorp/google\"]",
      "instances": [
        {
          "schema_version": 1,
          "attributes": {
            "allow": [
              {
                "ports": [
                  "22",
                  "80",
                  "443"
                ],
                "protocol": "tcp"
              }
            ],
            "creation_timestamp": "2024-12-28T05:12:23.951-08:00",
            "deny": [],
            "description": "",
            "destination_ranges": [],
            "direction": "INGRESS",
            "disabled": false,
            "enable_logging": null,
            "id": "projects/mosig-training/global/firewalls/online-boutique-allow-ssh-load-generator",
            "log_config": [],
            "name": "online-boutique-allow-ssh-load-generator",
            "network": "https://www.googleapis.com/compute/v1/projects/mosig-training/global/networks/default",
            "priority": 1000,
            "project": "mosig-training",
            "self_link": "https://www.googleapis.com/compute/v1/projects/mosig-training/global/firewalls/online-boutique-allow-ssh-load-generator",
            "source_ranges": [
              "0.0.0.0/0"
            ],
            "source_service_accounts": [],
            "source_tags": [],
            "target_service_accounts": [],
            "target_tags": [
              "load-generator"
            ],
            "timeouts": null
          },
          "sensitive_attributes": [],
          "private": "eyJlMmJmYjczMC1lY2FhLTExZTYtOGY4OC0zNDM2M2JjN2M0YzAiOnsiY3JlYXRlIjoxMjAwMDAwMDAwMDAwLCJkZWxldGUiOjEyMDAwMDAwMDAwMDAsInVwZGF0ZSI6MTIwMDAwMDAwMDAwMH0sInNjaGVtYV92ZXJzaW9uIjoiMSJ9"
        }
      ]
    },
    {
      "mode": "managed",
      "type": "google_compute_instance",
      "name": "load_generator",
      "provider": "provider[\"registry.terraform.io/hashicorp/google\"]",
      "instances": [
        {
          "schema_version": 6,
          "attributes": {
            "advanced_machine_features": [],
            "allow_stopping_for_update": null,
            "attached_disk": [],
            "boot_disk": [
              {
                "auto_delete": true,
                "device_name": "persistent-disk-0",
                "disk_encryption_key_raw": "",
                "disk_encryption_key_sha256": "",
                "initialize_params": [
                  {
                    "enable_confidential_compute": false,
                    "image": "https://www.googleapis.com/compute/v1/projects/ubuntu-os-cloud/global/images/ubuntu-2004-focal-v20241219",
                    "labels": {},
                    "provisioned_iops": 0,
                    "provisioned_throughput": 0,
                    "resource_manager_tags": {},
                    "resource_policies": [],
                    "size": 10,
                    "storage_pool": "",
                    "type": "pd-standard"
                  }
                ],
                "interface": "",
                "kms_key_self_link": "",
                "mode": "READ_WRITE",
                "source": "https://www.googleapis.com/compute/v1/projects/mosig-training/zones/europe-west6-b/disks/online-boutique-load-generator"
              }
            ],
            "can_ip_forward": false,
            "confidential_instance_config": [],
            "cpu_platform": "Intel Broadwell",
            "creation_timestamp": "2024-12-28T05:20:35.409-08:00",
            "current_status": "RUNNING",
            "deletion_protection": false,
            "description": "",
            "desired_status": null,
            "effective_labels": {
              "goog-terraform-provisioned": "true"
            },
            "enable_display": false,
            "guest_accelerator": [],
            "hostname": "",
            "id": "projects/mosig-training/zones/europe-west6-b/instances/online-boutique-load-generator",
            "instance_id": "3120109227570513356",
            "key_revocation_action_type": "",
            "label_fingerprint": "vezUS-42LLM=",
            "labels": {},
            "machine_type": "e2-standard-2",
            "metadata": {},
            "metadata_fingerprint": "voB362gGqkQ=",
            "metadata_startup_script": null,
            "min_cpu_platform": "",
            "name": "online-boutique-load-generator",
            "network_interface": [
              {
                "access_config": [
                  {
                    "nat_ip": "34.65.217.127",
                    "network_tier": "PREMIUM",
                    "public_ptr_domain_name": ""
                  }
                ],
                "alias_ip_range": [],
                "internal_ipv6_prefix_length": 0,
                "ipv6_access_config": [],
                "ipv6_access_type": "",
                "ipv6_address": "",
                "name": "nic0",
                "network": "https://www.googleapis.com/compute/v1/projects/mosig-training/global/networks/default",
                "network_ip": "10.172.15.199",
                "nic_type": "",
                "queue_count": 0,
                "stack_type": "IPV4_ONLY",
                "subnetwork": "https://www.googleapis.com/compute/v1/projects/mosig-training/regions/europe-west6/subnetworks/default",
                "subnetwork_project": "mosig-training"
              }
            ],
            "network_performance_config": [],
            "params": [],
            "project": "mosig-training",
            "reservation_affinity": [],
            "resource_policies": [],
            "scheduling": [
              {
                "automatic_restart": true,
                "instance_termination_action": "",
                "local_ssd_recovery_timeout": [],
                "max_run_duration": [],
                "min_node_cpus": 0,
                "node_affinities": [],
                "on_host_maintenance": "MIGRATE",
                "on_instance_stop_action": [],
                "preemptible": false,
                "provisioning_model": "STANDARD"
              }
            ],
            "scratch_disk": [],
            "self_link": "https://www.googleapis.com/compute/v1/projects/mosig-training/zones/europe-west6-b/instances/online-boutique-load-generator",
            "service_account": [],
            "shielded_instance_config": [
              {
                "enable_integrity_monitoring": true,
                "enable_secure_boot": false,
                "enable_vtpm": true
              }
            ],
            "tags": [
              "load-generator"
            ],
            "tags_fingerprint": "iPw2rPChwHs=",
            "terraform_labels": {
              "goog-terraform-provisioned": "true"
            },
            "timeouts": null,
            "zone": "europe-west6-b"
          },
          "sensitive_attributes": [
            [
              {
                "type": "get_attr",
                "value": "boot_disk"
              },
              {
                "type": "index",
                "value": {
                  "value": 0,
                  "type": "number"
                }
              },
              {
                "type": "get_attr",
                "value": "disk_encryption_key_raw"
              }
            ]
          ],
          "private": "eyJlMmJmYjczMC1lY2FhLTExZTYtOGY4OC0zNDM2M2JjN2M0YzAiOnsiY3JlYXRlIjoxMjAwMDAwMDAwMDAwLCJkZWxldGUiOjEyMDAwMDAwMDAwMDAsInVwZGF0ZSI6MTIwMDAwMDAwMDAwMH0sInNjaGVtYV92ZXJzaW9uIjoiNiJ9",
          "dependencies": [
            "google_container_cluster.gke_autopilot",
            "google_container_cluster.gke_standard",
            "module.enable_google_apis.data.google_compute_default_service_account.default",
            "module.enable_google_apis.google_project_iam_member.project_service_identity_roles",
            "module.enable_google_apis.google_project_service.project_services",
            "module.enable_google_apis.google_project_service_identity.project_service_identities"
          ]
        }
      ]
    },
    {
      "mode": "managed",
      "type": "google_compute_project_metadata",
      "name": "default",
      "provider": "provider[\"registry.terraform.io/hashicorp/google\"]",
      "instances": [
        {
          "schema_version": 0,
          "attributes": {
            "id": "mosig-training",
            "metadata": {
              "ssh-keys": "root:ssh-rsa AAAAB3NzaC1yc2EAAAADAQABAAACAQDHmmobNLaYkl3gVUjIXFRFlWNsrDi/3MVUo6ayxjApeaiPmhNbYr6S0mKwzYm4PzwHEH1u2XhlY81gO8HTABMmHOq8F+olOcNsuNL0u9tfDgyqBufZIRMdRfR+cbR8uaKv7QXIN2elmHCvUK+xyhrLhZt7Cv966uFq47EF0P+n3bTuAdBWu0AkXO8TksoZ3QJ1XxIpjMKj8uCAsNISNzmtr4kWmEhWr97STHxjL+8dk7S1eIL15DWz9lJJUVGTTH3jmHS8uwMi19vXEibtDfotuiFx2LnDl1p9J2nKVQfEGc+3y8O2jO+kjP9RBcll0gEOdqA1wY0QcegU3GhBCVuo/NsQDBIGGJGoCv74CoTbJ4nwblk3gzLXYQ5cQ0f2zcxVkUJgd586JBS/FTaDsqI5CaBVEn0ToDq2RKgAwEv+RdOGYStCMNoqieGhqxq79Ma2bZYmc7cRzLbmB/JmonA2Nq31IR+klrpfA4lWbD7QZnmWYKAvF8A7zGnwn35iuQh8+CJdYY7Mu+TK0hWyX9Z9plHs8kI8sQBS4JRVMeHjYzFibmb79QKICju/pCfDqtjUjku5giGdMXQLWAk7YskGrm7rcuL4wPz+MosC9e98u9d/FLw/mn0sv/9yNJDiPOx64/JxFZ+3pFq94//m/4H1T+KIJx45VxgET96r3itxIQ==\n"
            },
            "project": "mosig-training",
            "timeouts": null
          },
          "sensitive_attributes": [],
          "private": "eyJlMmJmYjczMC1lY2FhLTExZTYtOGY4OC0zNDM2M2JjN2M0YzAiOnsiY3JlYXRlIjoyNDAwMDAwMDAwMDAsImRlbGV0ZSI6MjQwMDAwMDAwMDAwfX0=",
          "dependencies": [
            "tls_private_key.ssh"
          ]
        }
      ]
    },
    {
      "mode": "managed",
      "type": "google_container_cluster",
      "name": "gke_standard",
      "provider": "provider[\"registry.terraform.io/hashicorp/google\"]",
      "instances": [
        {
          "index_key": 0,
          "schema_version": 2,
          "attributes": {
            "addons_config": [
              {
                "cloudrun_config": [],
                "config_connector_config": [],
                "dns_cache_config": [],
                "gce_persistent_disk_csi_driver_config": [
                  {
                    "enabled": true
                  }
                ],
                "gcp_filestore_csi_driver_config": [],
                "gcs_fuse_csi_driver_config": [],
                "gke_backup_agent_config": [],
                "horizontal_pod_autoscaling": [],
                "http_load_balancing": [],
                "network_policy_config": [
                  {
                    "disabled": true
                  }
                ],
                "ray_operator_config": [],
                "stateful_ha_config": []
              }
            ],
            "allow_net_admin": null,
            "authenticator_groups_config": [],
            "binary_authorization": [
              {
                "enabled": false,
                "evaluation_mode": ""
              }
            ],
            "cluster_autoscaling": [
              {
                "auto_provisioning_defaults": [],
                "auto_provisioning_locations": [],
                "autoscaling_profile": "BALANCED",
                "enabled": false,
                "resource_limits": []
              }
            ],
            "cluster_ipv4_cidr": "10.0.0.0/14",
            "confidential_nodes": [],
            "cost_management_config": [],
            "database_encryption": [
              {
                "key_name": "",
                "state": "DECRYPTED"
              }
            ],
            "datapath_provider": "",
            "default_max_pods_per_node": 110,
            "default_snat_status": [
              {
                "disabled": false
              }
            ],
            "deletion_protection": false,
            "description": "",
            "dns_config": [],
            "effective_labels": {
              "goog-terraform-provisioned": "true"
            },
            "enable_autopilot": false,
            "enable_cilium_clusterwide_network_policy": false,
            "enable_intranode_visibility": false,
            "enable_k8s_beta_apis": [],
            "enable_kubernetes_alpha": false,
            "enable_l4_ilb_subsetting": false,
            "enable_legacy_abac": false,
            "enable_multi_networking": false,
            "enable_shielded_nodes": true,
            "enable_tpu": false,
            "endpoint": "34.65.187.1",
            "fleet": [],
            "gateway_api_config": [],
            "id": "projects/mosig-training/locations/europe-west6-b/clusters/online-boutique",
            "identity_service_config": [],
            "initial_node_count": 1,
            "ip_allocation_policy": [
              {
                "additional_pod_ranges_config": [],
                "cluster_ipv4_cidr_block": "10.0.0.0/14",
                "cluster_secondary_range_name": "gke-online-boutique-pods-811e89ff",
                "pod_cidr_overprovision_config": [
                  {
                    "disabled": false
                  }
                ],
                "services_ipv4_cidr_block": "34.118.224.0/20",
                "services_secondary_range_name": "",
                "stack_type": "IPV4"
              }
            ],
            "label_fingerprint": "78cdf2f6",
            "location": "europe-west6-b",
            "logging_config": [
              {
                "enable_components": [
                  "SYSTEM_COMPONENTS",
                  "WORKLOADS"
                ]
              }
            ],
            "logging_service": "logging.googleapis.com/kubernetes",
            "maintenance_policy": [],
            "master_auth": [
              {
                "client_certificate": "",
                "client_certificate_config": [
                  {
                    "issue_client_certificate": false
                  }
                ],
                "client_key": "",
                "cluster_ca_certificate": "LS0tLS1CRUdJTiBDRVJUSUZJQ0FURS0tLS0tCk1JSUVMVENDQXBXZ0F3SUJBZ0lSQU1tMmlkM2M2NGRQSG9qL055VG90YnN3RFFZSktvWklodmNOQVFFTEJRQXcKTHpFdE1Dc0dBMVVFQXhNa1lqZzJORGs1TmpjdFpHVmpaUzAwWWpSaUxXSmxZbUV0WW1WaU9EQmpZMkZpTldaaApNQ0FYRFRJME1USXlPREV5TVRJeU9Gb1lEekl3TlRReE1qSXhNVE14TWpJNFdqQXZNUzB3S3dZRFZRUURFeVJpCk9EWTBPVGsyTnkxa1pXTmxMVFJpTkdJdFltVmlZUzFpWldJNE1HTmpZV0kxWm1Fd2dnR2lNQTBHQ1NxR1NJYjMKRFFFQkFRVUFBNElCandBd2dnR0tBb0lCZ1FEUU9raGd6TVU5dkVXdHQrZUY2RmdHUlhmSEtKQlJ4SmtxTEljYQpqOTZYWFVFbGlFL3Z3enZnaHIvSThOd3czNDNlcjlYTitsbyswYldWQ2FMODhkWFpMbm5IeE1waExqWWgwQkhxCmxuSDdlQVVCNkg2ckVKaUN3THdiWmt0aE5meUhDdGFTb0Naa1lQVHl1dXp2OGlMb0w3WmlTbys5VVFnRjBheWgKRE9HbWorUktyaDBncGE5US96VUhxN1h1M0J0NWtTNGtMMC9oVXVaaUwzTUUyWWNTUmNGek8yWUhWZXJSNFI2Ywp2WE12S2NNT25GczEwRFgyRDlvMS9NOWNkdnU0SjdVUExMdjd5MmV0NG1GN2dMYTBuMjhBT2pqK0pzM2g4NGlBClIzZGhuUlZzUjdEd3RVc2d1eWpFK0Q2dlV2TG9tWGZyK1ZEc2o3U2pSbzN0VEcvd1dZL3Q0OHVhdGRqbFFxVnoKUllPcXRQVSthcXpScHJJYnkzS1NmRnpicjVnYUNlSGMydDRWMGw5aUptcVQ2eVl3S2R0YURiZ2w2RHl5aC9xagowaXVqU0VNcjhCUVduM01Wb1E1WkZweGhjdkZNckczQjcveW9mNDUxUkNyTWJkUDRnMU02Z3pqejlMY05yWFA3CkY5NVFycFZlTUhFMTN4L0ZkWHVNaGYwSDVpRUNBd0VBQWFOQ01FQXdEZ1lEVlIwUEFRSC9CQVFEQWdJRU1BOEcKQTFVZEV3RUIvd1FGTUFNQkFmOHdIUVlEVlIwT0JCWUVGSXZhZEk0V3FBK1B3UWxOS1NUN2tmYjAwMUd4TUEwRwpDU3FHU0liM0RRRUJDd1VBQTRJQmdRREF4eEZJNWovV3AxUHNtZHBKTlRrMkF4dVZtKzB5ZC9CUy9FRVpMeldZCllTMXN4R3VHTTN3Rk5ISmhQeHI1ZExUZkc1T3pkbUtBWmY1M1hLa0xlR1JSWG5lem1XRnBHbzZBUUNqalNBSVIKWUxiTVlrWlNmWXM4Y0xWT1ZaYm5lV2RBaDBmN3JRd2R2Q1VYR2UvR2Z4VFBrd3dnVWU0UlNvdnZlUGRYSHplWQpxM1YvbWpVMkowOXpXd2dnSElPeHpadGY5WkVXT0RHZ2tqWEtheVNNSS93ZS9OL0tOTDg1ek5USkhURWt4RTFGCkdMSjFvWlhXbTBSS1JPQkxKYzlSZWcyYnRiaUwzMDdhNjdBRW9lWVVSUlhFWnlaQW5vK1NOamQwVEgvUGhsYkIKeDI4dVNCbHBLR3VZRzJUUzN0RGtBZmhrUVhMTkdPR1VQZHllbVJMU1dNRFd6Qm4yUTZtZzNhbkVZOU4ranJ3aApjSlFnYWovbE44OGpxL1BWaDROdXNEejRiNFUzdTNTYzZNVEFjWVBqVHpoejlOc2hJcEllNnBTQjJiUkEweVlMCjZ4Z09teUkrR3pidUVGRFdyVWtQa1ZUS2J6ZmdTdnBYYWh1MDZEekc0VGVoY0R3bVpCSFZsVnpXcWxxaXB6aHEKSVEyYXdDaTNOL0pjbmhvUUQ3cFpDSEk9Ci0tLS0tRU5EIENFUlRJRklDQVRFLS0tLS0K"
              }
            ],
            "master_authorized_networks_config": [],
            "master_version": "1.30.6-gke.1125000",
            "mesh_certificates": [],
            "min_master_version": null,
            "monitoring_config": [
              {
                "advanced_datapath_observability_config": [
                  {
                    "enable_metrics": false,
                    "enable_relay": false
                  }
                ],
                "enable_components": [
                  "SYSTEM_COMPONENTS",
                  "STATEFULSET",
                  "STORAGE",
                  "HPA",
                  "POD",
                  "DAEMONSET",
                  "DEPLOYMENT",
                  "CADVISOR",
                  "KUBELET"
                ],
                "managed_prometheus": [
                  {
                    "enabled": true
                  }
                ]
              }
            ],
            "monitoring_service": "monitoring.googleapis.com/kubernetes",
            "name": "online-boutique",
            "network": "projects/mosig-training/global/networks/default",
            "network_policy": [
              {
                "enabled": false,
                "provider": "PROVIDER_UNSPECIFIED"
              }
            ],
            "networking_mode": "VPC_NATIVE",
            "node_config": [
              {
                "advanced_machine_features": [],
                "boot_disk_kms_key": "",
                "confidential_nodes": [],
                "containerd_config": [],
                "disk_size_gb": 100,
                "disk_type": "pd-balanced",
                "effective_taints": [],
                "enable_confidential_storage": false,
                "ephemeral_storage_local_ssd_config": [],
                "fast_socket": [],
                "gcfs_config": [],
                "guest_accelerator": [],
                "gvnic": [],
                "host_maintenance_policy": [],
                "image_type": "COS_CONTAINERD",
                "kubelet_config": [
                  {
                    "cpu_cfs_quota": false,
                    "cpu_cfs_quota_period": "",
                    "cpu_manager_policy": "",
                    "insecure_kubelet_readonly_port_enabled": "TRUE",
                    "pod_pids_limit": 0
                  }
                ],
                "labels": {},
                "linux_node_config": [],
                "local_nvme_ssd_block_config": [],
                "local_ssd_count": 0,
                "logging_variant": "DEFAULT",
                "machine_type": "e2-standard-2",
                "metadata": {
                  "disable-legacy-endpoints": "true"
                },
                "min_cpu_platform": "",
                "node_group": "",
                "oauth_scopes": [
                  "https://www.googleapis.com/auth/cloud-platform"
                ],
                "preemptible": false,
                "reservation_affinity": [],
                "resource_labels": {},
                "resource_manager_tags": {},
                "secondary_boot_disks": [],
                "service_account": "default",
                "shielded_instance_config": [
                  {
                    "enable_integrity_monitoring": true,
                    "enable_secure_boot": false
                  }
                ],
                "sole_tenant_config": [],
                "spot": false,
                "storage_pools": [],
                "tags": [],
                "taint": [],
                "workload_metadata_config": [
                  {
                    "mode": "GKE_METADATA"
                  }
                ]
              }
            ],
            "node_locations": [],
            "node_pool": [
              {
                "autoscaling": [],
                "initial_node_count": 4,
                "instance_group_urls": [
                  "https://www.googleapis.com/compute/v1/projects/mosig-training/zones/europe-west6-b/instanceGroupManagers/gke-online-boutique-online-boutique-n-666ebfeb-grp"
                ],
                "managed_instance_group_urls": [
                  "https://www.googleapis.com/compute/v1/projects/mosig-training/zones/europe-west6-b/instanceGroups/gke-online-boutique-online-boutique-n-666ebfeb-grp"
                ],
                "management": [
                  {
                    "auto_repair": true,
                    "auto_upgrade": true
                  }
                ],
                "max_pods_per_node": 110,
                "name": "online-boutique-node-pool",
                "name_prefix": "",
                "network_config": [
                  {
                    "additional_node_network_configs": [],
                    "additional_pod_network_configs": [],
                    "create_pod_range": false,
                    "enable_private_nodes": false,
                    "network_performance_config": [],
                    "pod_cidr_overprovision_config": [],
                    "pod_ipv4_cidr_block": "10.0.0.0/14",
                    "pod_range": "gke-online-boutique-pods-811e89ff"
                  }
                ],
                "node_config": [
                  {
                    "advanced_machine_features": [],
                    "boot_disk_kms_key": "",
                    "confidential_nodes": [],
                    "containerd_config": [],
                    "disk_size_gb": 100,
                    "disk_type": "pd-balanced",
                    "effective_taints": [],
                    "enable_confidential_storage": false,
                    "ephemeral_storage_local_ssd_config": [],
                    "fast_socket": [],
                    "gcfs_config": [],
                    "guest_accelerator": [],
                    "gvnic": [],
                    "host_maintenance_policy": [],
                    "image_type": "COS_CONTAINERD",
                    "kubelet_config": [
                      {
                        "cpu_cfs_quota": false,
                        "cpu_cfs_quota_period": "",
                        "cpu_manager_policy": "",
                        "insecure_kubelet_readonly_port_enabled": "TRUE",
                        "pod_pids_limit": 0
                      }
                    ],
                    "labels": {},
                    "linux_node_config": [],
                    "local_nvme_ssd_block_config": [],
                    "local_ssd_count": 0,
                    "logging_variant": "DEFAULT",
                    "machine_type": "e2-standard-2",
                    "metadata": {
                      "disable-legacy-endpoints": "true"
                    },
                    "min_cpu_platform": "",
                    "node_group": "",
                    "oauth_scopes": [
                      "https://www.googleapis.com/auth/cloud-platform"
                    ],
                    "preemptible": false,
                    "reservation_affinity": [],
                    "resource_labels": {},
                    "resource_manager_tags": {},
                    "secondary_boot_disks": [],
                    "service_account": "default",
                    "shielded_instance_config": [
                      {
                        "enable_integrity_monitoring": true,
                        "enable_secure_boot": false
                      }
                    ],
                    "sole_tenant_config": [],
                    "spot": false,
                    "storage_pools": [],
                    "tags": [],
                    "taint": [],
                    "workload_metadata_config": [
                      {
                        "mode": "GKE_METADATA"
                      }
                    ]
                  }
                ],
                "node_count": 4,
                "node_locations": [
                  "europe-west6-b"
                ],
                "placement_policy": [],
                "queued_provisioning": [],
                "upgrade_settings": [
                  {
                    "blue_green_settings": [],
                    "max_surge": 1,
                    "max_unavailable": 0,
                    "strategy": "SURGE"
                  }
                ],
                "version": "1.30.6-gke.1125000"
              }
            ],
            "node_pool_auto_config": [],
            "node_pool_defaults": [
              {
                "node_config_defaults": [
                  {
                    "containerd_config": [],
                    "gcfs_config": [],
                    "insecure_kubelet_readonly_port_enabled": "FALSE",
                    "logging_variant": "DEFAULT"
                  }
                ]
              }
            ],
            "node_version": "1.30.6-gke.1125000",
            "notification_config": [
              {
                "pubsub": [
                  {
                    "enabled": false,
                    "filter": [],
                    "topic": ""
                  }
                ]
              }
            ],
            "operation": null,
            "private_cluster_config": [
              {
                "enable_private_endpoint": false,
                "enable_private_nodes": false,
                "master_global_access_config": [
                  {
                    "enabled": false
                  }
                ],
                "master_ipv4_cidr_block": "",
                "peering_name": "",
                "private_endpoint": "10.172.15.197",
                "private_endpoint_subnetwork": "",
                "public_endpoint": "34.65.187.1"
              }
            ],
            "private_ipv6_google_access": "",
            "project": "mosig-training",
            "release_channel": [
              {
                "channel": "REGULAR"
              }
            ],
            "remove_default_node_pool": true,
            "resource_labels": {},
            "resource_usage_export_config": [],
            "secret_manager_config": [
              {
                "enabled": false
              }
            ],
            "security_posture_config": [
              {
                "mode": "BASIC",
                "vulnerability_mode": "VULNERABILITY_MODE_UNSPECIFIED"
              }
            ],
            "self_link": "https://container.googleapis.com/v1/projects/mosig-training/zones/europe-west6-b/clusters/online-boutique",
            "service_external_ips_config": [
              {
                "enabled": false
              }
            ],
            "services_ipv4_cidr": "34.118.224.0/20",
            "subnetwork": "projects/mosig-training/regions/europe-west6/subnetworks/default",
            "terraform_labels": {
              "goog-terraform-provisioned": "true"
            },
            "timeouts": null,
            "tpu_ipv4_cidr_block": "",
            "vertical_pod_autoscaling": [],
            "workload_identity_config": [
              {
                "workload_pool": "mosig-training.svc.id.goog"
              }
            ]
          },
          "sensitive_attributes": [
            [
              {
                "type": "get_attr",
                "value": "master_auth"
              },
              {
                "type": "index",
                "value": {
                  "value": 0,
                  "type": "number"
                }
              },
              {
                "type": "get_attr",
                "value": "client_key"
              }
            ]
          ],
          "private": "eyJlMmJmYjczMC1lY2FhLTExZTYtOGY4OC0zNDM2M2JjN2M0YzAiOnsiY3JlYXRlIjoyNDAwMDAwMDAwMDAwLCJkZWxldGUiOjI0MDAwMDAwMDAwMDAsInJlYWQiOjI0MDAwMDAwMDAwMDAsInVwZGF0ZSI6MzYwMDAwMDAwMDAwMH0sInNjaGVtYV92ZXJzaW9uIjoiMiJ9",
          "dependencies": [
            "module.enable_google_apis.data.google_compute_default_service_account.default",
            "module.enable_google_apis.google_project_iam_member.project_service_identity_roles",
            "module.enable_google_apis.google_project_service.project_services",
            "module.enable_google_apis.google_project_service_identity.project_service_identities"
          ]
        }
      ]
    },
    {
      "mode": "managed",
      "type": "google_container_node_pool",
      "name": "primary_nodes",
      "provider": "provider[\"registry.terraform.io/hashicorp/google\"]",
      "instances": [
        {
          "index_key": 0,
          "schema_version": 1,
          "attributes": {
            "autoscaling": [],
            "cluster": "online-boutique",
            "id": "projects/mosig-training/locations/europe-west6-b/clusters/online-boutique/nodePools/online-boutique-node-pool",
            "initial_node_count": 4,
            "instance_group_urls": [
              "https://www.googleapis.com/compute/v1/projects/mosig-training/zones/europe-west6-b/instanceGroupManagers/gke-online-boutique-online-boutique-n-666ebfeb-grp"
            ],
            "location": "europe-west6-b",
            "managed_instance_group_urls": [
              "https://www.googleapis.com/compute/v1/projects/mosig-training/zones/europe-west6-b/instanceGroups/gke-online-boutique-online-boutique-n-666ebfeb-grp"
            ],
            "management": [
              {
                "auto_repair": true,
                "auto_upgrade": true
              }
            ],
            "max_pods_per_node": 110,
            "name": "online-boutique-node-pool",
            "name_prefix": "",
            "network_config": [
              {
                "additional_node_network_configs": [],
                "additional_pod_network_configs": [],
                "create_pod_range": false,
                "enable_private_nodes": false,
                "network_performance_config": [],
                "pod_cidr_overprovision_config": [],
                "pod_ipv4_cidr_block": "10.0.0.0/14",
                "pod_range": "gke-online-boutique-pods-811e89ff"
              }
            ],
            "node_config": [
              {
                "advanced_machine_features": [],
                "boot_disk_kms_key": "",
                "confidential_nodes": [],
                "containerd_config": [],
                "disk_size_gb": 100,
                "disk_type": "pd-balanced",
                "effective_taints": [],
                "enable_confidential_storage": false,
                "ephemeral_storage_local_ssd_config": [],
                "fast_socket": [],
                "gcfs_config": [],
                "guest_accelerator": [],
                "gvnic": [],
                "host_maintenance_policy": [],
                "image_type": "COS_CONTAINERD",
                "kubelet_config": [
                  {
                    "cpu_cfs_quota": false,
                    "cpu_cfs_quota_period": "",
                    "cpu_manager_policy": "",
                    "insecure_kubelet_readonly_port_enabled": "TRUE",
                    "pod_pids_limit": 0
                  }
                ],
                "labels": {},
                "linux_node_config": [],
                "local_nvme_ssd_block_config": [],
                "local_ssd_count": 0,
                "logging_variant": "DEFAULT",
                "machine_type": "e2-standard-2",
                "metadata": {
                  "disable-legacy-endpoints": "true"
                },
                "min_cpu_platform": "",
                "node_group": "",
                "oauth_scopes": [
                  "https://www.googleapis.com/auth/cloud-platform"
                ],
                "preemptible": false,
                "reservation_affinity": [],
                "resource_labels": {},
                "resource_manager_tags": {},
                "secondary_boot_disks": [],
                "service_account": "default",
                "shielded_instance_config": [
                  {
                    "enable_integrity_monitoring": true,
                    "enable_secure_boot": false
                  }
                ],
                "sole_tenant_config": [],
                "spot": false,
                "storage_pools": [],
                "tags": [],
                "taint": [],
                "workload_metadata_config": [
                  {
                    "mode": "GKE_METADATA"
                  }
                ]
              }
            ],
            "node_count": 4,
            "node_locations": [
              "europe-west6-b"
            ],
            "operation": null,
            "placement_policy": [],
            "project": "mosig-training",
            "queued_provisioning": [],
            "timeouts": null,
            "upgrade_settings": [
              {
                "blue_green_settings": [],
                "max_surge": 1,
                "max_unavailable": 0,
                "strategy": "SURGE"
              }
            ],
            "version": "1.30.6-gke.1125000"
          },
          "sensitive_attributes": [],
          "private": "eyJlMmJmYjczMC1lY2FhLTExZTYtOGY4OC0zNDM2M2JjN2M0YzAiOnsiY3JlYXRlIjoxODAwMDAwMDAwMDAwLCJkZWxldGUiOjE4MDAwMDAwMDAwMDAsInVwZGF0ZSI6MTgwMDAwMDAwMDAwMH0sInNjaGVtYV92ZXJzaW9uIjoiMSJ9",
          "dependencies": [
            "google_container_cluster.gke_standard",
            "module.enable_google_apis.data.google_compute_default_service_account.default",
            "module.enable_google_apis.google_project_iam_member.project_service_identity_roles",
            "module.enable_google_apis.google_project_service.project_services",
            "module.enable_google_apis.google_project_service_identity.project_service_identities"
          ]
        }
      ]
    },
    {
      "mode": "managed",
      "type": "google_service_account",
      "name": "loki_gcs",
      "provider": "provider[\"registry.terraform.io/hashicorp/google\"]",
      "instances": [
        {
          "schema_version": 0,
          "attributes": {
            "account_id": "loki-gcs",
            "create_ignore_already_exists": null,
            "description": "",
            "disabled": false,
            "display_name": "Loki Storage Account",
            "email": "loki-gcs@mosig-training.iam.gserviceaccount.com",
            "id": "projects/mosig-training/serviceAccounts/loki-gcs@mosig-training.iam.gserviceaccount.com",
            "member": "serviceAccount:loki-gcs@mosig-training.iam.gserviceaccount.com",
            "name": "projects/mosig-training/serviceAccounts/loki-gcs@mosig-training.iam.gserviceaccount.com",
            "project": "mosig-training",
            "timeouts": null,
            "unique_id": "104176358091476569451"
          },
          "sensitive_attributes": [],
          "private": "eyJlMmJmYjczMC1lY2FhLTExZTYtOGY4OC0zNDM2M2JjN2M0YzAiOnsiY3JlYXRlIjozMDAwMDAwMDAwMDB9fQ==",
          "dependencies": [
            "module.enable_google_apis.data.google_compute_default_service_account.default",
            "module.enable_google_apis.google_project_iam_member.project_service_identity_roles",
            "module.enable_google_apis.google_project_service.project_services",
            "module.enable_google_apis.google_project_service_identity.project_service_identities"
          ]
        }
      ]
    },
    {
      "mode": "managed",
      "type": "google_service_account_iam_binding",
      "name": "loki_sa_workload_identity",
      "provider": "provider[\"registry.terraform.io/hashicorp/google\"]",
      "instances": [
        {
          "schema_version": 0,
          "attributes": {
            "condition": [],
            "etag": "BwYqVLerFqs=",
            "id": "projects/mosig-training/serviceAccounts/loki-gcs@mosig-training.iam.gserviceaccount.com/roles/iam.workloadIdentityUser",
            "members": [
              "serviceAccount:mosig-training.svc.id.goog[monitoring/loki]"
            ],
            "role": "roles/iam.workloadIdentityUser",
            "service_account_id": "projects/mosig-training/serviceAccounts/loki-gcs@mosig-training.iam.gserviceaccount.com"
          },
          "sensitive_attributes": [],
          "private": "bnVsbA==",
          "dependencies": [
            "google_container_cluster.gke_autopilot",
            "google_container_cluster.gke_standard",
            "google_service_account.loki_gcs",
            "kubernetes_service_account.loki_sa",
            "module.enable_google_apis.data.google_compute_default_service_account.default",
            "module.enable_google_apis.google_project_iam_member.project_service_identity_roles",
            "module.enable_google_apis.google_project_service.project_services",
            "module.enable_google_apis.google_project_service_identity.project_service_identities",
            "module.gcloud.data.external.env_override",
            "module.gcloud.null_resource.additional_components",
            "module.gcloud.null_resource.additional_components_destroy",
            "module.gcloud.null_resource.decompress",
            "module.gcloud.null_resource.decompress_destroy",
            "module.gcloud.null_resource.download_gcloud",
            "module.gcloud.null_resource.download_jq",
            "module.gcloud.null_resource.gcloud_auth_google_credentials",
            "module.gcloud.null_resource.gcloud_auth_google_credentials_destroy",
            "module.gcloud.null_resource.gcloud_auth_service_account_key_file",
            "module.gcloud.null_resource.gcloud_auth_service_account_key_file_destroy",
            "module.gcloud.null_resource.module_depends_on",
            "module.gcloud.null_resource.prepare_cache",
            "module.gcloud.null_resource.run_command",
            "module.gcloud.null_resource.run_destroy_command",
            "module.gcloud.null_resource.upgrade",
            "module.gcloud.null_resource.upgrade_destroy",
            "module.gcloud.random_id.cache",
            "null_resource.deploy_services_using_ansible"
          ]
        }
      ]
    },
    {
      "mode": "managed",
      "type": "google_storage_bucket",
      "name": "loki_storage",
      "provider": "provider[\"registry.terraform.io/hashicorp/google\"]",
      "instances": [
        {
          "schema_version": 3,
          "attributes": {
            "autoclass": [],
            "cors": [],
            "custom_placement_config": [],
            "default_event_based_hold": false,
            "effective_labels": {
              "goog-terraform-provisioned": "true"
            },
            "enable_object_retention": false,
            "encryption": [],
            "force_destroy": true,
            "hierarchical_namespace": [
              {
                "enabled": false
              }
            ],
            "id": "loki-storage-tsdb-24",
            "labels": null,
            "lifecycle_rule": [
              {
                "action": [
                  {
                    "storage_class": "",
                    "type": "Delete"
                  }
                ],
                "condition": [
                  {
                    "age": 7,
                    "created_before": "",
                    "custom_time_before": "",
                    "days_since_custom_time": 0,
                    "days_since_noncurrent_time": 0,
                    "matches_prefix": [],
                    "matches_storage_class": [],
                    "matches_suffix": [],
                    "noncurrent_time_before": "",
                    "num_newer_versions": 0,
                    "send_age_if_zero": false,
                    "send_days_since_custom_time_if_zero": false,
                    "send_days_since_noncurrent_time_if_zero": false,
                    "send_num_newer_versions_if_zero": false,
                    "with_state": "ANY"
                  }
                ]
              }
            ],
            "location": "EUROPE-WEST6",
            "logging": [],
            "name": "loki-storage-tsdb-24",
            "project": "mosig-training",
            "project_number": 333711930160,
            "public_access_prevention": "inherited",
            "requester_pays": false,
            "retention_policy": [],
            "rpo": null,
            "self_link": "https://www.googleapis.com/storage/v1/b/loki-storage-tsdb-24",
            "soft_delete_policy": [
              {
                "effective_time": "2024-12-28T13:39:50.324Z",
                "retention_duration_seconds": 604800
              }
            ],
            "storage_class": "STANDARD",
            "terraform_labels": {
              "goog-terraform-provisioned": "true"
            },
            "timeouts": null,
            "uniform_bucket_level_access": true,
            "url": "gs://loki-storage-tsdb-24",
            "versioning": [
              {
                "enabled": false
              }
            ],
            "website": []
          },
          "sensitive_attributes": [],
          "private": "eyJlMmJmYjczMC1lY2FhLTExZTYtOGY4OC0zNDM2M2JjN2M0YzAiOnsiY3JlYXRlIjo2MDAwMDAwMDAwMDAsInJlYWQiOjI0MDAwMDAwMDAwMCwidXBkYXRlIjoyNDAwMDAwMDAwMDB9LCJzY2hlbWFfdmVyc2lvbiI6IjMifQ==",
          "dependencies": [
            "module.enable_google_apis.data.google_compute_default_service_account.default",
            "module.enable_google_apis.google_project_iam_member.project_service_identity_roles",
            "module.enable_google_apis.google_project_service.project_services",
            "module.enable_google_apis.google_project_service_identity.project_service_identities"
          ]
        }
      ]
    },
    {
      "mode": "managed",
      "type": "google_storage_bucket_iam_member",
      "name": "loki_storage_object_admin",
      "provider": "provider[\"registry.terraform.io/hashicorp/google\"]",
      "instances": [
        {
          "schema_version": 0,
          "attributes": {
            "bucket": "b/loki-storage-tsdb-24",
            "condition": [],
            "etag": "CAQ=",
            "id": "b/loki-storage-tsdb-24/roles/storage.objectAdmin/serviceAccount:loki-gcs@mosig-training.iam.gserviceaccount.com",
            "member": "serviceAccount:loki-gcs@mosig-training.iam.gserviceaccount.com",
            "role": "roles/storage.objectAdmin"
          },
          "sensitive_attributes": [],
          "private": "bnVsbA==",
          "dependencies": [
            "google_service_account.loki_gcs",
            "google_storage_bucket.loki_storage",
            "module.enable_google_apis.data.google_compute_default_service_account.default",
            "module.enable_google_apis.google_project_iam_member.project_service_identity_roles",
            "module.enable_google_apis.google_project_service.project_services",
            "module.enable_google_apis.google_project_service_identity.project_service_identities"
          ]
        }
      ]
    },
    {
      "mode": "managed",
      "type": "google_storage_bucket_iam_member",
      "name": "loki_storage_object_creator",
      "provider": "provider[\"registry.terraform.io/hashicorp/google\"]",
      "instances": [
        {
          "schema_version": 0,
          "attributes": {
            "bucket": "b/loki-storage-tsdb-24",
            "condition": [],
            "etag": "CAQ=",
            "id": "b/loki-storage-tsdb-24/roles/storage.objectCreator/serviceAccount:loki-gcs@mosig-training.iam.gserviceaccount.com",
            "member": "serviceAccount:loki-gcs@mosig-training.iam.gserviceaccount.com",
            "role": "roles/storage.objectCreator"
          },
          "sensitive_attributes": [],
          "private": "bnVsbA==",
          "dependencies": [
            "google_service_account.loki_gcs",
            "google_storage_bucket.loki_storage",
            "module.enable_google_apis.data.google_compute_default_service_account.default",
            "module.enable_google_apis.google_project_iam_member.project_service_identity_roles",
            "module.enable_google_apis.google_project_service.project_services",
            "module.enable_google_apis.google_project_service_identity.project_service_identities"
          ]
        }
      ]
    },
    {
      "mode": "managed",
      "type": "google_storage_bucket_iam_member",
      "name": "loki_storage_object_viewer",
      "provider": "provider[\"registry.terraform.io/hashicorp/google\"]",
      "instances": [
        {
          "schema_version": 0,
          "attributes": {
            "bucket": "b/loki-storage-tsdb-24",
            "condition": [],
            "etag": "CAI=",
            "id": "b/loki-storage-tsdb-24/roles/storage.objectViewer/serviceAccount:loki-gcs@mosig-training.iam.gserviceaccount.com",
            "member": "serviceAccount:loki-gcs@mosig-training.iam.gserviceaccount.com",
            "role": "roles/storage.objectViewer"
          },
          "sensitive_attributes": [],
          "private": "bnVsbA==",
          "dependencies": [
            "google_service_account.loki_gcs",
            "google_storage_bucket.loki_storage",
            "module.enable_google_apis.data.google_compute_default_service_account.default",
            "module.enable_google_apis.google_project_iam_member.project_service_identity_roles",
            "module.enable_google_apis.google_project_service.project_services",
            "module.enable_google_apis.google_project_service_identity.project_service_identities"
          ]
        }
      ]
    },
    {
      "mode": "managed",
      "type": "kubernetes_service_account",
      "name": "loki_sa",
      "provider": "provider[\"registry.terraform.io/hashicorp/kubernetes\"]",
      "instances": [
        {
          "schema_version": 0,
          "attributes": {
            "automount_service_account_token": true,
            "default_secret_name": "",
            "id": "monitoring/loki",
            "image_pull_secret": [],
            "metadata": [
              {
                "annotations": {
                  "iam.gke.io/gcp-service-account": "loki-gcs@mosig-training.iam.gserviceaccount.com"
                },
                "generate_name": "",
                "generation": 0,
                "labels": null,
                "name": "loki",
                "namespace": "monitoring",
                "resource_version": "19570",
                "uid": "a0d1e509-c88c-4ee9-8861-fef953e6deef"
              }
            ],
            "secret": [],
            "timeouts": null
          },
          "sensitive_attributes": [],
          "private": "eyJlMmJmYjczMC1lY2FhLTExZTYtOGY4OC0zNDM2M2JjN2M0YzAiOnsiY3JlYXRlIjozMDAwMDAwMDAwMH19",
          "dependencies": [
            "google_container_cluster.gke_autopilot",
            "google_container_cluster.gke_standard",
            "google_service_account.loki_gcs",
            "module.enable_google_apis.data.google_compute_default_service_account.default",
            "module.enable_google_apis.google_project_iam_member.project_service_identity_roles",
            "module.enable_google_apis.google_project_service.project_services",
            "module.enable_google_apis.google_project_service_identity.project_service_identities",
            "module.gcloud.data.external.env_override",
            "module.gcloud.null_resource.additional_components",
            "module.gcloud.null_resource.additional_components_destroy",
            "module.gcloud.null_resource.decompress",
            "module.gcloud.null_resource.decompress_destroy",
            "module.gcloud.null_resource.download_gcloud",
            "module.gcloud.null_resource.download_jq",
            "module.gcloud.null_resource.gcloud_auth_google_credentials",
            "module.gcloud.null_resource.gcloud_auth_google_credentials_destroy",
            "module.gcloud.null_resource.gcloud_auth_service_account_key_file",
            "module.gcloud.null_resource.gcloud_auth_service_account_key_file_destroy",
            "module.gcloud.null_resource.module_depends_on",
            "module.gcloud.null_resource.prepare_cache",
            "module.gcloud.null_resource.run_command",
            "module.gcloud.null_resource.run_destroy_command",
            "module.gcloud.null_resource.upgrade",
            "module.gcloud.null_resource.upgrade_destroy",
            "module.gcloud.random_id.cache",
            "null_resource.deploy_services_using_ansible"
          ]
        }
      ]
    },
    {
      "mode": "managed",
      "type": "local_file",
      "name": "ansible_inventory",
      "provider": "provider[\"registry.terraform.io/hashicorp/local\"]",
      "instances": [
        {
          "schema_version": 0,
          "attributes": {
            "content": "all:\n  vars:\n    ansible_user: root\n    ansible_ssh_private_key_file: ../terraform/id_rsa\n    frontend_service_name: frontend-external\n    kubernetes_namespace: app\n\n  hosts:\n    load_generator:\n      ansible_host: 34.65.217.127\n      ansible_host_key_checking: false\n",
            "content_base64": null,
            "content_base64sha256": "8iLyjL4mQVfxGF0XJtQgHeDAp4qYLsxFrxJ7ILqecqw=",
            "content_base64sha512": "4RrPPbypwd/ymTrAhdAP15rknPedliHRyCKdW7+O2i2RzmQymza2/zAGUaWsreFJ+1P+F36pIdLLzs8niFcIXg==",
            "content_md5": "52c42b0ba4fd167c246d5a69a6d92a14",
            "content_sha1": "2a46cea8c7971f40b20b08f2c1b2dfa00cff44b9",
            "content_sha256": "f222f28cbe264157f1185d1726d4201de0c0a78a982ecc45af127b20ba9e72ac",
            "content_sha512": "e11acf3dbca9c1dff2993ac085d00fd79ae49cf79d9621d1c8229d5bbf8eda2d91ce64329b36b6ff300651a5acade149fb53fe177ea921d2cbcecf278857085e",
            "directory_permission": "0777",
            "file_permission": "0777",
            "filename": "../ansible/inventory.yml",
            "id": "2a46cea8c7971f40b20b08f2c1b2dfa00cff44b9",
            "sensitive_content": null,
            "source": null
          },
          "sensitive_attributes": [
            [
              {
                "type": "get_attr",
                "value": "sensitive_content"
              }
            ]
          ],
          "dependencies": [
            "google_compute_firewall.allow_ssh_load_generator",
            "google_compute_instance.load_generator",
            "google_container_cluster.gke_autopilot",
            "google_container_cluster.gke_standard",
            "module.enable_google_apis.data.google_compute_default_service_account.default",
            "module.enable_google_apis.google_project_iam_member.project_service_identity_roles",
            "module.enable_google_apis.google_project_service.project_services",
            "module.enable_google_apis.google_project_service_identity.project_service_identities",
            "null_resource.check_connectivity"
          ]
        }
      ]
    },
    {
      "mode": "managed",
      "type": "local_sensitive_file",
      "name": "private_key",
      "provider": "provider[\"registry.terraform.io/hashicorp/local\"]",
      "instances": [
        {
          "schema_version": 0,
          "attributes": {
            "content": "-----BEGIN RSA PRIVATE KEY-----\nMIIJKQIBAAKCAgEAx5pqGzS2mJJd4FVIyFxURZVjbKw4v9zFVKOmssYwKXmoj5oT\nW2K+ktJisM2JuD88BxB9btl4ZWPNYDvB0wATJhzqvBfqJTnDbLjS9LvbXw4Mqgbn\n2SETHUX0fnG0fLmir+0FyDdnpZhwr1Cvscoay4Wbewr/eurhauOxBdD/p9207gHQ\nVrtAJFzvE5LKGd0CdV8SKYzCo/LggLDSEjc5ra+JFphIVq/e0kx8Yy/vHZO0tXiC\n9eQ1s/ZSSVFRk0x945h0vLsDItfb1xIm7Q36Lbohcdi5w5dafSdpylUHxBnPt8vD\ntozvpIz/UQXJZdIBDnagNcGNEHHoFNxoQQlbqPzbEAwSBhiRqAr++AqE2yeJ8G5Z\nN4My12EOXENH9s3MVZFCYHefOiQUvxU2g7KiOQmgVRJ9E6A6tkSoAMBL/kXThmEr\nQjDaKonhoasau/TGtm2WJnO3Ecy25gfyZqJwNjat9SEfpJa6XwOJVmw+0GZ5lmCg\nLxfAO8xp8J9+YrkIfPgiXWGOzLvkytIVsl/WfaZR7PJCPLEAUuCUVTHh42MxYm5m\n+/UCiAo7v6Qnw6rY1I5LuYIhnTF0C1gJO2LJBq5u63Li+MD8/jKLAvXvfLvXfxS8\nP5p9LL//cjSQ4jzseuPycRWft6RaveP/5v+B9U/iiCceOVcYBE/eq94rcSECAwEA\nAQKCAgBzqKcpIo9XsyBQeDqXVuDB/UFCXDz599wkIjvaxXps3gDtTPNAdeRFwUDM\ngBz4NTP8R/LWw46++WitBZNXR2jRIdpmqVjUvzbdDe+3Pg9scgCmmR/JMiAYS0vT\n5OEXkJ2TYT2DeY9GZiGNhKx50cla+w1P69yEBgweWtddrnAlfhN0AnsNdq1BJNSn\nu9v9xpHBHxiwGM9EHt011L+1LGjwmpFOFWl9SaVMqGM/OixNMCR7Ltx7zQPNRsMB\nluw09RLRSasDHT5A92F8qxkBLaM00fDFPjbN/irB8I+dXU4FtIsnThwW8G2AJO9g\nrIC5zkksb1KAM6ogyFAZnmmOnfSM3bS74RlKK4Wafo3IelySYgKE+0u9QofmZeRv\nJqiMsZVHYU9xHGXq1KmI7uJh2S7vXSNw1NgiRm2s6BfJb+bCHMhCBXu2cGQwujZO\nP63zUNSJxvRcCICaTKhsug9zJ5MsmGPA/8coixO3igrxvYbIIUYvhLGJ2SssTnfn\nYyQBZSx1gZbrAL7XYdrkJMml1/uxg946mTH1lNHP2DmFra8iNU23KojI2tIsM9/S\nItKcCqdWZpCsi72g6BGujTUt51Hc5HqKW/CEzL6/XNVDbuVn4jnf7Ztye4wqbw2A\nXjStsA5QQCWu9DPZMQynTfMIWsF+BGolnySGwBJ0x0QUQs5b3QKCAQEA7qXf/lOx\n/nzusvmMSC0FyoMoZoOy9OKbhYYrEHYQ0RlqZ0742ljfyzAHlCG4COPSgIYchgJI\nOZ8irJNEMduJxekz32Sba0HXOmeIgB3SK1PCVnSQLPFaRrEsptA6AgfsornmrxUh\nTBegLbr81DSgzHXshaueuaYG09IiL+EIPW2uX+fxf8e31mYtrxl5q6LBMxdTKeq0\nGxXPrLcq1o07u+3kZSFUuR9VRNaxNZDgEKuAtgLVG02QbAeniB5DNsq8m/fDzH9s\ngmGOpnfLhWXqIK+WTOZFRANiBx5rY7kAKqUuy5ectS9FfbG+KjR/JZDi7LG9d+B2\nd9Zuu//OGGfR1wKCAQEA1h3FdHq5paI3cDhyCMhJUqpyNyO0xIhNLxyKWe2W1IOr\nU6WUojkEYqOLfNNK2NAURyrU4/mVa2vcCZKNWyg1bm7E/TJzpTLt2EOUGF+6Fkzy\n5NHz0Ab11o/wHYYnGvYpxomb6hGFiOjudQnbUCkoXit8UZuwpZR6HK15TNO33lhd\n/O7r/tVn7kpEjvYwx1ZC9/B9nxTglnWe+6+3ZzJUO95uQNIO1ieaFmsCRDH61Lc7\nxANh07uDlpZ4tEKcrQXfMZEYrludd3yDRKrQBv8+P4snQWmJft8xvawooBHhBz42\n9UfHL09lwuB2ubfXJrgYmMhbClCeBugwcKsoOw7lxwKCAQEAzj1Bp6wy7eiP7NIm\nvpVSJOJWPsngFSvlFW6OtuohvGMHhoJEI4ac2R8H3aeKQPyKBZJhAhrkyg9Ryux2\nCdRda1EPCCcM/ZNn6kxhNb8Py2vWThrsIjruNpuVKBBZoTmx8itQRcyv+u+L+RlY\nuBdHQ4tBvX9Ea9Ikolg+PTxvf47THIT5OuGhaULihikw8fh0mK+2qknwHlwqHmwp\nNEPX9KAxOoikjFucuCIGAXHTgfSFBkbKXo8YmZO/362vjqGEgBGN/6O7Za3jts9e\nbklWHatA6/IwuAdoZxiN3B+cGj6ogz/iKN7SYj8CRb0aiJ9+zOkKAZhVKVmCVyxJ\nsuO9/wKCAQA/Ko1D7aizCoYcXyqVGLE45/vF9IyxphxPF7ZhDUx/6VAz3xdYPEXk\n66aM7rCYAdrZm/MuRkUkaa+CS2/UQqpwp9EJeUbQp5OvR1B7WFJHne/SPXYWGteP\nsur9asRCmfh9D7+lcAHbAAzJDl1a6ql0DpQgZzPXxVO4/hxY4+TMfXlM0xdgGIkO\nrW5IVqzRQcuD5bjJo5kWCiEa0x3iHeDnwJj6Gn4yA4DbuDn08GG1O1EwZGcJ1bne\nRQna9APQr3jG4K1NUs3DoEIBkfrI9afhiyXLkFz1xtafxBhAEMY4IsyH0+MZO+0j\nbqDX7TpVu93VxNXG1z2nf/w6YOP/eEelAoIBAQCwm3GyPnux6oSoKzu16lGtnayj\ntW68N7YuRKelpIMEacF/1Ra/v5VTkigqvTE+WDi+leA9fKGlClS5C13pG5AppHii\nYF76ejORuX6KOt7G73+qRYLZ9rMDoOt5fS4Iu1gGKnexVZ9pezNgkyLxHvZcuoCu\nnLEDTIlmQNKIOiM4D7QmGTvH7CcnQrydhSH8HMOIk1XRMBh2Bcw4vX7EcyyxQxw6\nECub+LaOUuzocBqpw+/WQwsipLkZ86ZIMrbN9Mwj7dVfmv0OedTC3S0oAbqwITg3\nj1daWTxkZx1aTxsdO6ACj+6nzHCZWOMtay53rYgPvWkvk6AluQNOUBU+VuMs\n-----END RSA PRIVATE KEY-----\n",
            "content_base64": null,
            "content_base64sha256": "4BvEZI7yDfshlaCo/CiqNN6AsirVCSQYBwDaT9e5GDI=",
            "content_base64sha512": "5CUWDgkykVdcjncUGSsfxrzQLjVMAehle9a7RJ8/a+fXX4aTlMhhWNeXT4gqVHO10DN72iV2AQiJ5xehHrTZFw==",
            "content_md5": "4fa87973c9e5ea0c4e5798d82e2c4f56",
            "content_sha1": "55d733baf4c88d8b8948d4757eb0cf1a50c405ae",
            "content_sha256": "e01bc4648ef20dfb2195a0a8fc28aa34de80b22ad50924180700da4fd7b91832",
            "content_sha512": "e425160e093291575c8e7714192b1fc6bcd02e354c01e8657bd6bb449f3f6be7d75f869394c86158d7974f882a5473b5d0337bda2576010889e717a11eb4d917",
            "directory_permission": "0700",
            "file_permission": "0600",
            "filename": "./id_rsa",
            "id": "55d733baf4c88d8b8948d4757eb0cf1a50c405ae",
            "source": null
          },
          "sensitive_attributes": [
            [
              {
                "type": "get_attr",
                "value": "content"
              }
            ],
            [
              {
                "type": "get_attr",
                "value": "content_base64"
              }
            ]
          ],
          "dependencies": [
            "tls_private_key.ssh"
          ]
        }
      ]
    },
    {
      "mode": "managed",
      "type": "null_resource",
      "name": "check_connectivity",
      "provider": "provider[\"registry.terraform.io/hashicorp/null\"]",
      "instances": [
        {
          "schema_version": 0,
          "attributes": {
            "id": "3198715482038766912",
            "triggers": {
              "firewall_id": "projects/mosig-training/global/firewalls/online-boutique-allow-ssh-load-generator",
              "instance_id": "projects/mosig-training/zones/europe-west6-b/instances/online-boutique-load-generator"
            }
          },
          "sensitive_attributes": [],
          "dependencies": [
            "google_compute_firewall.allow_ssh_load_generator",
            "google_compute_instance.load_generator",
            "google_container_cluster.gke_autopilot",
            "google_container_cluster.gke_standard",
            "module.enable_google_apis.data.google_compute_default_service_account.default",
            "module.enable_google_apis.google_project_iam_member.project_service_identity_roles",
            "module.enable_google_apis.google_project_service.project_services",
            "module.enable_google_apis.google_project_service_identity.project_service_identities"
          ]
        }
      ]
    },
    {
      "mode": "managed",
      "type": "null_resource",
      "name": "deploy_load_generator",
      "provider": "provider[\"registry.terraform.io/hashicorp/null\"]",
      "instances": [
        {
          "schema_version": 0,
          "attributes": {
            "id": "7702147076346209617",
            "triggers": {
              "instance_id": "projects/mosig-training/zones/europe-west6-b/instances/online-boutique-load-generator"
            }
          },
          "sensitive_attributes": [],
          "dependencies": [
            "google_compute_firewall.allow_ssh_load_generator",
            "google_compute_instance.load_generator",
            "google_container_cluster.gke_autopilot",
            "google_container_cluster.gke_standard",
            "local_file.ansible_inventory",
            "module.enable_google_apis.data.google_compute_default_service_account.default",
            "module.enable_google_apis.google_project_iam_member.project_service_identity_roles",
            "module.enable_google_apis.google_project_service.project_services",
            "module.enable_google_apis.google_project_service_identity.project_service_identities",
            "module.gcloud.data.external.env_override",
            "module.gcloud.null_resource.additional_components",
            "module.gcloud.null_resource.additional_components_destroy",
            "module.gcloud.null_resource.decompress",
            "module.gcloud.null_resource.decompress_destroy",
            "module.gcloud.null_resource.download_gcloud",
            "module.gcloud.null_resource.download_jq",
            "module.gcloud.null_resource.gcloud_auth_google_credentials",
            "module.gcloud.null_resource.gcloud_auth_google_credentials_destroy",
            "module.gcloud.null_resource.gcloud_auth_service_account_key_file",
            "module.gcloud.null_resource.gcloud_auth_service_account_key_file_destroy",
            "module.gcloud.null_resource.module_depends_on",
            "module.gcloud.null_resource.prepare_cache",
            "module.gcloud.null_resource.run_command",
            "module.gcloud.null_resource.run_destroy_command",
            "module.gcloud.null_resource.upgrade",
            "module.gcloud.null_resource.upgrade_destroy",
            "module.gcloud.random_id.cache",
            "null_resource.check_connectivity",
            "null_resource.deploy_services_using_ansible",
            "null_resource.install_tools_load_generator"
          ]
        }
      ]
    },
    {
      "mode": "managed",
      "type": "null_resource",
      "name": "deploy_services_using_ansible",
      "provider": "provider[\"registry.terraform.io/hashicorp/null\"]",
      "instances": [
        {
          "schema_version": 0,
          "attributes": {
            "id": "3132747278156381925",
            "triggers": null
          },
          "sensitive_attributes": [],
          "dependencies": [
            "google_container_cluster.gke_autopilot",
            "google_container_cluster.gke_standard",
            "module.enable_google_apis.data.google_compute_default_service_account.default",
            "module.enable_google_apis.google_project_iam_member.project_service_identity_roles",
            "module.enable_google_apis.google_project_service.project_services",
            "module.enable_google_apis.google_project_service_identity.project_service_identities",
            "module.gcloud.data.external.env_override",
            "module.gcloud.null_resource.additional_components",
            "module.gcloud.null_resource.additional_components_destroy",
            "module.gcloud.null_resource.decompress",
            "module.gcloud.null_resource.decompress_destroy",
            "module.gcloud.null_resource.download_gcloud",
            "module.gcloud.null_resource.download_jq",
            "module.gcloud.null_resource.gcloud_auth_google_credentials",
            "module.gcloud.null_resource.gcloud_auth_google_credentials_destroy",
            "module.gcloud.null_resource.gcloud_auth_service_account_key_file",
            "module.gcloud.null_resource.gcloud_auth_service_account_key_file_destroy",
            "module.gcloud.null_resource.module_depends_on",
            "module.gcloud.null_resource.prepare_cache",
            "module.gcloud.null_resource.run_command",
            "module.gcloud.null_resource.run_destroy_command",
            "module.gcloud.null_resource.upgrade",
            "module.gcloud.null_resource.upgrade_destroy",
            "module.gcloud.random_id.cache"
          ]
        }
      ]
    },
    {
      "mode": "managed",
      "type": "null_resource",
      "name": "install_tools_load_generator",
      "provider": "provider[\"registry.terraform.io/hashicorp/null\"]",
      "instances": [
        {
          "schema_version": 0,
          "attributes": {
            "id": "4330440619804686523",
            "triggers": {
              "instance_id": "projects/mosig-training/zones/europe-west6-b/instances/online-boutique-load-generator"
            }
          },
          "sensitive_attributes": [],
          "dependencies": [
            "google_compute_firewall.allow_ssh_load_generator",
            "google_compute_instance.load_generator",
            "google_container_cluster.gke_autopilot",
            "google_container_cluster.gke_standard",
            "local_file.ansible_inventory",
            "module.enable_google_apis.data.google_compute_default_service_account.default",
            "module.enable_google_apis.google_project_iam_member.project_service_identity_roles",
            "module.enable_google_apis.google_project_service.project_services",
            "module.enable_google_apis.google_project_service_identity.project_service_identities",
            "null_resource.check_connectivity"
          ]
        }
      ]
    },
    {
      "mode": "managed",
      "type": "tls_private_key",
      "name": "ssh",
      "provider": "provider[\"registry.terraform.io/hashicorp/tls\"]",
      "instances": [
        {
          "schema_version": 1,
          "attributes": {
            "algorithm": "RSA",
            "ecdsa_curve": "P224",
            "id": "32aca23edb7978f0c9cb4c1faf474213311d289e",
            "private_key_openssh": "-----BEGIN OPENSSH PRIVATE KEY-----\nb3BlbnNzaC1rZXktdjEAAAAABG5vbmUAAAAEbm9uZQAAAAAAAAABAAACFwAAAAdz\nc2gtcnNhAAAAAwEAAQAAAgEAx5pqGzS2mJJd4FVIyFxURZVjbKw4v9zFVKOmssYw\nKXmoj5oTW2K+ktJisM2JuD88BxB9btl4ZWPNYDvB0wATJhzqvBfqJTnDbLjS9Lvb\nXw4Mqgbn2SETHUX0fnG0fLmir+0FyDdnpZhwr1Cvscoay4Wbewr/eurhauOxBdD/\np9207gHQVrtAJFzvE5LKGd0CdV8SKYzCo/LggLDSEjc5ra+JFphIVq/e0kx8Yy/v\nHZO0tXiC9eQ1s/ZSSVFRk0x945h0vLsDItfb1xIm7Q36Lbohcdi5w5dafSdpylUH\nxBnPt8vDtozvpIz/UQXJZdIBDnagNcGNEHHoFNxoQQlbqPzbEAwSBhiRqAr++AqE\n2yeJ8G5ZN4My12EOXENH9s3MVZFCYHefOiQUvxU2g7KiOQmgVRJ9E6A6tkSoAMBL\n/kXThmErQjDaKonhoasau/TGtm2WJnO3Ecy25gfyZqJwNjat9SEfpJa6XwOJVmw+\n0GZ5lmCgLxfAO8xp8J9+YrkIfPgiXWGOzLvkytIVsl/WfaZR7PJCPLEAUuCUVTHh\n42MxYm5m+/UCiAo7v6Qnw6rY1I5LuYIhnTF0C1gJO2LJBq5u63Li+MD8/jKLAvXv\nfLvXfxS8P5p9LL//cjSQ4jzseuPycRWft6RaveP/5v+B9U/iiCceOVcYBE/eq94r\ncSEAAAc4J1TPsCdUz7AAAAAHc3NoLXJzYQAAAgEAx5pqGzS2mJJd4FVIyFxURZVj\nbKw4v9zFVKOmssYwKXmoj5oTW2K+ktJisM2JuD88BxB9btl4ZWPNYDvB0wATJhzq\nvBfqJTnDbLjS9LvbXw4Mqgbn2SETHUX0fnG0fLmir+0FyDdnpZhwr1Cvscoay4Wb\newr/eurhauOxBdD/p9207gHQVrtAJFzvE5LKGd0CdV8SKYzCo/LggLDSEjc5ra+J\nFphIVq/e0kx8Yy/vHZO0tXiC9eQ1s/ZSSVFRk0x945h0vLsDItfb1xIm7Q36Lboh\ncdi5w5dafSdpylUHxBnPt8vDtozvpIz/UQXJZdIBDnagNcGNEHHoFNxoQQlbqPzb\nEAwSBhiRqAr++AqE2yeJ8G5ZN4My12EOXENH9s3MVZFCYHefOiQUvxU2g7KiOQmg\nVRJ9E6A6tkSoAMBL/kXThmErQjDaKonhoasau/TGtm2WJnO3Ecy25gfyZqJwNjat\n9SEfpJa6XwOJVmw+0GZ5lmCgLxfAO8xp8J9+YrkIfPgiXWGOzLvkytIVsl/WfaZR\n7PJCPLEAUuCUVTHh42MxYm5m+/UCiAo7v6Qnw6rY1I5LuYIhnTF0C1gJO2LJBq5u\n63Li+MD8/jKLAvXvfLvXfxS8P5p9LL//cjSQ4jzseuPycRWft6RaveP/5v+B9U/i\niCceOVcYBE/eq94rcSEAAAADAQABAAACAHOopykij1ezIFB4OpdW4MH9QUJcPPn3\n3CQiO9rFemzeAO1M80B15EXBQMyAHPg1M/xH8tbDjr75aK0Fk1dHaNEh2mapWNS/\nNt0N77c+D2xyAKaZH8kyIBhLS9Pk4ReQnZNhPYN5j0ZmIY2ErHnRyVr7DU/r3IQG\nDB5a112ucCV+E3QCew12rUEk1Ke72/3GkcEfGLAYz0Qe3TXUv7UsaPCakU4VaX1J\npUyoYz86LE0wJHsu3HvNA81GwwGW7DT1EtFJqwMdPkD3YXyrGQEtozTR8MU+Ns3+\nKsHwj51dTgW0iydOHBbwbYAk72CsgLnOSSxvUoAzqiDIUBmeaY6d9IzdtLvhGUor\nhZp+jch6XJJiAoT7S71Ch+Zl5G8mqIyxlUdhT3EcZerUqYju4mHZLu9dI3DU2CJG\nbazoF8lv5sIcyEIFe7ZwZDC6Nk4/rfNQ1InG9FwIgJpMqGy6D3MnkyyYY8D/xyiL\nE7eKCvG9hsghRi+EsYnZKyxOd+djJAFlLHWBlusAvtdh2uQkyaXX+7GD3jqZMfWU\n0c/YOYWtryI1TbcqiMja0iwz39Ii0pwKp1ZmkKyLvaDoEa6NNS3nUdzkeopb8ITM\nvr9c1UNu5WfiOd/tm3J7jCpvDYBeNK2wDlBAJa70M9kxDKdN8whawX4EaiWfJIbA\nEnTHRBRCzlvdAAABAQCwm3GyPnux6oSoKzu16lGtnayjtW68N7YuRKelpIMEacF/\n1Ra/v5VTkigqvTE+WDi+leA9fKGlClS5C13pG5AppHiiYF76ejORuX6KOt7G73+q\nRYLZ9rMDoOt5fS4Iu1gGKnexVZ9pezNgkyLxHvZcuoCunLEDTIlmQNKIOiM4D7Qm\nGTvH7CcnQrydhSH8HMOIk1XRMBh2Bcw4vX7EcyyxQxw6ECub+LaOUuzocBqpw+/W\nQwsipLkZ86ZIMrbN9Mwj7dVfmv0OedTC3S0oAbqwITg3j1daWTxkZx1aTxsdO6AC\nj+6nzHCZWOMtay53rYgPvWkvk6AluQNOUBU+VuMsAAABAQDupd/+U7H+fO6y+YxI\nLQXKgyhmg7L04puFhisQdhDRGWpnTvjaWN/LMAeUIbgI49KAhhyGAkg5nyKsk0Qx\n24nF6TPfZJtrQdc6Z4iAHdIrU8JWdJAs8VpGsSym0DoCB+yiueavFSFMF6AtuvzU\nNKDMdeyFq565pgbT0iIv4Qg9ba5f5/F/x7fWZi2vGXmrosEzF1Mp6rQbFc+styrW\njTu77eRlIVS5H1VE1rE1kOAQq4C2AtUbTZBsB6eIHkM2yryb98PMf2yCYY6md8uF\nZeogr5ZM5kVEA2IHHmtjuQAqpS7Ll5y1L0V9sb4qNH8lkOLssb134HZ31m67/84Y\nZ9HXAAABAQDWHcV0ermlojdwOHIIyElSqnI3I7TEiE0vHIpZ7ZbUg6tTpZSiOQRi\no4t800rY0BRHKtTj+ZVra9wJko1bKDVubsT9MnOlMu3YQ5QYX7oWTPLk0fPQBvXW\nj/Adhica9inGiZvqEYWI6O51CdtQKSheK3xRm7CllHocrXlM07feWF387uv+1Wfu\nSkSO9jDHVkL38H2fFOCWdZ77r7dnMlQ73m5A0g7WJ5oWawJEMfrUtzvEA2HTu4OW\nlni0QpytBd8xkRiuW513fINEqtAG/z4/iydBaYl+3zG9rCigEeEHPjb1R8cvT2XC\n4Ha5t9cmuBiYyFsKUJ4G6DBwqyg7DuXHAAAAAAEC\n-----END OPENSSH PRIVATE KEY-----\n",
            "private_key_pem": "-----BEGIN RSA PRIVATE KEY-----\nMIIJKQIBAAKCAgEAx5pqGzS2mJJd4FVIyFxURZVjbKw4v9zFVKOmssYwKXmoj5oT\nW2K+ktJisM2JuD88BxB9btl4ZWPNYDvB0wATJhzqvBfqJTnDbLjS9LvbXw4Mqgbn\n2SETHUX0fnG0fLmir+0FyDdnpZhwr1Cvscoay4Wbewr/eurhauOxBdD/p9207gHQ\nVrtAJFzvE5LKGd0CdV8SKYzCo/LggLDSEjc5ra+JFphIVq/e0kx8Yy/vHZO0tXiC\n9eQ1s/ZSSVFRk0x945h0vLsDItfb1xIm7Q36Lbohcdi5w5dafSdpylUHxBnPt8vD\ntozvpIz/UQXJZdIBDnagNcGNEHHoFNxoQQlbqPzbEAwSBhiRqAr++AqE2yeJ8G5Z\nN4My12EOXENH9s3MVZFCYHefOiQUvxU2g7KiOQmgVRJ9E6A6tkSoAMBL/kXThmEr\nQjDaKonhoasau/TGtm2WJnO3Ecy25gfyZqJwNjat9SEfpJa6XwOJVmw+0GZ5lmCg\nLxfAO8xp8J9+YrkIfPgiXWGOzLvkytIVsl/WfaZR7PJCPLEAUuCUVTHh42MxYm5m\n+/UCiAo7v6Qnw6rY1I5LuYIhnTF0C1gJO2LJBq5u63Li+MD8/jKLAvXvfLvXfxS8\nP5p9LL//cjSQ4jzseuPycRWft6RaveP/5v+B9U/iiCceOVcYBE/eq94rcSECAwEA\nAQKCAgBzqKcpIo9XsyBQeDqXVuDB/UFCXDz599wkIjvaxXps3gDtTPNAdeRFwUDM\ngBz4NTP8R/LWw46++WitBZNXR2jRIdpmqVjUvzbdDe+3Pg9scgCmmR/JMiAYS0vT\n5OEXkJ2TYT2DeY9GZiGNhKx50cla+w1P69yEBgweWtddrnAlfhN0AnsNdq1BJNSn\nu9v9xpHBHxiwGM9EHt011L+1LGjwmpFOFWl9SaVMqGM/OixNMCR7Ltx7zQPNRsMB\nluw09RLRSasDHT5A92F8qxkBLaM00fDFPjbN/irB8I+dXU4FtIsnThwW8G2AJO9g\nrIC5zkksb1KAM6ogyFAZnmmOnfSM3bS74RlKK4Wafo3IelySYgKE+0u9QofmZeRv\nJqiMsZVHYU9xHGXq1KmI7uJh2S7vXSNw1NgiRm2s6BfJb+bCHMhCBXu2cGQwujZO\nP63zUNSJxvRcCICaTKhsug9zJ5MsmGPA/8coixO3igrxvYbIIUYvhLGJ2SssTnfn\nYyQBZSx1gZbrAL7XYdrkJMml1/uxg946mTH1lNHP2DmFra8iNU23KojI2tIsM9/S\nItKcCqdWZpCsi72g6BGujTUt51Hc5HqKW/CEzL6/XNVDbuVn4jnf7Ztye4wqbw2A\nXjStsA5QQCWu9DPZMQynTfMIWsF+BGolnySGwBJ0x0QUQs5b3QKCAQEA7qXf/lOx\n/nzusvmMSC0FyoMoZoOy9OKbhYYrEHYQ0RlqZ0742ljfyzAHlCG4COPSgIYchgJI\nOZ8irJNEMduJxekz32Sba0HXOmeIgB3SK1PCVnSQLPFaRrEsptA6AgfsornmrxUh\nTBegLbr81DSgzHXshaueuaYG09IiL+EIPW2uX+fxf8e31mYtrxl5q6LBMxdTKeq0\nGxXPrLcq1o07u+3kZSFUuR9VRNaxNZDgEKuAtgLVG02QbAeniB5DNsq8m/fDzH9s\ngmGOpnfLhWXqIK+WTOZFRANiBx5rY7kAKqUuy5ectS9FfbG+KjR/JZDi7LG9d+B2\nd9Zuu//OGGfR1wKCAQEA1h3FdHq5paI3cDhyCMhJUqpyNyO0xIhNLxyKWe2W1IOr\nU6WUojkEYqOLfNNK2NAURyrU4/mVa2vcCZKNWyg1bm7E/TJzpTLt2EOUGF+6Fkzy\n5NHz0Ab11o/wHYYnGvYpxomb6hGFiOjudQnbUCkoXit8UZuwpZR6HK15TNO33lhd\n/O7r/tVn7kpEjvYwx1ZC9/B9nxTglnWe+6+3ZzJUO95uQNIO1ieaFmsCRDH61Lc7\nxANh07uDlpZ4tEKcrQXfMZEYrludd3yDRKrQBv8+P4snQWmJft8xvawooBHhBz42\n9UfHL09lwuB2ubfXJrgYmMhbClCeBugwcKsoOw7lxwKCAQEAzj1Bp6wy7eiP7NIm\nvpVSJOJWPsngFSvlFW6OtuohvGMHhoJEI4ac2R8H3aeKQPyKBZJhAhrkyg9Ryux2\nCdRda1EPCCcM/ZNn6kxhNb8Py2vWThrsIjruNpuVKBBZoTmx8itQRcyv+u+L+RlY\nuBdHQ4tBvX9Ea9Ikolg+PTxvf47THIT5OuGhaULihikw8fh0mK+2qknwHlwqHmwp\nNEPX9KAxOoikjFucuCIGAXHTgfSFBkbKXo8YmZO/362vjqGEgBGN/6O7Za3jts9e\nbklWHatA6/IwuAdoZxiN3B+cGj6ogz/iKN7SYj8CRb0aiJ9+zOkKAZhVKVmCVyxJ\nsuO9/wKCAQA/Ko1D7aizCoYcXyqVGLE45/vF9IyxphxPF7ZhDUx/6VAz3xdYPEXk\n66aM7rCYAdrZm/MuRkUkaa+CS2/UQqpwp9EJeUbQp5OvR1B7WFJHne/SPXYWGteP\nsur9asRCmfh9D7+lcAHbAAzJDl1a6ql0DpQgZzPXxVO4/hxY4+TMfXlM0xdgGIkO\nrW5IVqzRQcuD5bjJo5kWCiEa0x3iHeDnwJj6Gn4yA4DbuDn08GG1O1EwZGcJ1bne\nRQna9APQr3jG4K1NUs3DoEIBkfrI9afhiyXLkFz1xtafxBhAEMY4IsyH0+MZO+0j\nbqDX7TpVu93VxNXG1z2nf/w6YOP/eEelAoIBAQCwm3GyPnux6oSoKzu16lGtnayj\ntW68N7YuRKelpIMEacF/1Ra/v5VTkigqvTE+WDi+leA9fKGlClS5C13pG5AppHii\nYF76ejORuX6KOt7G73+qRYLZ9rMDoOt5fS4Iu1gGKnexVZ9pezNgkyLxHvZcuoCu\nnLEDTIlmQNKIOiM4D7QmGTvH7CcnQrydhSH8HMOIk1XRMBh2Bcw4vX7EcyyxQxw6\nECub+LaOUuzocBqpw+/WQwsipLkZ86ZIMrbN9Mwj7dVfmv0OedTC3S0oAbqwITg3\nj1daWTxkZx1aTxsdO6ACj+6nzHCZWOMtay53rYgPvWkvk6AluQNOUBU+VuMs\n-----END RSA PRIVATE KEY-----\n",
            "private_key_pem_pkcs8": "-----BEGIN PRIVATE KEY-----\nMIIJQwIBADANBgkqhkiG9w0BAQEFAASCCS0wggkpAgEAAoICAQDHmmobNLaYkl3g\nVUjIXFRFlWNsrDi/3MVUo6ayxjApeaiPmhNbYr6S0mKwzYm4PzwHEH1u2XhlY81g\nO8HTABMmHOq8F+olOcNsuNL0u9tfDgyqBufZIRMdRfR+cbR8uaKv7QXIN2elmHCv\nUK+xyhrLhZt7Cv966uFq47EF0P+n3bTuAdBWu0AkXO8TksoZ3QJ1XxIpjMKj8uCA\nsNISNzmtr4kWmEhWr97STHxjL+8dk7S1eIL15DWz9lJJUVGTTH3jmHS8uwMi19vX\nEibtDfotuiFx2LnDl1p9J2nKVQfEGc+3y8O2jO+kjP9RBcll0gEOdqA1wY0QcegU\n3GhBCVuo/NsQDBIGGJGoCv74CoTbJ4nwblk3gzLXYQ5cQ0f2zcxVkUJgd586JBS/\nFTaDsqI5CaBVEn0ToDq2RKgAwEv+RdOGYStCMNoqieGhqxq79Ma2bZYmc7cRzLbm\nB/JmonA2Nq31IR+klrpfA4lWbD7QZnmWYKAvF8A7zGnwn35iuQh8+CJdYY7Mu+TK\n0hWyX9Z9plHs8kI8sQBS4JRVMeHjYzFibmb79QKICju/pCfDqtjUjku5giGdMXQL\nWAk7YskGrm7rcuL4wPz+MosC9e98u9d/FLw/mn0sv/9yNJDiPOx64/JxFZ+3pFq9\n4//m/4H1T+KIJx45VxgET96r3itxIQIDAQABAoICAHOopykij1ezIFB4OpdW4MH9\nQUJcPPn33CQiO9rFemzeAO1M80B15EXBQMyAHPg1M/xH8tbDjr75aK0Fk1dHaNEh\n2mapWNS/Nt0N77c+D2xyAKaZH8kyIBhLS9Pk4ReQnZNhPYN5j0ZmIY2ErHnRyVr7\nDU/r3IQGDB5a112ucCV+E3QCew12rUEk1Ke72/3GkcEfGLAYz0Qe3TXUv7UsaPCa\nkU4VaX1JpUyoYz86LE0wJHsu3HvNA81GwwGW7DT1EtFJqwMdPkD3YXyrGQEtozTR\n8MU+Ns3+KsHwj51dTgW0iydOHBbwbYAk72CsgLnOSSxvUoAzqiDIUBmeaY6d9Izd\ntLvhGUorhZp+jch6XJJiAoT7S71Ch+Zl5G8mqIyxlUdhT3EcZerUqYju4mHZLu9d\nI3DU2CJGbazoF8lv5sIcyEIFe7ZwZDC6Nk4/rfNQ1InG9FwIgJpMqGy6D3MnkyyY\nY8D/xyiLE7eKCvG9hsghRi+EsYnZKyxOd+djJAFlLHWBlusAvtdh2uQkyaXX+7GD\n3jqZMfWU0c/YOYWtryI1TbcqiMja0iwz39Ii0pwKp1ZmkKyLvaDoEa6NNS3nUdzk\neopb8ITMvr9c1UNu5WfiOd/tm3J7jCpvDYBeNK2wDlBAJa70M9kxDKdN8whawX4E\naiWfJIbAEnTHRBRCzlvdAoIBAQDupd/+U7H+fO6y+YxILQXKgyhmg7L04puFhisQ\ndhDRGWpnTvjaWN/LMAeUIbgI49KAhhyGAkg5nyKsk0Qx24nF6TPfZJtrQdc6Z4iA\nHdIrU8JWdJAs8VpGsSym0DoCB+yiueavFSFMF6AtuvzUNKDMdeyFq565pgbT0iIv\n4Qg9ba5f5/F/x7fWZi2vGXmrosEzF1Mp6rQbFc+styrWjTu77eRlIVS5H1VE1rE1\nkOAQq4C2AtUbTZBsB6eIHkM2yryb98PMf2yCYY6md8uFZeogr5ZM5kVEA2IHHmtj\nuQAqpS7Ll5y1L0V9sb4qNH8lkOLssb134HZ31m67/84YZ9HXAoIBAQDWHcV0erml\nojdwOHIIyElSqnI3I7TEiE0vHIpZ7ZbUg6tTpZSiOQRio4t800rY0BRHKtTj+ZVr\na9wJko1bKDVubsT9MnOlMu3YQ5QYX7oWTPLk0fPQBvXWj/Adhica9inGiZvqEYWI\n6O51CdtQKSheK3xRm7CllHocrXlM07feWF387uv+1WfuSkSO9jDHVkL38H2fFOCW\ndZ77r7dnMlQ73m5A0g7WJ5oWawJEMfrUtzvEA2HTu4OWlni0QpytBd8xkRiuW513\nfINEqtAG/z4/iydBaYl+3zG9rCigEeEHPjb1R8cvT2XC4Ha5t9cmuBiYyFsKUJ4G\n6DBwqyg7DuXHAoIBAQDOPUGnrDLt6I/s0ia+lVIk4lY+yeAVK+UVbo626iG8YweG\ngkQjhpzZHwfdp4pA/IoFkmECGuTKD1HK7HYJ1F1rUQ8IJwz9k2fqTGE1vw/La9ZO\nGuwiOu42m5UoEFmhObHyK1BFzK/674v5GVi4F0dDi0G9f0Rr0iSiWD49PG9/jtMc\nhPk64aFpQuKGKTDx+HSYr7aqSfAeXCoebCk0Q9f0oDE6iKSMW5y4IgYBcdOB9IUG\nRspejxiZk7/fra+OoYSAEY3/o7tlreO2z15uSVYdq0Dr8jC4B2hnGI3cH5waPqiD\nP+Io3tJiPwJFvRqIn37M6QoBmFUpWYJXLEmy473/AoIBAD8qjUPtqLMKhhxfKpUY\nsTjn+8X0jLGmHE8XtmENTH/pUDPfF1g8ReTrpozusJgB2tmb8y5GRSRpr4JLb9RC\nqnCn0Ql5RtCnk69HUHtYUked79I9dhYa14+y6v1qxEKZ+H0Pv6VwAdsADMkOXVrq\nqXQOlCBnM9fFU7j+HFjj5Mx9eUzTF2AYiQ6tbkhWrNFBy4PluMmjmRYKIRrTHeId\n4OfAmPoafjIDgNu4OfTwYbU7UTBkZwnVud5FCdr0A9CveMbgrU1SzcOgQgGR+sj1\np+GLJcuQXPXG1p/EGEAQxjgizIfT4xk77SNuoNftOlW73dXE1cbXPad//Dpg4/94\nR6UCggEBALCbcbI+e7HqhKgrO7XqUa2drKO1brw3ti5Ep6WkgwRpwX/VFr+/lVOS\nKCq9MT5YOL6V4D18oaUKVLkLXekbkCmkeKJgXvp6M5G5foo63sbvf6pFgtn2swOg\n63l9Lgi7WAYqd7FVn2l7M2CTIvEe9ly6gK6csQNMiWZA0og6IzgPtCYZO8fsJydC\nvJ2FIfwcw4iTVdEwGHYFzDi9fsRzLLFDHDoQK5v4to5S7OhwGqnD79ZDCyKkuRnz\npkgyts30zCPt1V+a/Q551MLdLSgBurAhODePV1pZPGRnHVpPGx07oAKP7qfMcJlY\n4y1rLnetiA+9aS+ToCW5A05QFT5W4yw=\n-----END PRIVATE KEY-----\n",
            "public_key_fingerprint_md5": "77:51:64:ed:fc:25:09:c6:e2:ec:5c:b4:c3:39:5d:70",
            "public_key_fingerprint_sha256": "SHA256:SVExgvQpWPeUQyEv0fuOkB/9NsT8CXn/9FehmST5qhE",
            "public_key_openssh": "ssh-rsa AAAAB3NzaC1yc2EAAAADAQABAAACAQDHmmobNLaYkl3gVUjIXFRFlWNsrDi/3MVUo6ayxjApeaiPmhNbYr6S0mKwzYm4PzwHEH1u2XhlY81gO8HTABMmHOq8F+olOcNsuNL0u9tfDgyqBufZIRMdRfR+cbR8uaKv7QXIN2elmHCvUK+xyhrLhZt7Cv966uFq47EF0P+n3bTuAdBWu0AkXO8TksoZ3QJ1XxIpjMKj8uCAsNISNzmtr4kWmEhWr97STHxjL+8dk7S1eIL15DWz9lJJUVGTTH3jmHS8uwMi19vXEibtDfotuiFx2LnDl1p9J2nKVQfEGc+3y8O2jO+kjP9RBcll0gEOdqA1wY0QcegU3GhBCVuo/NsQDBIGGJGoCv74CoTbJ4nwblk3gzLXYQ5cQ0f2zcxVkUJgd586JBS/FTaDsqI5CaBVEn0ToDq2RKgAwEv+RdOGYStCMNoqieGhqxq79Ma2bZYmc7cRzLbmB/JmonA2Nq31IR+klrpfA4lWbD7QZnmWYKAvF8A7zGnwn35iuQh8+CJdYY7Mu+TK0hWyX9Z9plHs8kI8sQBS4JRVMeHjYzFibmb79QKICju/pCfDqtjUjku5giGdMXQLWAk7YskGrm7rcuL4wPz+MosC9e98u9d/FLw/mn0sv/9yNJDiPOx64/JxFZ+3pFq94//m/4H1T+KIJx45VxgET96r3itxIQ==\n",
            "public_key_pem": "-----BEGIN PUBLIC KEY-----\nMIICIjANBgkqhkiG9w0BAQEFAAOCAg8AMIICCgKCAgEAx5pqGzS2mJJd4FVIyFxU\nRZVjbKw4v9zFVKOmssYwKXmoj5oTW2K+ktJisM2JuD88BxB9btl4ZWPNYDvB0wAT\nJhzqvBfqJTnDbLjS9LvbXw4Mqgbn2SETHUX0fnG0fLmir+0FyDdnpZhwr1Cvscoa\ny4Wbewr/eurhauOxBdD/p9207gHQVrtAJFzvE5LKGd0CdV8SKYzCo/LggLDSEjc5\nra+JFphIVq/e0kx8Yy/vHZO0tXiC9eQ1s/ZSSVFRk0x945h0vLsDItfb1xIm7Q36\nLbohcdi5w5dafSdpylUHxBnPt8vDtozvpIz/UQXJZdIBDnagNcGNEHHoFNxoQQlb\nqPzbEAwSBhiRqAr++AqE2yeJ8G5ZN4My12EOXENH9s3MVZFCYHefOiQUvxU2g7Ki\nOQmgVRJ9E6A6tkSoAMBL/kXThmErQjDaKonhoasau/TGtm2WJnO3Ecy25gfyZqJw\nNjat9SEfpJa6XwOJVmw+0GZ5lmCgLxfAO8xp8J9+YrkIfPgiXWGOzLvkytIVsl/W\nfaZR7PJCPLEAUuCUVTHh42MxYm5m+/UCiAo7v6Qnw6rY1I5LuYIhnTF0C1gJO2LJ\nBq5u63Li+MD8/jKLAvXvfLvXfxS8P5p9LL//cjSQ4jzseuPycRWft6RaveP/5v+B\n9U/iiCceOVcYBE/eq94rcSECAwEAAQ==\n-----END PUBLIC KEY-----\n",
            "rsa_bits": 4096
          },
          "sensitive_attributes": [
            [
              {
                "type": "get_attr",
                "value": "private_key_openssh"
              }
            ],
            [
              {
                "type": "get_attr",
                "value": "private_key_pem_pkcs8"
              }
            ],
            [
              {
                "type": "get_attr",
                "value": "private_key_pem"
              }
            ]
          ]
        }
      ]
    },
    {
      "module": "module.enable_google_apis",
      "mode": "managed",
      "type": "google_project_service",
      "name": "project_services",
      "provider": "provider[\"registry.terraform.io/hashicorp/google\"]",
      "instances": [
        {
          "index_key": "compute.googleapis.com",
          "schema_version": 0,
          "attributes": {
            "disable_dependent_services": true,
            "disable_on_destroy": false,
            "id": "mosig-training/compute.googleapis.com",
            "project": "mosig-training",
            "service": "compute.googleapis.com",
            "timeouts": null
          },
          "sensitive_attributes": [],
          "private": "eyJlMmJmYjczMC1lY2FhLTExZTYtOGY4OC0zNDM2M2JjN2M0YzAiOnsiY3JlYXRlIjoxMjAwMDAwMDAwMDAwLCJkZWxldGUiOjEyMDAwMDAwMDAwMDAsInJlYWQiOjYwMDAwMDAwMDAwMCwidXBkYXRlIjoxMjAwMDAwMDAwMDAwfX0="
        },
        {
          "index_key": "container.googleapis.com",
          "schema_version": 0,
          "attributes": {
            "disable_dependent_services": true,
            "disable_on_destroy": false,
            "id": "mosig-training/container.googleapis.com",
            "project": "mosig-training",
            "service": "container.googleapis.com",
            "timeouts": null
          },
          "sensitive_attributes": [],
          "private": "eyJlMmJmYjczMC1lY2FhLTExZTYtOGY4OC0zNDM2M2JjN2M0YzAiOnsiY3JlYXRlIjoxMjAwMDAwMDAwMDAwLCJkZWxldGUiOjEyMDAwMDAwMDAwMDAsInJlYWQiOjYwMDAwMDAwMDAwMCwidXBkYXRlIjoxMjAwMDAwMDAwMDAwfX0="
        },
        {
          "index_key": "iam.googleapis.com",
          "schema_version": 0,
          "attributes": {
            "disable_dependent_services": true,
            "disable_on_destroy": false,
            "id": "mosig-training/iam.googleapis.com",
            "project": "mosig-training",
            "service": "iam.googleapis.com",
            "timeouts": null
          },
          "sensitive_attributes": [],
          "private": "eyJlMmJmYjczMC1lY2FhLTExZTYtOGY4OC0zNDM2M2JjN2M0YzAiOnsiY3JlYXRlIjoxMjAwMDAwMDAwMDAwLCJkZWxldGUiOjEyMDAwMDAwMDAwMDAsInJlYWQiOjYwMDAwMDAwMDAwMCwidXBkYXRlIjoxMjAwMDAwMDAwMDAwfX0="
        },
        {
          "index_key": "iamcredentials.googleapis.com",
          "schema_version": 0,
          "attributes": {
            "disable_dependent_services": true,
            "disable_on_destroy": false,
            "id": "mosig-training/iamcredentials.googleapis.com",
            "project": "mosig-training",
            "service": "iamcredentials.googleapis.com",
            "timeouts": null
          },
          "sensitive_attributes": [],
          "private": "eyJlMmJmYjczMC1lY2FhLTExZTYtOGY4OC0zNDM2M2JjN2M0YzAiOnsiY3JlYXRlIjoxMjAwMDAwMDAwMDAwLCJkZWxldGUiOjEyMDAwMDAwMDAwMDAsInJlYWQiOjYwMDAwMDAwMDAwMCwidXBkYXRlIjoxMjAwMDAwMDAwMDAwfX0="
        }
      ]
    },
    {
      "module": "module.gcloud",
      "mode": "data",
      "type": "external",
      "name": "env_override",
      "provider": "provider[\"registry.terraform.io/hashicorp/external\"]",
      "instances": [
        {
          "index_key": 0,
          "schema_version": 0,
          "attributes": {
            "id": "-",
            "program": [
              ".terraform/modules/gcloud/scripts/check_env.sh"
            ],
            "query": {},
            "result": {
              "download": ""
            },
            "working_dir": null
          },
          "sensitive_attributes": []
        }
      ]
    },
    {
      "module": "module.gcloud",
      "mode": "managed",
      "type": "null_resource",
      "name": "additional_components",
      "provider": "provider[\"registry.terraform.io/hashicorp/null\"]",
      "instances": [
        {
          "index_key": 0,
          "schema_version": 0,
          "attributes": {
            "id": "7597695664426284014",
            "triggers": {
              "additional_components_command": ".terraform/modules/gcloud/scripts/check_components.sh gcloud kubectl,beta",
              "arguments": "1094214de78ed4e6cef7c705e1d0e537",
              "md5": "7f22bf39aaf5ce5980111c3587bef5b5"
            }
          },
          "sensitive_attributes": [],
          "dependencies": [
            "google_container_cluster.gke_autopilot",
            "google_container_cluster.gke_standard",
            "module.enable_google_apis.data.google_compute_default_service_account.default",
            "module.enable_google_apis.google_project_iam_member.project_service_identity_roles",
            "module.enable_google_apis.google_project_service.project_services",
            "module.enable_google_apis.google_project_service_identity.project_service_identities",
            "module.gcloud.data.external.env_override",
            "module.gcloud.null_resource.decompress",
            "module.gcloud.null_resource.download_gcloud",
            "module.gcloud.null_resource.download_jq",
            "module.gcloud.null_resource.module_depends_on",
            "module.gcloud.null_resource.prepare_cache",
            "module.gcloud.null_resource.upgrade",
            "module.gcloud.random_id.cache"
          ]
        }
      ]
    },
    {
      "module": "module.gcloud",
      "mode": "managed",
      "type": "null_resource",
      "name": "additional_components_destroy",
      "provider": "provider[\"registry.terraform.io/hashicorp/null\"]",
      "instances": [
        {
          "index_key": 0,
          "schema_version": 0,
          "attributes": {
            "id": "2364683147794113020",
            "triggers": {
              "additional_components_command": ".terraform/modules/gcloud/scripts/check_components.sh gcloud kubectl,beta"
            }
          },
          "sensitive_attributes": [],
          "dependencies": [
            "google_container_cluster.gke_autopilot",
            "google_container_cluster.gke_standard",
            "module.enable_google_apis.data.google_compute_default_service_account.default",
            "module.enable_google_apis.google_project_iam_member.project_service_identity_roles",
            "module.enable_google_apis.google_project_service.project_services",
            "module.enable_google_apis.google_project_service_identity.project_service_identities",
            "module.gcloud.data.external.env_override",
            "module.gcloud.null_resource.additional_components",
            "module.gcloud.null_resource.decompress",
            "module.gcloud.null_resource.download_gcloud",
            "module.gcloud.null_resource.download_jq",
            "module.gcloud.null_resource.gcloud_auth_google_credentials",
            "module.gcloud.null_resource.gcloud_auth_service_account_key_file",
            "module.gcloud.null_resource.module_depends_on",
            "module.gcloud.null_resource.prepare_cache",
            "module.gcloud.null_resource.run_destroy_command",
            "module.gcloud.null_resource.upgrade",
            "module.gcloud.random_id.cache"
          ]
        }
      ]
    },
    {
      "module": "module.gcloud",
      "mode": "managed",
      "type": "null_resource",
      "name": "run_command",
      "provider": "provider[\"registry.terraform.io/hashicorp/null\"]",
      "instances": [
        {
          "index_key": 0,
          "schema_version": 0,
          "attributes": {
            "id": "3651624875261446082",
            "triggers": {
              "arguments": "1094214de78ed4e6cef7c705e1d0e537",
              "create_cmd_body": "container clusters get-credentials online-boutique --zone=europe-west6-b --project=mosig-training",
              "create_cmd_entrypoint": "gcloud",
              "gcloud_bin_abs_path": "/google-cloud-sdk/bin",
              "md5": "7f22bf39aaf5ce5980111c3587bef5b5"
            }
          },
          "sensitive_attributes": [],
          "dependencies": [
            "google_container_cluster.gke_autopilot",
            "google_container_cluster.gke_standard",
            "module.enable_google_apis.data.google_compute_default_service_account.default",
            "module.enable_google_apis.google_project_iam_member.project_service_identity_roles",
            "module.enable_google_apis.google_project_service.project_services",
            "module.enable_google_apis.google_project_service_identity.project_service_identities",
            "module.gcloud.data.external.env_override",
            "module.gcloud.null_resource.additional_components",
            "module.gcloud.null_resource.decompress",
            "module.gcloud.null_resource.download_gcloud",
            "module.gcloud.null_resource.download_jq",
            "module.gcloud.null_resource.gcloud_auth_google_credentials",
            "module.gcloud.null_resource.gcloud_auth_service_account_key_file",
            "module.gcloud.null_resource.module_depends_on",
            "module.gcloud.null_resource.prepare_cache",
            "module.gcloud.null_resource.upgrade",
            "module.gcloud.random_id.cache"
          ]
        }
      ]
    },
    {
      "module": "module.gcloud",
      "mode": "managed",
      "type": "null_resource",
      "name": "run_destroy_command",
      "provider": "provider[\"registry.terraform.io/hashicorp/null\"]",
      "instances": [
        {
          "index_key": 0,
          "schema_version": 0,
          "attributes": {
            "id": "6325733644903815013",
            "triggers": {
              "destroy_cmd_body": "info",
              "destroy_cmd_entrypoint": "gcloud",
              "gcloud_bin_abs_path": "/google-cloud-sdk/bin"
            }
          },
          "sensitive_attributes": [],
          "dependencies": [
            "google_container_cluster.gke_autopilot",
            "google_container_cluster.gke_standard",
            "module.enable_google_apis.data.google_compute_default_service_account.default",
            "module.enable_google_apis.google_project_iam_member.project_service_identity_roles",
            "module.enable_google_apis.google_project_service.project_services",
            "module.enable_google_apis.google_project_service_identity.project_service_identities",
            "module.gcloud.data.external.env_override",
            "module.gcloud.null_resource.additional_components",
            "module.gcloud.null_resource.decompress",
            "module.gcloud.null_resource.download_gcloud",
            "module.gcloud.null_resource.download_jq",
            "module.gcloud.null_resource.gcloud_auth_google_credentials",
            "module.gcloud.null_resource.gcloud_auth_service_account_key_file",
            "module.gcloud.null_resource.module_depends_on",
            "module.gcloud.null_resource.prepare_cache",
            "module.gcloud.null_resource.upgrade",
            "module.gcloud.random_id.cache"
          ]
        }
      ]
    }
  ],
  "check_results": null
}
