{
  "version": 4,
  "terraform_version": "1.9.0",
  "serial": 303,
  "lineage": "e61954e9-e48d-797d-7b28-626b881faa4f",
  "outputs": {
    "cluster_location": {
      "value": "europe-west6-b",
      "type": "string"
    },
    "cluster_name": {
      "value": "online-boutique",
      "type": "string"
    }
  },
  "resources": [
    {
      "mode": "data",
      "type": "google_client_config",
      "name": "current",
      "provider": "provider[\"registry.terraform.io/hashicorp/google\"]",
      "instances": [
        {
          "schema_version": 0,
          "attributes": {
            "access_token": "ya29.c.c0ASRK0GYB-rmb9_ZhNWmfWlrqU5cPc4dj9mlvhwOEygdQfXvP87zQvUau_Ilhcpf9Z_j1qsr-GxezVcqgS1XnrLiMPC1EiqO1JkqTW1G_f8COpYFBP2I0DR4KJSytLi6LIJVWo1UA9LGTOCHFIuEfu-PFvmi4MeGDwhp6czOtmoCQsdu_c1C12zxXgTBFxJlqIZD3XHQ9J_Kfkoo8AeHgfhrqORa9_QcOwtN-vAgIzz-54ZRUPf8e-RqIQxDpGdTbVfyf6JjhPeZ_m0DORSiunxWujDsrgz6OgmQ3OO0SU0mTMVGwl1bPudc5fQfepX2shYHrYLlleByHbbl_YvE-gtL4PfKfp3Cr0nvACxhO3JTBVOHBGniT2QLIT385PufxBoW7cq2rV3kb-79eF--_yn0xXIy-zuYgMp3mdc6a2_xbbJIfRS11XvvVJg4s4uxnJfacjl1S19ybWWJ4mk9gWcwndcg28gfh-vta5erMxyOWWOZgX9SUdQ_vaQrtkSpV3FXqQ81lnrwXe3kZ1Q6afS5U5U7zOUVJtsmolIx83U5UZjsdlsIaY9xwRSViI3ehphk48XMIxgJJaoV8ihvyXou4Vy0U8kyjS060lu3X-9rQIVyBp1mmBn7F22wIF5yVoUzeWJc2h8pZtiBoaav4RgBwjkt5ty8-h6u_u9fyaScvSVS-ejaUUmkuaxZp6uedzev_RfQhBdcVQpmIif1WZ1fVtJhj8dhaoFemx3Ut4wn6jUShbW0iwM_zfObrj1m5bSFxqIRn2QX_qn7bXq10vQ8aIkRx8nVbQ1I6zMdnignOpX3rpRba57p2rv6l2dy8VjIoMveIzl7bntd4nZ9vw4wRSFU4k9R9SSIF33FmrqjnYY8s7s3n5lgstUoe29RgQ5UWo6af7k978j5jBxl6e8lqie-aoh97k6u7jfgw1uX56_QmmpZrZgvn_0nj4MwVlg7aQURVjFkQWtzyOJxMlr043laXY2QuafRFUvxn1FOhYdSov8xUW9t",
            "default_labels": null,
            "id": "projects/\"mosig-training\"/regions/\"europe-west6\"/zones/\u003cnull\u003e",
            "project": "mosig-training",
            "region": "europe-west6",
            "zone": null
          },
          "sensitive_attributes": [
            [
              {
                "type": "get_attr",
                "value": "access_token"
              }
            ]
          ]
        }
      ]
    },
    {
      "mode": "data",
      "type": "google_client_config",
      "name": "default",
      "provider": "provider[\"registry.terraform.io/hashicorp/google\"]",
      "instances": [
        {
          "schema_version": 0,
          "attributes": {
            "access_token": "ya29.c.c0ASRK0GYB-rmb9_ZhNWmfWlrqU5cPc4dj9mlvhwOEygdQfXvP87zQvUau_Ilhcpf9Z_j1qsr-GxezVcqgS1XnrLiMPC1EiqO1JkqTW1G_f8COpYFBP2I0DR4KJSytLi6LIJVWo1UA9LGTOCHFIuEfu-PFvmi4MeGDwhp6czOtmoCQsdu_c1C12zxXgTBFxJlqIZD3XHQ9J_Kfkoo8AeHgfhrqORa9_QcOwtN-vAgIzz-54ZRUPf8e-RqIQxDpGdTbVfyf6JjhPeZ_m0DORSiunxWujDsrgz6OgmQ3OO0SU0mTMVGwl1bPudc5fQfepX2shYHrYLlleByHbbl_YvE-gtL4PfKfp3Cr0nvACxhO3JTBVOHBGniT2QLIT385PufxBoW7cq2rV3kb-79eF--_yn0xXIy-zuYgMp3mdc6a2_xbbJIfRS11XvvVJg4s4uxnJfacjl1S19ybWWJ4mk9gWcwndcg28gfh-vta5erMxyOWWOZgX9SUdQ_vaQrtkSpV3FXqQ81lnrwXe3kZ1Q6afS5U5U7zOUVJtsmolIx83U5UZjsdlsIaY9xwRSViI3ehphk48XMIxgJJaoV8ihvyXou4Vy0U8kyjS060lu3X-9rQIVyBp1mmBn7F22wIF5yVoUzeWJc2h8pZtiBoaav4RgBwjkt5ty8-h6u_u9fyaScvSVS-ejaUUmkuaxZp6uedzev_RfQhBdcVQpmIif1WZ1fVtJhj8dhaoFemx3Ut4wn6jUShbW0iwM_zfObrj1m5bSFxqIRn2QX_qn7bXq10vQ8aIkRx8nVbQ1I6zMdnignOpX3rpRba57p2rv6l2dy8VjIoMveIzl7bntd4nZ9vw4wRSFU4k9R9SSIF33FmrqjnYY8s7s3n5lgstUoe29RgQ5UWo6af7k978j5jBxl6e8lqie-aoh97k6u7jfgw1uX56_QmmpZrZgvn_0nj4MwVlg7aQURVjFkQWtzyOJxMlr043laXY2QuafRFUvxn1FOhYdSov8xUW9t",
            "default_labels": null,
            "id": "projects/\"mosig-training\"/regions/\"europe-west6\"/zones/\u003cnull\u003e",
            "project": "mosig-training",
            "region": "europe-west6",
            "zone": null
          },
          "sensitive_attributes": [
            [
              {
                "type": "get_attr",
                "value": "access_token"
              }
            ]
          ]
        }
      ]
    },
    {
      "mode": "managed",
      "type": "google_compute_firewall",
      "name": "allow_internal_ports",
      "provider": "provider[\"registry.terraform.io/hashicorp/google\"]",
      "instances": [
        {
          "schema_version": 1,
          "attributes": {
            "allow": [
              {
                "ports": [
                  "9646",
                  "8089"
                ],
                "protocol": "tcp"
              }
            ],
            "creation_timestamp": "2024-12-28T09:24:08.847-08:00",
            "deny": [],
            "description": "",
            "destination_ranges": [],
            "direction": "INGRESS",
            "disabled": false,
            "enable_logging": null,
            "id": "projects/mosig-training/global/firewalls/online-boutique-allow-internal-ports",
            "log_config": [],
            "name": "online-boutique-allow-internal-ports",
            "network": "https://www.googleapis.com/compute/v1/projects/mosig-training/global/networks/default",
            "priority": 1000,
            "project": "mosig-training",
            "self_link": "https://www.googleapis.com/compute/v1/projects/mosig-training/global/firewalls/online-boutique-allow-internal-ports",
            "source_ranges": [
              "10.0.0.0/8",
              "172.16.0.0/12",
              "192.168.0.0/16"
            ],
            "source_service_accounts": null,
            "source_tags": null,
            "target_service_accounts": null,
            "target_tags": [
              "load-generator"
            ],
            "timeouts": null
          },
          "sensitive_attributes": [],
          "private": "eyJlMmJmYjczMC1lY2FhLTExZTYtOGY4OC0zNDM2M2JjN2M0YzAiOnsiY3JlYXRlIjoxMjAwMDAwMDAwMDAwLCJkZWxldGUiOjEyMDAwMDAwMDAwMDAsInVwZGF0ZSI6MTIwMDAwMDAwMDAwMH0sInNjaGVtYV92ZXJzaW9uIjoiMSJ9"
        }
      ]
    },
    {
      "mode": "managed",
      "type": "google_compute_firewall",
      "name": "allow_ssh_load_generator",
      "provider": "provider[\"registry.terraform.io/hashicorp/google\"]",
      "instances": [
        {
          "schema_version": 1,
          "attributes": {
            "allow": [
              {
                "ports": [
                  "22",
                  "80",
                  "443"
                ],
                "protocol": "tcp"
              }
            ],
            "creation_timestamp": "2024-12-28T09:24:08.923-08:00",
            "deny": [],
            "description": "",
            "destination_ranges": [],
            "direction": "INGRESS",
            "disabled": false,
            "enable_logging": null,
            "id": "projects/mosig-training/global/firewalls/online-boutique-allow-ssh-load-generator",
            "log_config": [],
            "name": "online-boutique-allow-ssh-load-generator",
            "network": "https://www.googleapis.com/compute/v1/projects/mosig-training/global/networks/default",
            "priority": 1000,
            "project": "mosig-training",
            "self_link": "https://www.googleapis.com/compute/v1/projects/mosig-training/global/firewalls/online-boutique-allow-ssh-load-generator",
            "source_ranges": [
              "0.0.0.0/0"
            ],
            "source_service_accounts": null,
            "source_tags": null,
            "target_service_accounts": null,
            "target_tags": [
              "load-generator"
            ],
            "timeouts": null
          },
          "sensitive_attributes": [],
          "private": "eyJlMmJmYjczMC1lY2FhLTExZTYtOGY4OC0zNDM2M2JjN2M0YzAiOnsiY3JlYXRlIjoxMjAwMDAwMDAwMDAwLCJkZWxldGUiOjEyMDAwMDAwMDAwMDAsInVwZGF0ZSI6MTIwMDAwMDAwMDAwMH0sInNjaGVtYV92ZXJzaW9uIjoiMSJ9"
        }
      ]
    },
    {
      "mode": "managed",
      "type": "google_compute_instance",
      "name": "load_generator",
      "provider": "provider[\"registry.terraform.io/hashicorp/google\"]",
      "instances": [
        {
          "schema_version": 6,
          "attributes": {
            "advanced_machine_features": [],
            "allow_stopping_for_update": null,
            "attached_disk": [],
            "boot_disk": [
              {
                "auto_delete": true,
                "device_name": "persistent-disk-0",
                "disk_encryption_key_raw": "",
                "disk_encryption_key_sha256": "",
                "initialize_params": [
                  {
                    "enable_confidential_compute": false,
                    "image": "https://www.googleapis.com/compute/v1/projects/ubuntu-os-cloud/global/images/ubuntu-2004-focal-v20241219",
                    "labels": {},
                    "provisioned_iops": 0,
                    "provisioned_throughput": 0,
                    "resource_manager_tags": null,
                    "resource_policies": [],
                    "size": 10,
                    "storage_pool": "",
                    "type": "pd-standard"
                  }
                ],
                "interface": "",
                "kms_key_self_link": "",
                "mode": "READ_WRITE",
                "source": "https://www.googleapis.com/compute/v1/projects/mosig-training/zones/europe-west6-b/disks/online-boutique-load-generator"
              }
            ],
            "can_ip_forward": false,
            "confidential_instance_config": [],
            "cpu_platform": "Intel Broadwell",
            "creation_timestamp": "2024-12-28T09:33:51.543-08:00",
            "current_status": "RUNNING",
            "deletion_protection": false,
            "description": "",
            "desired_status": null,
            "effective_labels": {
              "goog-terraform-provisioned": "true"
            },
            "enable_display": false,
            "guest_accelerator": [],
            "hostname": "",
            "id": "projects/mosig-training/zones/europe-west6-b/instances/online-boutique-load-generator",
            "instance_id": "2188379251674024080",
            "key_revocation_action_type": "",
            "label_fingerprint": "vezUS-42LLM=",
            "labels": null,
            "machine_type": "e2-standard-2",
            "metadata": null,
            "metadata_fingerprint": "voB362gGqkQ=",
            "metadata_startup_script": null,
            "min_cpu_platform": "",
            "name": "online-boutique-load-generator",
            "network_interface": [
              {
                "access_config": [
                  {
                    "nat_ip": "34.65.142.191",
                    "network_tier": "PREMIUM",
                    "public_ptr_domain_name": ""
                  }
                ],
                "alias_ip_range": [],
                "internal_ipv6_prefix_length": 0,
                "ipv6_access_config": [],
                "ipv6_access_type": "",
                "ipv6_address": "",
                "name": "nic0",
                "network": "https://www.googleapis.com/compute/v1/projects/mosig-training/global/networks/default",
                "network_ip": "10.172.15.213",
                "nic_type": "",
                "queue_count": 0,
                "stack_type": "IPV4_ONLY",
                "subnetwork": "https://www.googleapis.com/compute/v1/projects/mosig-training/regions/europe-west6/subnetworks/default",
                "subnetwork_project": "mosig-training"
              }
            ],
            "network_performance_config": [],
            "params": [],
            "project": "mosig-training",
            "reservation_affinity": [],
            "resource_policies": null,
            "scheduling": [
              {
                "automatic_restart": true,
                "instance_termination_action": "",
                "local_ssd_recovery_timeout": [],
                "max_run_duration": [],
                "min_node_cpus": 0,
                "node_affinities": [],
                "on_host_maintenance": "MIGRATE",
                "on_instance_stop_action": [],
                "preemptible": false,
                "provisioning_model": "STANDARD"
              }
            ],
            "scratch_disk": [],
            "self_link": "https://www.googleapis.com/compute/v1/projects/mosig-training/zones/europe-west6-b/instances/online-boutique-load-generator",
            "service_account": [],
            "shielded_instance_config": [
              {
                "enable_integrity_monitoring": true,
                "enable_secure_boot": false,
                "enable_vtpm": true
              }
            ],
            "tags": [
              "load-generator"
            ],
            "tags_fingerprint": "iPw2rPChwHs=",
            "terraform_labels": {
              "goog-terraform-provisioned": "true"
            },
            "timeouts": null,
            "zone": "europe-west6-b"
          },
          "sensitive_attributes": [
            [
              {
                "type": "get_attr",
                "value": "boot_disk"
              },
              {
                "type": "index",
                "value": {
                  "value": 0,
                  "type": "number"
                }
              },
              {
                "type": "get_attr",
                "value": "disk_encryption_key_raw"
              }
            ]
          ],
          "private": "eyJlMmJmYjczMC1lY2FhLTExZTYtOGY4OC0zNDM2M2JjN2M0YzAiOnsiY3JlYXRlIjoxMjAwMDAwMDAwMDAwLCJkZWxldGUiOjEyMDAwMDAwMDAwMDAsInVwZGF0ZSI6MTIwMDAwMDAwMDAwMH0sInNjaGVtYV92ZXJzaW9uIjoiNiJ9",
          "dependencies": [
            "google_container_cluster.gke_autopilot",
            "google_container_cluster.gke_standard",
            "module.enable_google_apis.data.google_compute_default_service_account.default",
            "module.enable_google_apis.google_project_iam_member.project_service_identity_roles",
            "module.enable_google_apis.google_project_service.project_services",
            "module.enable_google_apis.google_project_service_identity.project_service_identities"
          ]
        }
      ]
    },
    {
      "mode": "managed",
      "type": "google_compute_project_metadata",
      "name": "default",
      "provider": "provider[\"registry.terraform.io/hashicorp/google\"]",
      "instances": [
        {
          "schema_version": 0,
          "attributes": {
            "id": "mosig-training",
            "metadata": {
              "ssh-keys": "root:ssh-rsa AAAAB3NzaC1yc2EAAAADAQABAAACAQDoeQdD7BbtgB1f0GFnIfBW7HImv72EfxCOyvWpYyvgx4KRof0TZoQK3Q9lTBN5y2qEscs8nO2y8sw/9M0ieb0+QimXZly9uMOTHDu3K14jCkCU+N4EDboUOt3aydbbAhdPpLC5wnUJmN0e8GJU2TVMWKuMMDwNyc4wu1ujHt97wK//B693t4cqB+hRuXIcr3c2dGa+OyozK5+uTQ5Dz9LWXfde3T/R/tcyj7gdw1qjeTjvpXO/80ebn2xSTMvCGrFwVmH7pvTN8Pu8qNEuU+hpV9aZ/OYFjRAKRcRDCAvuYMKzbAEN7PN5BPFVJV6Oz9mcfjjsqiXylsDpYa4J17LqrLxTDADg+ZHmaR4ma5sm0GWnvD5TVFr4lR7pEtQUiukt6Of2PPUMb4lgOQ1idQaH5ajBfw/sxOtTlw5BxNPGK3ntUipTrMTMd8ZvFhOXKQmVYLbAMogtW17YuJWdvWpAZCKm0Y4SGwNCL5voWkCtLOvfTPNVIElNPCOfgjk3pX68YrDgdiMc5GYcFh/SYAFo1VO5klubgwXXi7eHL6/kRqoInsOGS3tdE2AoGvhMWV4rpFH9aXIjDvi9Y24A/6zPrUy4OCYPIDsddeugFXpGUe1fXG8Mzv7A2PS+oWxedh5tmVqW6U7hLK/nvfCZTILrDgIcDRc6d4IQhsAezlBQBQ==\n"
            },
            "project": "mosig-training",
            "timeouts": null
          },
          "sensitive_attributes": [],
          "private": "eyJlMmJmYjczMC1lY2FhLTExZTYtOGY4OC0zNDM2M2JjN2M0YzAiOnsiY3JlYXRlIjoyNDAwMDAwMDAwMDAsImRlbGV0ZSI6MjQwMDAwMDAwMDAwfX0=",
          "dependencies": [
            "tls_private_key.ssh"
          ]
        }
      ]
    },
    {
      "mode": "managed",
      "type": "google_container_cluster",
      "name": "gke_standard",
      "provider": "provider[\"registry.terraform.io/hashicorp/google\"]",
      "instances": [
        {
          "index_key": 0,
          "schema_version": 2,
          "attributes": {
            "addons_config": [
              {
                "cloudrun_config": [],
                "config_connector_config": [],
                "dns_cache_config": [],
                "gce_persistent_disk_csi_driver_config": [
                  {
                    "enabled": true
                  }
                ],
                "gcp_filestore_csi_driver_config": [],
                "gcs_fuse_csi_driver_config": [],
                "gke_backup_agent_config": [],
                "horizontal_pod_autoscaling": [],
                "http_load_balancing": [],
                "network_policy_config": [
                  {
                    "disabled": true
                  }
                ],
                "ray_operator_config": [],
                "stateful_ha_config": []
              }
            ],
            "allow_net_admin": null,
            "authenticator_groups_config": [],
            "binary_authorization": [
              {
                "enabled": false,
                "evaluation_mode": ""
              }
            ],
            "cluster_autoscaling": [
              {
                "auto_provisioning_defaults": [],
                "auto_provisioning_locations": [],
                "autoscaling_profile": "BALANCED",
                "enabled": false,
                "resource_limits": []
              }
            ],
            "cluster_ipv4_cidr": "10.0.0.0/14",
            "confidential_nodes": [],
            "cost_management_config": [],
            "database_encryption": [
              {
                "key_name": "",
                "state": "DECRYPTED"
              }
            ],
            "datapath_provider": "",
            "default_max_pods_per_node": 110,
            "default_snat_status": [
              {
                "disabled": false
              }
            ],
            "deletion_protection": false,
            "description": "",
            "dns_config": [],
            "effective_labels": {
              "goog-terraform-provisioned": "true"
            },
            "enable_autopilot": false,
            "enable_cilium_clusterwide_network_policy": false,
            "enable_intranode_visibility": false,
            "enable_k8s_beta_apis": [],
            "enable_kubernetes_alpha": false,
            "enable_l4_ilb_subsetting": false,
            "enable_legacy_abac": false,
            "enable_multi_networking": false,
            "enable_shielded_nodes": true,
            "enable_tpu": false,
            "endpoint": "34.65.21.76",
            "fleet": [],
            "gateway_api_config": [],
            "id": "projects/mosig-training/locations/europe-west6-b/clusters/online-boutique",
            "identity_service_config": [],
            "initial_node_count": 1,
            "ip_allocation_policy": [
              {
                "additional_pod_ranges_config": [],
                "cluster_ipv4_cidr_block": "10.0.0.0/14",
                "cluster_secondary_range_name": "gke-online-boutique-pods-5f84606e",
                "pod_cidr_overprovision_config": [
                  {
                    "disabled": false
                  }
                ],
                "services_ipv4_cidr_block": "34.118.224.0/20",
                "services_secondary_range_name": "",
                "stack_type": "IPV4"
              }
            ],
            "label_fingerprint": "78cdf2f6",
            "location": "europe-west6-b",
            "logging_config": [
              {
                "enable_components": [
                  "SYSTEM_COMPONENTS",
                  "WORKLOADS"
                ]
              }
            ],
            "logging_service": "logging.googleapis.com/kubernetes",
            "maintenance_policy": [],
            "master_auth": [
              {
                "client_certificate": "",
                "client_certificate_config": [
                  {
                    "issue_client_certificate": false
                  }
                ],
                "client_key": "",
                "cluster_ca_certificate": "LS0tLS1CRUdJTiBDRVJUSUZJQ0FURS0tLS0tCk1JSUVMRENDQXBTZ0F3SUJBZ0lRZTh1ZVA5bGh5QWJGZkdQM2R4M2FJekFOQmdrcWhraUc5dzBCQVFzRkFEQXYKTVMwd0t3WURWUVFERXlRMFpEQXhORFk0T1MxbU9ETmtMVFJrTm1ZdFlqSTBOaTFqTlRZNE4yVTVaVEV4TURFdwpJQmNOTWpReE1qSTRNVFl5TkRFeldoZ1BNakExTkRFeU1qRXhOekkwTVROYU1DOHhMVEFyQmdOVkJBTVRKRFJrCk1ERTBOamc1TFdZNE0yUXROR1EyWmkxaU1qUTJMV00xTmpnM1pUbGxNVEV3TVRDQ0FhSXdEUVlKS29aSWh2Y04KQVFFQkJRQURnZ0dQQURDQ0FZb0NnZ0dCQU5vS2N2Vk9LRVhvKzVTbnhOVVhpWlpaUW9tSVlVaEJ2amVnMGdXdApqTXVlRWFiMkUyK284ZUVheHNaNndMZ1NoUTcvUWR6U3lFanVOWkZRU3JQR2JGcmNSYVkzNmVVZ3FhSlpnTlRyCjVKUERDYm9NdGd2L1hmaHJSUXVPRllJYnlkT2RsNzAvZlp5YzlZaHN0MzBYZXdpdDIrVytnalZBRFdIU2NNSCsKemhHRGpyQ1BEQmhtUk5OTm1QYmJUb2JSUkpEak1BcktRb3BZeGcxYnc0TUg5VHBTUFhkMzM3RE9ZTno3RmdxTwo5MWZ1OTgxV3lhVkJ0dXYyTG0rVXhBSVp2K01LQ1pqMFhmR3JFYWN4WUVsK2RaOVFMQ0d2VmI4ei9ZQlBjMmFzCmo1bHVGS1dBTUg2ejArYmlsc1VFbnBtdjhWMUxGMHFoZ3R2MnB6UnZtakNidHR3dGt6VjlTN1RWYXVYMGp5eWEKTk5MUXhmVkF4aktQQktESkZQOUY4OWR4Y2xqaUduZE80SlJBVGI5S0kvTjlYVzhHSi9vOVNsREFEMHQ5Y2N6UgpoN3cvVml4dm1FVldod3QwSURVM0o2ZE1vNkpSOFJKcDdqcWNkTVdKS1NocEVqMU5OMUk5ZC9FS2xKSnlYSVdPCmJBVzNWTGVzRzdqN0g3WVFZZDU4U09ndE1RSURBUUFCbzBJd1FEQU9CZ05WSFE4QkFmOEVCQU1DQWdRd0R3WUQKVlIwVEFRSC9CQVV3QXdFQi96QWRCZ05WSFE0RUZnUVVqTEY5cGRYMkoyUG00RWg3VzRkNGgydFFQSGt3RFFZSgpLb1pJaHZjTkFRRUxCUUFEZ2dHQkFIL1owMmtjMFpjRVZkSUdGblV2WlY0RGpUekd0Y3RqM2VjOVJsSHNVUk1uCm9rZ1lSMXE3eUR5c0J3QldEeXRMS3M5OWxKcVR0SStmQS91am9uWGhKNU1qYi9mTjhsdUpubHlCRkR5LzRpVkUKanp6VTdQWHRDRWdrK21oS3dodkc2VmxHbU9oSDJ5TlY4ZTBPWjlZL1M4a2prT2NNSWErMEJoaTlOeGpTd3Z1Vwo3aURwZWNpN0JsZ3RkZ1ZWVFh2UklUM2hzR1dqUkNNVGFCQlNEMlJkMmNrN3cycGhNVHlpK2kvQ3M0THBoMmdUCk9DaXdQZjFDV056ek12ME9zaWtUMmxmbTUxM3hyWGVvVC9QMU5nVXluRDJSaldEZ3BOZmU0L2RUczREMmRrZ2EKT3hLUG1ZOFljenJka2M5WG9sdVRzazNIMkcvMExvT2p3Z0VVZ1lOWjJJdkZWWFpGWTVPZXpHK2lRWmdsYUQxYQpNSXdNc0FUdWlUVnJKWWMxM3lFSVRxYjdyRFhISlVSRUZQRnZ2WGxIZk5aRlU1STlZQTBqR01FWk9qaEh6RksrCmUzOHpIbWVvSmZ6YjhBZVlob3h6MWpEN0ZrNEtod1lkSWd4Rk9sN0JvYktCZ2VjNDIrTzhudXc4aExybFAxNkYKSlh4eW5UUVpqc28yOE5SK3ZQdVJuUT09Ci0tLS0tRU5EIENFUlRJRklDQVRFLS0tLS0K"
              }
            ],
            "master_authorized_networks_config": [],
            "master_version": "1.30.6-gke.1125000",
            "mesh_certificates": [],
            "min_master_version": null,
            "monitoring_config": [
              {
                "advanced_datapath_observability_config": [
                  {
                    "enable_metrics": false,
                    "enable_relay": false
                  }
                ],
                "enable_components": [
                  "SYSTEM_COMPONENTS",
                  "DEPLOYMENT",
                  "STATEFULSET",
                  "STORAGE",
                  "HPA",
                  "POD",
                  "DAEMONSET",
                  "CADVISOR",
                  "KUBELET"
                ],
                "managed_prometheus": [
                  {
                    "enabled": true
                  }
                ]
              }
            ],
            "monitoring_service": "monitoring.googleapis.com/kubernetes",
            "name": "online-boutique",
            "network": "projects/mosig-training/global/networks/default",
            "network_policy": [
              {
                "enabled": false,
                "provider": "PROVIDER_UNSPECIFIED"
              }
            ],
            "networking_mode": "VPC_NATIVE",
            "node_config": [],
            "node_locations": [],
            "node_pool": [],
            "node_pool_auto_config": [],
            "node_pool_defaults": [
              {
                "node_config_defaults": [
                  {
                    "containerd_config": [],
                    "gcfs_config": [],
                    "insecure_kubelet_readonly_port_enabled": "FALSE",
                    "logging_variant": "DEFAULT"
                  }
                ]
              }
            ],
            "node_version": "1.30.6-gke.1125000",
            "notification_config": [
              {
                "pubsub": [
                  {
                    "enabled": false,
                    "filter": [],
                    "topic": ""
                  }
                ]
              }
            ],
            "operation": null,
            "private_cluster_config": [
              {
                "enable_private_endpoint": false,
                "enable_private_nodes": false,
                "master_global_access_config": [
                  {
                    "enabled": false
                  }
                ],
                "master_ipv4_cidr_block": "",
                "peering_name": "",
                "private_endpoint": "10.172.15.211",
                "private_endpoint_subnetwork": "",
                "public_endpoint": "34.65.21.76"
              }
            ],
            "private_ipv6_google_access": "",
            "project": "mosig-training",
            "release_channel": [
              {
                "channel": "REGULAR"
              }
            ],
            "remove_default_node_pool": true,
            "resource_labels": null,
            "resource_usage_export_config": [],
            "secret_manager_config": [
              {
                "enabled": false
              }
            ],
            "security_posture_config": [
              {
                "mode": "BASIC",
                "vulnerability_mode": "VULNERABILITY_MODE_UNSPECIFIED"
              }
            ],
            "self_link": "https://container.googleapis.com/v1/projects/mosig-training/zones/europe-west6-b/clusters/online-boutique",
            "service_external_ips_config": [
              {
                "enabled": false
              }
            ],
            "services_ipv4_cidr": "34.118.224.0/20",
            "subnetwork": "projects/mosig-training/regions/europe-west6/subnetworks/default",
            "terraform_labels": {
              "goog-terraform-provisioned": "true"
            },
            "timeouts": null,
            "tpu_ipv4_cidr_block": "",
            "vertical_pod_autoscaling": [],
            "workload_identity_config": [
              {
                "workload_pool": "mosig-training.svc.id.goog"
              }
            ]
          },
          "sensitive_attributes": [
            [
              {
                "type": "get_attr",
                "value": "master_auth"
              },
              {
                "type": "index",
                "value": {
                  "value": 0,
                  "type": "number"
                }
              },
              {
                "type": "get_attr",
                "value": "client_key"
              }
            ]
          ],
          "private": "eyJlMmJmYjczMC1lY2FhLTExZTYtOGY4OC0zNDM2M2JjN2M0YzAiOnsiY3JlYXRlIjoyNDAwMDAwMDAwMDAwLCJkZWxldGUiOjI0MDAwMDAwMDAwMDAsInJlYWQiOjI0MDAwMDAwMDAwMDAsInVwZGF0ZSI6MzYwMDAwMDAwMDAwMH0sInNjaGVtYV92ZXJzaW9uIjoiMiJ9",
          "dependencies": [
            "module.enable_google_apis.data.google_compute_default_service_account.default",
            "module.enable_google_apis.google_project_iam_member.project_service_identity_roles",
            "module.enable_google_apis.google_project_service.project_services",
            "module.enable_google_apis.google_project_service_identity.project_service_identities"
          ]
        }
      ]
    },
    {
      "mode": "managed",
      "type": "google_container_node_pool",
      "name": "primary_nodes",
      "provider": "provider[\"registry.terraform.io/hashicorp/google\"]",
      "instances": [
        {
          "index_key": 0,
          "schema_version": 1,
          "attributes": {
            "autoscaling": [],
            "cluster": "online-boutique",
            "id": "projects/mosig-training/locations/europe-west6-b/clusters/online-boutique/nodePools/online-boutique-node-pool",
            "initial_node_count": 4,
            "instance_group_urls": [
              "https://www.googleapis.com/compute/v1/projects/mosig-training/zones/europe-west6-b/instanceGroupManagers/gke-online-boutique-online-boutique-n-221e9647-grp"
            ],
            "location": "europe-west6-b",
            "managed_instance_group_urls": [
              "https://www.googleapis.com/compute/v1/projects/mosig-training/zones/europe-west6-b/instanceGroups/gke-online-boutique-online-boutique-n-221e9647-grp"
            ],
            "management": [
              {
                "auto_repair": true,
                "auto_upgrade": true
              }
            ],
            "max_pods_per_node": 110,
            "name": "online-boutique-node-pool",
            "name_prefix": "",
            "network_config": [
              {
                "additional_node_network_configs": [],
                "additional_pod_network_configs": [],
                "create_pod_range": false,
                "enable_private_nodes": false,
                "network_performance_config": [],
                "pod_cidr_overprovision_config": [],
                "pod_ipv4_cidr_block": "10.0.0.0/14",
                "pod_range": "gke-online-boutique-pods-5f84606e"
              }
            ],
            "node_config": [
              {
                "advanced_machine_features": [],
                "boot_disk_kms_key": "",
                "confidential_nodes": [],
                "containerd_config": [],
                "disk_size_gb": 100,
                "disk_type": "pd-balanced",
                "effective_taints": [],
                "enable_confidential_storage": false,
                "ephemeral_storage_local_ssd_config": [],
                "fast_socket": [],
                "gcfs_config": [],
                "guest_accelerator": [],
                "gvnic": [],
                "host_maintenance_policy": [],
                "image_type": "COS_CONTAINERD",
                "kubelet_config": [
                  {
                    "cpu_cfs_quota": false,
                    "cpu_cfs_quota_period": "",
                    "cpu_manager_policy": "",
                    "insecure_kubelet_readonly_port_enabled": "TRUE",
                    "pod_pids_limit": 0
                  }
                ],
                "labels": {},
                "linux_node_config": [],
                "local_nvme_ssd_block_config": [],
                "local_ssd_count": 0,
                "logging_variant": "DEFAULT",
                "machine_type": "e2-standard-2",
                "metadata": {
                  "disable-legacy-endpoints": "true"
                },
                "min_cpu_platform": "",
                "node_group": "",
                "oauth_scopes": [
                  "https://www.googleapis.com/auth/cloud-platform"
                ],
                "preemptible": false,
                "reservation_affinity": [],
                "resource_labels": null,
                "resource_manager_tags": null,
                "secondary_boot_disks": [],
                "service_account": "default",
                "shielded_instance_config": [
                  {
                    "enable_integrity_monitoring": true,
                    "enable_secure_boot": false
                  }
                ],
                "sole_tenant_config": [],
                "spot": false,
                "storage_pools": null,
                "tags": null,
                "taint": [],
                "workload_metadata_config": [
                  {
                    "mode": "GKE_METADATA"
                  }
                ]
              }
            ],
            "node_count": 4,
            "node_locations": [
              "europe-west6-b"
            ],
            "operation": null,
            "placement_policy": [],
            "project": "mosig-training",
            "queued_provisioning": [],
            "timeouts": null,
            "upgrade_settings": [
              {
                "blue_green_settings": [],
                "max_surge": 1,
                "max_unavailable": 0,
                "strategy": "SURGE"
              }
            ],
            "version": "1.30.6-gke.1125000"
          },
          "sensitive_attributes": [],
          "private": "eyJlMmJmYjczMC1lY2FhLTExZTYtOGY4OC0zNDM2M2JjN2M0YzAiOnsiY3JlYXRlIjoxODAwMDAwMDAwMDAwLCJkZWxldGUiOjE4MDAwMDAwMDAwMDAsInVwZGF0ZSI6MTgwMDAwMDAwMDAwMH0sInNjaGVtYV92ZXJzaW9uIjoiMSJ9",
          "dependencies": [
            "google_container_cluster.gke_standard",
            "module.enable_google_apis.data.google_compute_default_service_account.default",
            "module.enable_google_apis.google_project_iam_member.project_service_identity_roles",
            "module.enable_google_apis.google_project_service.project_services",
            "module.enable_google_apis.google_project_service_identity.project_service_identities"
          ]
        }
      ]
    },
    {
      "mode": "managed",
      "type": "google_service_account",
      "name": "loki_gcs",
      "provider": "provider[\"registry.terraform.io/hashicorp/google\"]",
      "instances": [
        {
          "schema_version": 0,
          "attributes": {
            "account_id": "loki-gcs",
            "create_ignore_already_exists": null,
            "description": "",
            "disabled": false,
            "display_name": "Loki Storage Account",
            "email": "loki-gcs@mosig-training.iam.gserviceaccount.com",
            "id": "projects/mosig-training/serviceAccounts/loki-gcs@mosig-training.iam.gserviceaccount.com",
            "member": "serviceAccount:loki-gcs@mosig-training.iam.gserviceaccount.com",
            "name": "projects/mosig-training/serviceAccounts/loki-gcs@mosig-training.iam.gserviceaccount.com",
            "project": "mosig-training",
            "timeouts": null,
            "unique_id": "115098552177851650560"
          },
          "sensitive_attributes": [],
          "private": "eyJlMmJmYjczMC1lY2FhLTExZTYtOGY4OC0zNDM2M2JjN2M0YzAiOnsiY3JlYXRlIjozMDAwMDAwMDAwMDB9fQ==",
          "dependencies": [
            "module.enable_google_apis.data.google_compute_default_service_account.default",
            "module.enable_google_apis.google_project_iam_member.project_service_identity_roles",
            "module.enable_google_apis.google_project_service.project_services",
            "module.enable_google_apis.google_project_service_identity.project_service_identities"
          ]
        }
      ]
    },
    {
      "mode": "managed",
      "type": "google_service_account_iam_binding",
      "name": "loki_sa_workload_identity",
      "provider": "provider[\"registry.terraform.io/hashicorp/google\"]",
      "instances": [
        {
          "schema_version": 0,
          "attributes": {
            "condition": [],
            "etag": "BwYqWAvIQw0=",
            "id": "projects/mosig-training/serviceAccounts/loki-gcs@mosig-training.iam.gserviceaccount.com/roles/iam.workloadIdentityUser",
            "members": [
              "serviceAccount:mosig-training.svc.id.goog[monitoring/loki]"
            ],
            "role": "roles/iam.workloadIdentityUser",
            "service_account_id": "projects/mosig-training/serviceAccounts/loki-gcs@mosig-training.iam.gserviceaccount.com"
          },
          "sensitive_attributes": [],
          "private": "bnVsbA==",
          "dependencies": [
            "data.google_client_config.current",
            "data.google_client_config.default",
            "google_container_cluster.gke_autopilot",
            "google_container_cluster.gke_standard",
            "google_service_account.loki_gcs",
            "kubernetes_service_account.loki_sa",
            "local_file.kubeconfig",
            "module.enable_google_apis.data.google_compute_default_service_account.default",
            "module.enable_google_apis.google_project_iam_member.project_service_identity_roles",
            "module.enable_google_apis.google_project_service.project_services",
            "module.enable_google_apis.google_project_service_identity.project_service_identities",
            "null_resource.deploy_services_using_ansible",
            "time_sleep.wait_for_cluster"
          ]
        }
      ]
    },
    {
      "mode": "managed",
      "type": "google_storage_bucket",
      "name": "loki_storage",
      "provider": "provider[\"registry.terraform.io/hashicorp/google\"]",
      "instances": [
        {
          "schema_version": 3,
          "attributes": {
            "autoclass": [],
            "cors": [],
            "custom_placement_config": [],
            "default_event_based_hold": false,
            "effective_labels": {
              "goog-terraform-provisioned": "true"
            },
            "enable_object_retention": false,
            "encryption": [],
            "force_destroy": true,
            "hierarchical_namespace": [
              {
                "enabled": false
              }
            ],
            "id": "loki-storage-tsdb-24",
            "labels": null,
            "lifecycle_rule": [
              {
                "action": [
                  {
                    "storage_class": "",
                    "type": "Delete"
                  }
                ],
                "condition": [
                  {
                    "age": 7,
                    "created_before": "",
                    "custom_time_before": "",
                    "days_since_custom_time": 0,
                    "days_since_noncurrent_time": 0,
                    "matches_prefix": [],
                    "matches_storage_class": [],
                    "matches_suffix": [],
                    "noncurrent_time_before": "",
                    "num_newer_versions": 0,
                    "send_age_if_zero": false,
                    "send_days_since_custom_time_if_zero": false,
                    "send_days_since_noncurrent_time_if_zero": false,
                    "send_num_newer_versions_if_zero": false,
                    "with_state": "ANY"
                  }
                ]
              }
            ],
            "location": "EUROPE-WEST6",
            "logging": [],
            "name": "loki-storage-tsdb-24",
            "project": "mosig-training",
            "project_number": 333711930160,
            "public_access_prevention": "inherited",
            "requester_pays": false,
            "retention_policy": [],
            "rpo": null,
            "self_link": "https://www.googleapis.com/storage/v1/b/loki-storage-tsdb-24",
            "soft_delete_policy": [
              {
                "effective_time": "2024-12-28T17:24:13.438Z",
                "retention_duration_seconds": 604800
              }
            ],
            "storage_class": "STANDARD",
            "terraform_labels": {
              "goog-terraform-provisioned": "true"
            },
            "timeouts": null,
            "uniform_bucket_level_access": true,
            "url": "gs://loki-storage-tsdb-24",
            "versioning": [
              {
                "enabled": false
              }
            ],
            "website": []
          },
          "sensitive_attributes": [],
          "private": "eyJlMmJmYjczMC1lY2FhLTExZTYtOGY4OC0zNDM2M2JjN2M0YzAiOnsiY3JlYXRlIjo2MDAwMDAwMDAwMDAsInJlYWQiOjI0MDAwMDAwMDAwMCwidXBkYXRlIjoyNDAwMDAwMDAwMDB9LCJzY2hlbWFfdmVyc2lvbiI6IjMifQ==",
          "dependencies": [
            "module.enable_google_apis.data.google_compute_default_service_account.default",
            "module.enable_google_apis.google_project_iam_member.project_service_identity_roles",
            "module.enable_google_apis.google_project_service.project_services",
            "module.enable_google_apis.google_project_service_identity.project_service_identities"
          ]
        }
      ]
    },
    {
      "mode": "managed",
      "type": "google_storage_bucket_iam_member",
      "name": "loki_storage_object_admin",
      "provider": "provider[\"registry.terraform.io/hashicorp/google\"]",
      "instances": [
        {
          "schema_version": 0,
          "attributes": {
            "bucket": "b/loki-storage-tsdb-24",
            "condition": [],
            "etag": "CAI=",
            "id": "b/loki-storage-tsdb-24/roles/storage.objectUser/serviceAccount:loki-gcs@mosig-training.iam.gserviceaccount.com",
            "member": "serviceAccount:loki-gcs@mosig-training.iam.gserviceaccount.com",
            "role": "roles/storage.objectUser"
          },
          "sensitive_attributes": [],
          "private": "bnVsbA==",
          "dependencies": [
            "google_service_account.loki_gcs",
            "google_storage_bucket.loki_storage",
            "module.enable_google_apis.data.google_compute_default_service_account.default",
            "module.enable_google_apis.google_project_iam_member.project_service_identity_roles",
            "module.enable_google_apis.google_project_service.project_services",
            "module.enable_google_apis.google_project_service_identity.project_service_identities"
          ]
        }
      ]
    },
    {
      "mode": "managed",
      "type": "kubernetes_service_account",
      "name": "loki_sa",
      "provider": "provider[\"registry.terraform.io/hashicorp/kubernetes\"]",
      "instances": [
        {
          "schema_version": 0,
          "attributes": {
            "automount_service_account_token": true,
            "default_secret_name": "",
            "id": "monitoring/loki",
            "image_pull_secret": [],
            "metadata": [
              {
                "annotations": {
                  "iam.gke.io/gcp-service-account": "loki-gcs@mosig-training.iam.gserviceaccount.com"
                },
                "generate_name": "",
                "generation": 0,
                "labels": null,
                "name": "loki",
                "namespace": "monitoring",
                "resource_version": "9544",
                "uid": "c3a6e380-b7c8-4546-8d22-9b72651101e1"
              }
            ],
            "secret": [],
            "timeouts": {
              "create": "5m"
            }
          },
          "sensitive_attributes": [],
          "private": "eyJlMmJmYjczMC1lY2FhLTExZTYtOGY4OC0zNDM2M2JjN2M0YzAiOnsiY3JlYXRlIjozMDAwMDAwMDAwMDB9fQ==",
          "dependencies": [
            "data.google_client_config.current",
            "data.google_client_config.default",
            "google_container_cluster.gke_autopilot",
            "google_container_cluster.gke_standard",
            "google_service_account.loki_gcs",
            "local_file.kubeconfig",
            "module.enable_google_apis.data.google_compute_default_service_account.default",
            "module.enable_google_apis.google_project_iam_member.project_service_identity_roles",
            "module.enable_google_apis.google_project_service.project_services",
            "module.enable_google_apis.google_project_service_identity.project_service_identities",
            "null_resource.deploy_services_using_ansible",
            "time_sleep.wait_for_cluster"
          ]
        }
      ]
    },
    {
      "mode": "managed",
      "type": "local_file",
      "name": "ansible_inventory",
      "provider": "provider[\"registry.terraform.io/hashicorp/local\"]",
      "instances": [
        {
          "schema_version": 0,
          "attributes": {
            "content": "all:\n  vars:\n    ansible_user: root\n    ansible_ssh_private_key_file: ../terraform/id_rsa\n    frontend_service_name: frontend-external\n    kubernetes_namespace: app\n\n  hosts:\n    load_generator:\n      ansible_host: 34.65.142.191\n      ansible_host_key_checking: false\n",
            "content_base64": null,
            "content_base64sha256": "rmhVD+7jUD47oINbcbdynRSXPA8VDONf46hZmLHFKZ4=",
            "content_base64sha512": "Phzlz/oda2iRAi23/1uN5fb7oRPJ+Owd83l7cgtQ23XDOccBZ5Sx+Iiyj0FRp8SzuPr529Emu/z8JNiUCXl40w==",
            "content_md5": "37eeeba5b89f0e006711fb20515a8fb4",
            "content_sha1": "af984879db65b2a4dc7461a47f5aa498437a7b7d",
            "content_sha256": "ae68550feee3503e3ba0835b71b7729d14973c0f150ce35fe3a85998b1c5299e",
            "content_sha512": "3e1ce5cffa1d6b6891022db7ff5b8de5f6fba113c9f8ec1df3797b720b50db75c339c7016794b1f888b28f4151a7c4b3b8faf9dbd126bbfcfc24d894097978d3",
            "directory_permission": "0777",
            "file_permission": "0777",
            "filename": "../ansible/inventory.yml",
            "id": "af984879db65b2a4dc7461a47f5aa498437a7b7d",
            "sensitive_content": null,
            "source": null
          },
          "sensitive_attributes": [
            [
              {
                "type": "get_attr",
                "value": "sensitive_content"
              }
            ]
          ],
          "dependencies": [
            "google_compute_firewall.allow_ssh_load_generator",
            "google_compute_instance.load_generator",
            "google_container_cluster.gke_autopilot",
            "google_container_cluster.gke_standard",
            "module.enable_google_apis.data.google_compute_default_service_account.default",
            "module.enable_google_apis.google_project_iam_member.project_service_identity_roles",
            "module.enable_google_apis.google_project_service.project_services",
            "module.enable_google_apis.google_project_service_identity.project_service_identities",
            "null_resource.check_connectivity"
          ]
        }
      ]
    },
    {
      "mode": "managed",
      "type": "local_file",
      "name": "kubeconfig",
      "provider": "provider[\"registry.terraform.io/hashicorp/local\"]",
      "instances": [
        {
          "schema_version": 0,
          "attributes": {
            "content": "apiVersion: v1\nkind: Config\npreferences: {}\ncurrent-context: online-boutique\n\nclusters:\n- cluster:\n    certificate-authority-data: LS0tLS1CRUdJTiBDRVJUSUZJQ0FURS0tLS0tCk1JSUVMRENDQXBTZ0F3SUJBZ0lRZTh1ZVA5bGh5QWJGZkdQM2R4M2FJekFOQmdrcWhraUc5dzBCQVFzRkFEQXYKTVMwd0t3WURWUVFERXlRMFpEQXhORFk0T1MxbU9ETmtMVFJrTm1ZdFlqSTBOaTFqTlRZNE4yVTVaVEV4TURFdwpJQmNOTWpReE1qSTRNVFl5TkRFeldoZ1BNakExTkRFeU1qRXhOekkwTVROYU1DOHhMVEFyQmdOVkJBTVRKRFJrCk1ERTBOamc1TFdZNE0yUXROR1EyWmkxaU1qUTJMV00xTmpnM1pUbGxNVEV3TVRDQ0FhSXdEUVlKS29aSWh2Y04KQVFFQkJRQURnZ0dQQURDQ0FZb0NnZ0dCQU5vS2N2Vk9LRVhvKzVTbnhOVVhpWlpaUW9tSVlVaEJ2amVnMGdXdApqTXVlRWFiMkUyK284ZUVheHNaNndMZ1NoUTcvUWR6U3lFanVOWkZRU3JQR2JGcmNSYVkzNmVVZ3FhSlpnTlRyCjVKUERDYm9NdGd2L1hmaHJSUXVPRllJYnlkT2RsNzAvZlp5YzlZaHN0MzBYZXdpdDIrVytnalZBRFdIU2NNSCsKemhHRGpyQ1BEQmhtUk5OTm1QYmJUb2JSUkpEak1BcktRb3BZeGcxYnc0TUg5VHBTUFhkMzM3RE9ZTno3RmdxTwo5MWZ1OTgxV3lhVkJ0dXYyTG0rVXhBSVp2K01LQ1pqMFhmR3JFYWN4WUVsK2RaOVFMQ0d2VmI4ei9ZQlBjMmFzCmo1bHVGS1dBTUg2ejArYmlsc1VFbnBtdjhWMUxGMHFoZ3R2MnB6UnZtakNidHR3dGt6VjlTN1RWYXVYMGp5eWEKTk5MUXhmVkF4aktQQktESkZQOUY4OWR4Y2xqaUduZE80SlJBVGI5S0kvTjlYVzhHSi9vOVNsREFEMHQ5Y2N6UgpoN3cvVml4dm1FVldod3QwSURVM0o2ZE1vNkpSOFJKcDdqcWNkTVdKS1NocEVqMU5OMUk5ZC9FS2xKSnlYSVdPCmJBVzNWTGVzRzdqN0g3WVFZZDU4U09ndE1RSURBUUFCbzBJd1FEQU9CZ05WSFE4QkFmOEVCQU1DQWdRd0R3WUQKVlIwVEFRSC9CQVV3QXdFQi96QWRCZ05WSFE0RUZnUVVqTEY5cGRYMkoyUG00RWg3VzRkNGgydFFQSGt3RFFZSgpLb1pJaHZjTkFRRUxCUUFEZ2dHQkFIL1owMmtjMFpjRVZkSUdGblV2WlY0RGpUekd0Y3RqM2VjOVJsSHNVUk1uCm9rZ1lSMXE3eUR5c0J3QldEeXRMS3M5OWxKcVR0SStmQS91am9uWGhKNU1qYi9mTjhsdUpubHlCRkR5LzRpVkUKanp6VTdQWHRDRWdrK21oS3dodkc2VmxHbU9oSDJ5TlY4ZTBPWjlZL1M4a2prT2NNSWErMEJoaTlOeGpTd3Z1Vwo3aURwZWNpN0JsZ3RkZ1ZWVFh2UklUM2hzR1dqUkNNVGFCQlNEMlJkMmNrN3cycGhNVHlpK2kvQ3M0THBoMmdUCk9DaXdQZjFDV056ek12ME9zaWtUMmxmbTUxM3hyWGVvVC9QMU5nVXluRDJSaldEZ3BOZmU0L2RUczREMmRrZ2EKT3hLUG1ZOFljenJka2M5WG9sdVRzazNIMkcvMExvT2p3Z0VVZ1lOWjJJdkZWWFpGWTVPZXpHK2lRWmdsYUQxYQpNSXdNc0FUdWlUVnJKWWMxM3lFSVRxYjdyRFhISlVSRUZQRnZ2WGxIZk5aRlU1STlZQTBqR01FWk9qaEh6RksrCmUzOHpIbWVvSmZ6YjhBZVlob3h6MWpEN0ZrNEtod1lkSWd4Rk9sN0JvYktCZ2VjNDIrTzhudXc4aExybFAxNkYKSlh4eW5UUVpqc28yOE5SK3ZQdVJuUT09Ci0tLS0tRU5EIENFUlRJRklDQVRFLS0tLS0K\n    server: https://34.65.21.76\n  name: online-boutique\n\ncontexts:\n- context:\n    cluster: online-boutique\n    user: online-boutique\n  name: online-boutique\n\nusers:\n- name: online-boutique\n  user:\n    token: ya29.c.c0ASRK0GYB-rmb9_ZhNWmfWlrqU5cPc4dj9mlvhwOEygdQfXvP87zQvUau_Ilhcpf9Z_j1qsr-GxezVcqgS1XnrLiMPC1EiqO1JkqTW1G_f8COpYFBP2I0DR4KJSytLi6LIJVWo1UA9LGTOCHFIuEfu-PFvmi4MeGDwhp6czOtmoCQsdu_c1C12zxXgTBFxJlqIZD3XHQ9J_Kfkoo8AeHgfhrqORa9_QcOwtN-vAgIzz-54ZRUPf8e-RqIQxDpGdTbVfyf6JjhPeZ_m0DORSiunxWujDsrgz6OgmQ3OO0SU0mTMVGwl1bPudc5fQfepX2shYHrYLlleByHbbl_YvE-gtL4PfKfp3Cr0nvACxhO3JTBVOHBGniT2QLIT385PufxBoW7cq2rV3kb-79eF--_yn0xXIy-zuYgMp3mdc6a2_xbbJIfRS11XvvVJg4s4uxnJfacjl1S19ybWWJ4mk9gWcwndcg28gfh-vta5erMxyOWWOZgX9SUdQ_vaQrtkSpV3FXqQ81lnrwXe3kZ1Q6afS5U5U7zOUVJtsmolIx83U5UZjsdlsIaY9xwRSViI3ehphk48XMIxgJJaoV8ihvyXou4Vy0U8kyjS060lu3X-9rQIVyBp1mmBn7F22wIF5yVoUzeWJc2h8pZtiBoaav4RgBwjkt5ty8-h6u_u9fyaScvSVS-ejaUUmkuaxZp6uedzev_RfQhBdcVQpmIif1WZ1fVtJhj8dhaoFemx3Ut4wn6jUShbW0iwM_zfObrj1m5bSFxqIRn2QX_qn7bXq10vQ8aIkRx8nVbQ1I6zMdnignOpX3rpRba57p2rv6l2dy8VjIoMveIzl7bntd4nZ9vw4wRSFU4k9R9SSIF33FmrqjnYY8s7s3n5lgstUoe29RgQ5UWo6af7k978j5jBxl6e8lqie-aoh97k6u7jfgw1uX56_QmmpZrZgvn_0nj4MwVlg7aQURVjFkQWtzyOJxMlr043laXY2QuafRFUvxn1FOhYdSov8xUW9t",
            "content_base64": null,
            "content_base64sha256": "tAv6uLFnYqpRSN5RGqMgOsJizR8yo4vKDx4Nw2m36D0=",
            "content_base64sha512": "qA9PrTbhD+nlk53UuoIXgfVSPDP5ZdvJbUkDTBIFsKW6oRd+V7LW5Ef0uGl3NNXmHN/AJX5eJMU+qubITQEuNg==",
            "content_md5": "0a986afd97f228cc99eb127dfb24e37b",
            "content_sha1": "adb3898da73b3ab7f55f9adf1f9c56f7ed4a4714",
            "content_sha256": "b40bfab8b16762aa5148de511aa3203ac262cd1f32a38bca0f1e0dc369b7e83d",
            "content_sha512": "a80f4fad36e10fe9e5939dd4ba821781f5523c33f965dbc96d49034c1205b0a5baa1177e57b2d6e447f4b8697734d5e61cdfc0257e5e24c53eaae6c84d012e36",
            "directory_permission": "0777",
            "file_permission": "0600",
            "filename": "/home/yassine/gke-cloud-project/terraform/kubeconfig",
            "id": "adb3898da73b3ab7f55f9adf1f9c56f7ed4a4714",
            "sensitive_content": null,
            "source": null
          },
          "sensitive_attributes": [
            [
              {
                "type": "get_attr",
                "value": "sensitive_content"
              }
            ],
            [
              {
                "type": "get_attr",
                "value": "content"
              }
            ]
          ],
          "dependencies": [
            "data.google_client_config.current",
            "google_container_cluster.gke_autopilot",
            "google_container_cluster.gke_standard",
            "module.enable_google_apis.data.google_compute_default_service_account.default",
            "module.enable_google_apis.google_project_iam_member.project_service_identity_roles",
            "module.enable_google_apis.google_project_service.project_services",
            "module.enable_google_apis.google_project_service_identity.project_service_identities"
          ]
        }
      ]
    },
    {
      "mode": "managed",
      "type": "local_sensitive_file",
      "name": "private_key",
      "provider": "provider[\"registry.terraform.io/hashicorp/local\"]",
      "instances": [
        {
          "schema_version": 0,
          "attributes": {
            "content": "-----BEGIN RSA PRIVATE KEY-----\nMIIJKAIBAAKCAgEA6HkHQ+wW7YAdX9BhZyHwVuxyJr+9hH8Qjsr1qWMr4MeCkaH9\nE2aECt0PZUwTectqhLHLPJztsvLMP/TNInm9PkIpl2ZcvbjDkxw7tyteIwpAlPje\nBA26FDrd2snW2wIXT6SwucJ1CZjdHvBiVNk1TFirjDA8DcnOMLtbox7fe8Cv/wev\nd7eHKgfoUblyHK93NnRmvjsqMyufrk0OQ8/S1l33Xt0/0f7XMo+4HcNao3k476Vz\nv/NHm59sUkzLwhqxcFZh+6b0zfD7vKjRLlPoaVfWmfzmBY0QCkXEQwgL7mDCs2wB\nDezzeQTxVSVejs/ZnH447Kol8pbA6WGuCdey6qy8UwwA4PmR5mkeJmubJtBlp7w+\nU1Ra+JUe6RLUFIrpLejn9jz1DG+JYDkNYnUGh+WowX8P7MTrU5cOQcTTxit57VIq\nU6zEzHfGbxYTlykJlWC2wDKILVte2LiVnb1qQGQiptGOEhsDQi+b6FpArSzr30zz\nVSBJTTwjn4I5N6V+vGKw4HYjHORmHBYf0mABaNVTuZJbm4MF14u3hy+v5EaqCJ7D\nhkt7XRNgKBr4TFleK6RR/WlyIw74vWNuAP+sz61MuDgmDyA7HXXroBV6RlHtX1xv\nDM7+wNj0vqFsXnYebZlalulO4Syv573wmUyC6w4CHA0XOneCEIbAHs5QUAUCAwEA\nAQKCAgEAls48alFzJiqf45H4PcEEej70ZjKoLJWJFjiPWIze3/hMuVCOLdGpAqsY\n26uYTsAon1/+6ZkbkaRz32Fc2WqD2ylsdayPqPt806fTDSXy8WQrNPikfZiyB4GQ\nfefFm1kl6iJ6CmcdKVaiyvlBsK0fKCG1V0HLE17AhVhlP9I9Q7hh81z29QB3jEqI\n6MsWPYmOGiM0q18SJxO7iISwJklhCnL2j/GS/xUEYOZel+AsojN3Pe7kwbZ903R9\n/n2XCJnsVWWUNn29/QLBK0eQOy9vazbyHf6y8RLrPt63TIyhwMfARkhf/rqhzvXn\n4EZXqukmz6AKKWzPJSmqhzs4fWYRx3I3KUauub8hF59vddEh870aBJiRVm43bqya\n5a9aAwaTTeh4xYXjT0xOb4vQAZ+tmxiMjpf1980I7II6Edi5z93TMYnmqqY293rh\nZGWA12nT6IYXpEXssxpepYAYiQQ/XwFkETB10d4UzUbGBYbEht7V5bNGwjj0gJ5c\nDicmT5oSYM89+9eXEFBh5kWnBx1Pr8JwCwe2LZwHMamjkSN83lXvjy2mNMojX3zd\nwFP9O7ZTfzSdq0XlcucrDgQvbBpzlTrBy/ZXW6ZDGsaZQ2heLFQB5R8LU0l0FHMA\nGl+6ljTgAMqpJUcytcgriG3vR69O8IeLqjZ51iFcd9EDCpQuzAECggEBAPUnoggG\ni9DwPORqZmw8RwvaE7YiR1SvVisf3sTvlEn3JU0Se/RFRx0DFcjPwoYurzCfFxIZ\nGGFUCy1N9efcHS1+XsKS5MuZQnIJAgDN2Z7fk/dsRl+isl1rx70XJxqeleu9h40g\nAHHdSro35tORHbM1zvIm3TiBRYrzmgYwcdU3zXMKqNwIYSd2iq5xR/rUmT+iKKwD\n/8Niyk20RN/0unLm8JpxSr8p7oqb2wP+J3nCXlXxSNYF/SIFKR/AWV5yEFpolmfJ\nM91VP6U5pFO2yTq5F4ovgM8ZBebHtfCG6q04Yzk+Vtk0v7lPkgv2RbbIlzE4XHa7\nITENEM4LfYNVPIUCggEBAPLBxZYJVfRV2K0KPGYr/J3dQZwFuZpBo0fquMh4EA6E\n30Qhy3Zil22u7+Wgn1IYS+X+uUWLM7Q9OjUVTt5/u0BrAepDQrlrC1FmxLQHb5rV\n93nJ+VCJP42Kb84jtkdpBoLUdP+30aPn0OxYMJwfRjuyWfR6U1H5FYlYUISLwsnY\noBegqKctglT6gt8nSsT/Qei4Sg0/BT6stk9oWBQ55NbrAox/BKpprUDTcbPK+Rl3\n54LhX9r3U0nHpp9jzgk2H+5yEVBlnKO4RvDvMsvJN4prTHPEef2QmSWGOpYnpDmu\nTp6gXQMuDltqKIZY84y6VzIKOoKlGa1vFCM+4yAG3YECggEAN/fuZAqqjO7r1/H6\npCc2yRvmeCRnSIwnDf1erHNN1X0ZBPl9Vw0h6Ru1M31LGbs6v8zyRW15RW8chiFQ\nTLjR6Hr7Q0yp81lv8/zeejSExGKis1AC2P6Z3f4nQaIxiUA/VeyVL8DomRY+Yzkz\n94Uf1LQqJNp+ktHggJKQzWzt8BGnU+ZRGrrHA21qx9yQ5FD5E6//vRXEpGS/bvIC\n72Y90tGqiHfo6q+2B+sBG25AsOmRA+nsCQChA81N0DPns0ozNZC/Fb63moZF24DH\nZV1Ln552I1QpAh7iXAeoH9uNZDKFZKI4zanfQ31JCHYXAF3XNqN5aJncQAiNl5zD\n8OHayQKCAQAtQcbOU+s8ZAzDJddgzO6Jl8g1iDOz+GyyaaYNaaTEsCzXjN1bssG8\nZxK+YpWRPopX1IdB2dPH1GpXnyNXA8UrG0f+Ho//9V7kzB372i8KVL2QbQEX7J52\nisqRScMfyQq3tVginGhvADbI+SAG2yXC11tB4tRJwgAr3NUWAOBNtR8TiJYopKlZ\nomJnq/GajGQDOOhFU+xsZNKQN0nEa46oKqQNAVkjVBRCs6jM9hg+kUYN9mpibh2O\n8bO0n2y39uk5EPb9YBQ1yZMgM9fqehbqrVpRct2zUhPbFQ0zFSzevApYNFli0GFI\n1Z+8fDTblZnP8Gw8Ev+Yf87nS0AYpm8BAoIBAFGIsa9U78rWHqtRq9PtWzPHegIn\nJXwNTnsYoeBPa9S8uTAsfQFZ0Qhmu1cosGZse/gutp9QfZsJbU91cGhz1t2lnIud\n03R+diacJbzzTxGcOdjNur5+lXZhrJ3Y//q3UG4b2+PGHGFaTGpjD5Q0H9k583K1\nvrpoySaAI/FbPto2K/v5Rrb9B8LSaOTLkhhkf2rQ0UPZQKiv2dI+7WIkdc10nn6s\nfeM343D4u+g+Ct9DHnZymOZAHfCMFs8SI4uTJFCUqpvzTL8hX0uNWxJgRuLKdfnq\nwqBdI81KQlqZqP+eIwb6eE5mdyKlJAhMP3mNRgsiSqQngUSwcjcLhuBwXlk=\n-----END RSA PRIVATE KEY-----\n",
            "content_base64": null,
            "content_base64sha256": "xOjuKcp9qQ2J1RNvgBg39ayhDGmSbIQBFQIA7BHXH/E=",
            "content_base64sha512": "y3W2w6IvrBM87mdR0y+LFmbIUEgzD+wV3c3bGpzkl3tfOZKG3mEB4MqhPFjF4GewuZuelou2X9px2sUbhXzSBQ==",
            "content_md5": "abcb8179f0c1ecb3df2cd5bb7edcb492",
            "content_sha1": "5fe9eef8750b4a9971284eb75cfdf98f10b9a28b",
            "content_sha256": "c4e8ee29ca7da90d89d5136f801837f5aca10c69926c8401150200ec11d71ff1",
            "content_sha512": "cb75b6c3a22fac133cee6751d32f8b1666c85048330fec15ddcddb1a9ce4977b5f399286de6101e0caa13c58c5e067b0b99b9e968bb65fda71dac51b857cd205",
            "directory_permission": "0700",
            "file_permission": "0600",
            "filename": "./id_rsa",
            "id": "5fe9eef8750b4a9971284eb75cfdf98f10b9a28b",
            "source": null
          },
          "sensitive_attributes": [
            [
              {
                "type": "get_attr",
                "value": "content"
              }
            ],
            [
              {
                "type": "get_attr",
                "value": "content_base64"
              }
            ]
          ],
          "dependencies": [
            "tls_private_key.ssh"
          ]
        }
      ]
    },
    {
      "mode": "managed",
      "type": "null_resource",
      "name": "check_connectivity",
      "provider": "provider[\"registry.terraform.io/hashicorp/null\"]",
      "instances": [
        {
          "schema_version": 0,
          "attributes": {
            "id": "9150641605841562121",
            "triggers": {
              "firewall_id": "projects/mosig-training/global/firewalls/online-boutique-allow-ssh-load-generator",
              "instance_id": "projects/mosig-training/zones/europe-west6-b/instances/online-boutique-load-generator"
            }
          },
          "sensitive_attributes": [],
          "dependencies": [
            "google_compute_firewall.allow_ssh_load_generator",
            "google_compute_instance.load_generator",
            "google_container_cluster.gke_autopilot",
            "google_container_cluster.gke_standard",
            "module.enable_google_apis.data.google_compute_default_service_account.default",
            "module.enable_google_apis.google_project_iam_member.project_service_identity_roles",
            "module.enable_google_apis.google_project_service.project_services",
            "module.enable_google_apis.google_project_service_identity.project_service_identities"
          ]
        }
      ]
    },
    {
      "mode": "managed",
      "type": "null_resource",
      "name": "deploy_load_generator",
      "provider": "provider[\"registry.terraform.io/hashicorp/null\"]",
      "instances": [
        {
          "schema_version": 0,
          "attributes": {
            "id": "7365762934020894341",
            "triggers": {
              "instance_id": "projects/mosig-training/zones/europe-west6-b/instances/online-boutique-load-generator"
            }
          },
          "sensitive_attributes": [],
          "dependencies": [
            "data.google_client_config.current",
            "google_compute_firewall.allow_ssh_load_generator",
            "google_compute_instance.load_generator",
            "google_container_cluster.gke_autopilot",
            "google_container_cluster.gke_standard",
            "local_file.ansible_inventory",
            "local_file.kubeconfig",
            "module.enable_google_apis.data.google_compute_default_service_account.default",
            "module.enable_google_apis.google_project_iam_member.project_service_identity_roles",
            "module.enable_google_apis.google_project_service.project_services",
            "module.enable_google_apis.google_project_service_identity.project_service_identities",
            "null_resource.check_connectivity",
            "null_resource.deploy_services_using_ansible",
            "null_resource.install_tools_load_generator"
          ]
        }
      ]
    },
    {
      "mode": "managed",
      "type": "null_resource",
      "name": "deploy_services_using_ansible",
      "provider": "provider[\"registry.terraform.io/hashicorp/null\"]",
      "instances": [
        {
          "schema_version": 0,
          "attributes": {
            "id": "5802321866631651063",
            "triggers": null
          },
          "sensitive_attributes": [],
          "dependencies": [
            "data.google_client_config.current",
            "google_container_cluster.gke_autopilot",
            "google_container_cluster.gke_standard",
            "local_file.kubeconfig",
            "module.enable_google_apis.data.google_compute_default_service_account.default",
            "module.enable_google_apis.google_project_iam_member.project_service_identity_roles",
            "module.enable_google_apis.google_project_service.project_services",
            "module.enable_google_apis.google_project_service_identity.project_service_identities"
          ]
        }
      ]
    },
    {
      "mode": "managed",
      "type": "null_resource",
      "name": "install_tools_load_generator",
      "provider": "provider[\"registry.terraform.io/hashicorp/null\"]",
      "instances": [
        {
          "schema_version": 0,
          "attributes": {
            "id": "1531214800780151996",
            "triggers": {
              "instance_id": "projects/mosig-training/zones/europe-west6-b/instances/online-boutique-load-generator"
            }
          },
          "sensitive_attributes": [],
          "dependencies": [
            "google_compute_firewall.allow_ssh_load_generator",
            "google_compute_instance.load_generator",
            "google_container_cluster.gke_autopilot",
            "google_container_cluster.gke_standard",
            "local_file.ansible_inventory",
            "module.enable_google_apis.data.google_compute_default_service_account.default",
            "module.enable_google_apis.google_project_iam_member.project_service_identity_roles",
            "module.enable_google_apis.google_project_service.project_services",
            "module.enable_google_apis.google_project_service_identity.project_service_identities",
            "null_resource.check_connectivity"
          ]
        }
      ]
    },
    {
      "mode": "managed",
      "type": "time_sleep",
      "name": "wait_for_cluster",
      "provider": "provider[\"registry.terraform.io/hashicorp/time\"]",
      "instances": [
        {
          "schema_version": 0,
          "attributes": {
            "create_duration": "60s",
            "destroy_duration": null,
            "id": "2024-12-28T17:34:51Z",
            "triggers": null
          },
          "sensitive_attributes": [],
          "dependencies": [
            "data.google_client_config.current",
            "google_container_cluster.gke_autopilot",
            "google_container_cluster.gke_standard",
            "local_file.kubeconfig",
            "module.enable_google_apis.data.google_compute_default_service_account.default",
            "module.enable_google_apis.google_project_iam_member.project_service_identity_roles",
            "module.enable_google_apis.google_project_service.project_services",
            "module.enable_google_apis.google_project_service_identity.project_service_identities"
          ]
        }
      ]
    },
    {
      "mode": "managed",
      "type": "tls_private_key",
      "name": "ssh",
      "provider": "provider[\"registry.terraform.io/hashicorp/tls\"]",
      "instances": [
        {
          "schema_version": 1,
          "attributes": {
            "algorithm": "RSA",
            "ecdsa_curve": "P224",
            "id": "3d15c72a2fe33292e9a371ea3f21f2e76855e21c",
            "private_key_openssh": "-----BEGIN OPENSSH PRIVATE KEY-----\nb3BlbnNzaC1rZXktdjEAAAAABG5vbmUAAAAEbm9uZQAAAAAAAAABAAACFwAAAAdz\nc2gtcnNhAAAAAwEAAQAAAgEA6HkHQ+wW7YAdX9BhZyHwVuxyJr+9hH8Qjsr1qWMr\n4MeCkaH9E2aECt0PZUwTectqhLHLPJztsvLMP/TNInm9PkIpl2ZcvbjDkxw7tyte\nIwpAlPjeBA26FDrd2snW2wIXT6SwucJ1CZjdHvBiVNk1TFirjDA8DcnOMLtbox7f\ne8Cv/wevd7eHKgfoUblyHK93NnRmvjsqMyufrk0OQ8/S1l33Xt0/0f7XMo+4HcNa\no3k476Vzv/NHm59sUkzLwhqxcFZh+6b0zfD7vKjRLlPoaVfWmfzmBY0QCkXEQwgL\n7mDCs2wBDezzeQTxVSVejs/ZnH447Kol8pbA6WGuCdey6qy8UwwA4PmR5mkeJmub\nJtBlp7w+U1Ra+JUe6RLUFIrpLejn9jz1DG+JYDkNYnUGh+WowX8P7MTrU5cOQcTT\nxit57VIqU6zEzHfGbxYTlykJlWC2wDKILVte2LiVnb1qQGQiptGOEhsDQi+b6FpA\nrSzr30zzVSBJTTwjn4I5N6V+vGKw4HYjHORmHBYf0mABaNVTuZJbm4MF14u3hy+v\n5EaqCJ7Dhkt7XRNgKBr4TFleK6RR/WlyIw74vWNuAP+sz61MuDgmDyA7HXXroBV6\nRlHtX1xvDM7+wNj0vqFsXnYebZlalulO4Syv573wmUyC6w4CHA0XOneCEIbAHs5Q\nUAUAAAc4OTtybzk7cm8AAAAHc3NoLXJzYQAAAgEA6HkHQ+wW7YAdX9BhZyHwVuxy\nJr+9hH8Qjsr1qWMr4MeCkaH9E2aECt0PZUwTectqhLHLPJztsvLMP/TNInm9PkIp\nl2ZcvbjDkxw7tyteIwpAlPjeBA26FDrd2snW2wIXT6SwucJ1CZjdHvBiVNk1TFir\njDA8DcnOMLtbox7fe8Cv/wevd7eHKgfoUblyHK93NnRmvjsqMyufrk0OQ8/S1l33\nXt0/0f7XMo+4HcNao3k476Vzv/NHm59sUkzLwhqxcFZh+6b0zfD7vKjRLlPoaVfW\nmfzmBY0QCkXEQwgL7mDCs2wBDezzeQTxVSVejs/ZnH447Kol8pbA6WGuCdey6qy8\nUwwA4PmR5mkeJmubJtBlp7w+U1Ra+JUe6RLUFIrpLejn9jz1DG+JYDkNYnUGh+Wo\nwX8P7MTrU5cOQcTTxit57VIqU6zEzHfGbxYTlykJlWC2wDKILVte2LiVnb1qQGQi\nptGOEhsDQi+b6FpArSzr30zzVSBJTTwjn4I5N6V+vGKw4HYjHORmHBYf0mABaNVT\nuZJbm4MF14u3hy+v5EaqCJ7Dhkt7XRNgKBr4TFleK6RR/WlyIw74vWNuAP+sz61M\nuDgmDyA7HXXroBV6RlHtX1xvDM7+wNj0vqFsXnYebZlalulO4Syv573wmUyC6w4C\nHA0XOneCEIbAHs5QUAUAAAADAQABAAACAQCWzjxqUXMmKp/jkfg9wQR6PvRmMqgs\nlYkWOI9YjN7f+Ey5UI4t0akCqxjbq5hOwCifX/7pmRuRpHPfYVzZaoPbKWx1rI+o\n+3zTp9MNJfLxZCs0+KR9mLIHgZB958WbWSXqInoKZx0pVqLK+UGwrR8oIbVXQcsT\nXsCFWGU/0j1DuGHzXPb1AHeMSojoyxY9iY4aIzSrXxInE7uIhLAmSWEKcvaP8ZL/\nFQRg5l6X4CyiM3c97uTBtn3TdH3+fZcImexVZZQ2fb39AsErR5A7L29rNvId/rLx\nEus+3rdMjKHAx8BGSF/+uqHO9efgRleq6SbPoAopbM8lKaqHOzh9ZhHHcjcpRq65\nvyEXn2910SHzvRoEmJFWbjdurJrlr1oDBpNN6HjFheNPTE5vi9ABn62bGIyOl/X3\nzQjsgjoR2LnP3dMxieaqpjb3euFkZYDXadPohhekReyzGl6lgBiJBD9fAWQRMHXR\n3hTNRsYFhsSG3tXls0bCOPSAnlwOJyZPmhJgzz3715cQUGHmRacHHU+vwnALB7Yt\nnAcxqaORI3zeVe+PLaY0yiNffN3AU/07tlN/NJ2rReVy5ysOBC9sGnOVOsHL9ldb\npkMaxplDaF4sVAHlHwtTSXQUcwAaX7qWNOAAyqklRzK1yCuIbe9Hr07wh4uqNnnW\nIVx30QMKlC7MAQAAAQBRiLGvVO/K1h6rUavT7Vszx3oCJyV8DU57GKHgT2vUvLkw\nLH0BWdEIZrtXKLBmbHv4LrafUH2bCW1PdXBoc9bdpZyLndN0fnYmnCW8808RnDnY\nzbq+fpV2Yayd2P/6t1BuG9vjxhxhWkxqYw+UNB/ZOfNytb66aMkmgCPxWz7aNiv7\n+Ua2/QfC0mjky5IYZH9q0NFD2UCor9nSPu1iJHXNdJ5+rH3jN+Nw+LvoPgrfQx52\ncpjmQB3wjBbPEiOLkyRQlKqb80y/IV9LjVsSYEbiynX56sKgXSPNSkJamaj/niMG\n+nhOZncipSQITD95jUYLIkqkJ4FEsHI3C4bgcF5ZAAABAQD1J6IIBovQ8DzkamZs\nPEcL2hO2IkdUr1YrH97E75RJ9yVNEnv0RUcdAxXIz8KGLq8wnxcSGRhhVAstTfXn\n3B0tfl7CkuTLmUJyCQIAzdme35P3bEZforJda8e9FycanpXrvYeNIABx3Uq6N+bT\nkR2zNc7yJt04gUWK85oGMHHVN81zCqjcCGEndoqucUf61Jk/oiisA//DYspNtETf\n9Lpy5vCacUq/Ke6Km9sD/id5wl5V8UjWBf0iBSkfwFlechBaaJZnyTPdVT+lOaRT\ntsk6uReKL4DPGQXmx7XwhuqtOGM5PlbZNL+5T5IL9kW2yJcxOFx2uyExDRDOC32D\nVTyFAAABAQDywcWWCVX0VditCjxmK/yd3UGcBbmaQaNH6rjIeBAOhN9EIct2Ypdt\nru/loJ9SGEvl/rlFizO0PTo1FU7ef7tAawHqQ0K5awtRZsS0B2+a1fd5yflQiT+N\nim/OI7ZHaQaC1HT/t9Gj59DsWDCcH0Y7sln0elNR+RWJWFCEi8LJ2KAXoKinLYJU\n+oLfJ0rE/0HouEoNPwU+rLZPaFgUOeTW6wKMfwSqaa1A03GzyvkZd+eC4V/a91NJ\nx6afY84JNh/uchFQZZyjuEbw7zLLyTeKa0xzxHn9kJklhjqWJ6Q5rk6eoF0DLg5b\naiiGWPOMulcyCjqCpRmtbxQjPuMgBt2BAAAAAAEC\n-----END OPENSSH PRIVATE KEY-----\n",
            "private_key_pem": "-----BEGIN RSA PRIVATE KEY-----\nMIIJKAIBAAKCAgEA6HkHQ+wW7YAdX9BhZyHwVuxyJr+9hH8Qjsr1qWMr4MeCkaH9\nE2aECt0PZUwTectqhLHLPJztsvLMP/TNInm9PkIpl2ZcvbjDkxw7tyteIwpAlPje\nBA26FDrd2snW2wIXT6SwucJ1CZjdHvBiVNk1TFirjDA8DcnOMLtbox7fe8Cv/wev\nd7eHKgfoUblyHK93NnRmvjsqMyufrk0OQ8/S1l33Xt0/0f7XMo+4HcNao3k476Vz\nv/NHm59sUkzLwhqxcFZh+6b0zfD7vKjRLlPoaVfWmfzmBY0QCkXEQwgL7mDCs2wB\nDezzeQTxVSVejs/ZnH447Kol8pbA6WGuCdey6qy8UwwA4PmR5mkeJmubJtBlp7w+\nU1Ra+JUe6RLUFIrpLejn9jz1DG+JYDkNYnUGh+WowX8P7MTrU5cOQcTTxit57VIq\nU6zEzHfGbxYTlykJlWC2wDKILVte2LiVnb1qQGQiptGOEhsDQi+b6FpArSzr30zz\nVSBJTTwjn4I5N6V+vGKw4HYjHORmHBYf0mABaNVTuZJbm4MF14u3hy+v5EaqCJ7D\nhkt7XRNgKBr4TFleK6RR/WlyIw74vWNuAP+sz61MuDgmDyA7HXXroBV6RlHtX1xv\nDM7+wNj0vqFsXnYebZlalulO4Syv573wmUyC6w4CHA0XOneCEIbAHs5QUAUCAwEA\nAQKCAgEAls48alFzJiqf45H4PcEEej70ZjKoLJWJFjiPWIze3/hMuVCOLdGpAqsY\n26uYTsAon1/+6ZkbkaRz32Fc2WqD2ylsdayPqPt806fTDSXy8WQrNPikfZiyB4GQ\nfefFm1kl6iJ6CmcdKVaiyvlBsK0fKCG1V0HLE17AhVhlP9I9Q7hh81z29QB3jEqI\n6MsWPYmOGiM0q18SJxO7iISwJklhCnL2j/GS/xUEYOZel+AsojN3Pe7kwbZ903R9\n/n2XCJnsVWWUNn29/QLBK0eQOy9vazbyHf6y8RLrPt63TIyhwMfARkhf/rqhzvXn\n4EZXqukmz6AKKWzPJSmqhzs4fWYRx3I3KUauub8hF59vddEh870aBJiRVm43bqya\n5a9aAwaTTeh4xYXjT0xOb4vQAZ+tmxiMjpf1980I7II6Edi5z93TMYnmqqY293rh\nZGWA12nT6IYXpEXssxpepYAYiQQ/XwFkETB10d4UzUbGBYbEht7V5bNGwjj0gJ5c\nDicmT5oSYM89+9eXEFBh5kWnBx1Pr8JwCwe2LZwHMamjkSN83lXvjy2mNMojX3zd\nwFP9O7ZTfzSdq0XlcucrDgQvbBpzlTrBy/ZXW6ZDGsaZQ2heLFQB5R8LU0l0FHMA\nGl+6ljTgAMqpJUcytcgriG3vR69O8IeLqjZ51iFcd9EDCpQuzAECggEBAPUnoggG\ni9DwPORqZmw8RwvaE7YiR1SvVisf3sTvlEn3JU0Se/RFRx0DFcjPwoYurzCfFxIZ\nGGFUCy1N9efcHS1+XsKS5MuZQnIJAgDN2Z7fk/dsRl+isl1rx70XJxqeleu9h40g\nAHHdSro35tORHbM1zvIm3TiBRYrzmgYwcdU3zXMKqNwIYSd2iq5xR/rUmT+iKKwD\n/8Niyk20RN/0unLm8JpxSr8p7oqb2wP+J3nCXlXxSNYF/SIFKR/AWV5yEFpolmfJ\nM91VP6U5pFO2yTq5F4ovgM8ZBebHtfCG6q04Yzk+Vtk0v7lPkgv2RbbIlzE4XHa7\nITENEM4LfYNVPIUCggEBAPLBxZYJVfRV2K0KPGYr/J3dQZwFuZpBo0fquMh4EA6E\n30Qhy3Zil22u7+Wgn1IYS+X+uUWLM7Q9OjUVTt5/u0BrAepDQrlrC1FmxLQHb5rV\n93nJ+VCJP42Kb84jtkdpBoLUdP+30aPn0OxYMJwfRjuyWfR6U1H5FYlYUISLwsnY\noBegqKctglT6gt8nSsT/Qei4Sg0/BT6stk9oWBQ55NbrAox/BKpprUDTcbPK+Rl3\n54LhX9r3U0nHpp9jzgk2H+5yEVBlnKO4RvDvMsvJN4prTHPEef2QmSWGOpYnpDmu\nTp6gXQMuDltqKIZY84y6VzIKOoKlGa1vFCM+4yAG3YECggEAN/fuZAqqjO7r1/H6\npCc2yRvmeCRnSIwnDf1erHNN1X0ZBPl9Vw0h6Ru1M31LGbs6v8zyRW15RW8chiFQ\nTLjR6Hr7Q0yp81lv8/zeejSExGKis1AC2P6Z3f4nQaIxiUA/VeyVL8DomRY+Yzkz\n94Uf1LQqJNp+ktHggJKQzWzt8BGnU+ZRGrrHA21qx9yQ5FD5E6//vRXEpGS/bvIC\n72Y90tGqiHfo6q+2B+sBG25AsOmRA+nsCQChA81N0DPns0ozNZC/Fb63moZF24DH\nZV1Ln552I1QpAh7iXAeoH9uNZDKFZKI4zanfQ31JCHYXAF3XNqN5aJncQAiNl5zD\n8OHayQKCAQAtQcbOU+s8ZAzDJddgzO6Jl8g1iDOz+GyyaaYNaaTEsCzXjN1bssG8\nZxK+YpWRPopX1IdB2dPH1GpXnyNXA8UrG0f+Ho//9V7kzB372i8KVL2QbQEX7J52\nisqRScMfyQq3tVginGhvADbI+SAG2yXC11tB4tRJwgAr3NUWAOBNtR8TiJYopKlZ\nomJnq/GajGQDOOhFU+xsZNKQN0nEa46oKqQNAVkjVBRCs6jM9hg+kUYN9mpibh2O\n8bO0n2y39uk5EPb9YBQ1yZMgM9fqehbqrVpRct2zUhPbFQ0zFSzevApYNFli0GFI\n1Z+8fDTblZnP8Gw8Ev+Yf87nS0AYpm8BAoIBAFGIsa9U78rWHqtRq9PtWzPHegIn\nJXwNTnsYoeBPa9S8uTAsfQFZ0Qhmu1cosGZse/gutp9QfZsJbU91cGhz1t2lnIud\n03R+diacJbzzTxGcOdjNur5+lXZhrJ3Y//q3UG4b2+PGHGFaTGpjD5Q0H9k583K1\nvrpoySaAI/FbPto2K/v5Rrb9B8LSaOTLkhhkf2rQ0UPZQKiv2dI+7WIkdc10nn6s\nfeM343D4u+g+Ct9DHnZymOZAHfCMFs8SI4uTJFCUqpvzTL8hX0uNWxJgRuLKdfnq\nwqBdI81KQlqZqP+eIwb6eE5mdyKlJAhMP3mNRgsiSqQngUSwcjcLhuBwXlk=\n-----END RSA PRIVATE KEY-----\n",
            "private_key_pem_pkcs8": "-----BEGIN PRIVATE KEY-----\nMIIJQgIBADANBgkqhkiG9w0BAQEFAASCCSwwggkoAgEAAoICAQDoeQdD7BbtgB1f\n0GFnIfBW7HImv72EfxCOyvWpYyvgx4KRof0TZoQK3Q9lTBN5y2qEscs8nO2y8sw/\n9M0ieb0+QimXZly9uMOTHDu3K14jCkCU+N4EDboUOt3aydbbAhdPpLC5wnUJmN0e\n8GJU2TVMWKuMMDwNyc4wu1ujHt97wK//B693t4cqB+hRuXIcr3c2dGa+OyozK5+u\nTQ5Dz9LWXfde3T/R/tcyj7gdw1qjeTjvpXO/80ebn2xSTMvCGrFwVmH7pvTN8Pu8\nqNEuU+hpV9aZ/OYFjRAKRcRDCAvuYMKzbAEN7PN5BPFVJV6Oz9mcfjjsqiXylsDp\nYa4J17LqrLxTDADg+ZHmaR4ma5sm0GWnvD5TVFr4lR7pEtQUiukt6Of2PPUMb4lg\nOQ1idQaH5ajBfw/sxOtTlw5BxNPGK3ntUipTrMTMd8ZvFhOXKQmVYLbAMogtW17Y\nuJWdvWpAZCKm0Y4SGwNCL5voWkCtLOvfTPNVIElNPCOfgjk3pX68YrDgdiMc5GYc\nFh/SYAFo1VO5klubgwXXi7eHL6/kRqoInsOGS3tdE2AoGvhMWV4rpFH9aXIjDvi9\nY24A/6zPrUy4OCYPIDsddeugFXpGUe1fXG8Mzv7A2PS+oWxedh5tmVqW6U7hLK/n\nvfCZTILrDgIcDRc6d4IQhsAezlBQBQIDAQABAoICAQCWzjxqUXMmKp/jkfg9wQR6\nPvRmMqgslYkWOI9YjN7f+Ey5UI4t0akCqxjbq5hOwCifX/7pmRuRpHPfYVzZaoPb\nKWx1rI+o+3zTp9MNJfLxZCs0+KR9mLIHgZB958WbWSXqInoKZx0pVqLK+UGwrR8o\nIbVXQcsTXsCFWGU/0j1DuGHzXPb1AHeMSojoyxY9iY4aIzSrXxInE7uIhLAmSWEK\ncvaP8ZL/FQRg5l6X4CyiM3c97uTBtn3TdH3+fZcImexVZZQ2fb39AsErR5A7L29r\nNvId/rLxEus+3rdMjKHAx8BGSF/+uqHO9efgRleq6SbPoAopbM8lKaqHOzh9ZhHH\ncjcpRq65vyEXn2910SHzvRoEmJFWbjdurJrlr1oDBpNN6HjFheNPTE5vi9ABn62b\nGIyOl/X3zQjsgjoR2LnP3dMxieaqpjb3euFkZYDXadPohhekReyzGl6lgBiJBD9f\nAWQRMHXR3hTNRsYFhsSG3tXls0bCOPSAnlwOJyZPmhJgzz3715cQUGHmRacHHU+v\nwnALB7YtnAcxqaORI3zeVe+PLaY0yiNffN3AU/07tlN/NJ2rReVy5ysOBC9sGnOV\nOsHL9ldbpkMaxplDaF4sVAHlHwtTSXQUcwAaX7qWNOAAyqklRzK1yCuIbe9Hr07w\nh4uqNnnWIVx30QMKlC7MAQKCAQEA9SeiCAaL0PA85GpmbDxHC9oTtiJHVK9WKx/e\nxO+USfclTRJ79EVHHQMVyM/Chi6vMJ8XEhkYYVQLLU3159wdLX5ewpLky5lCcgkC\nAM3Znt+T92xGX6KyXWvHvRcnGp6V672HjSAAcd1Kujfm05EdszXO8ibdOIFFivOa\nBjBx1TfNcwqo3AhhJ3aKrnFH+tSZP6IorAP/w2LKTbRE3/S6cubwmnFKvynuipvb\nA/4necJeVfFI1gX9IgUpH8BZXnIQWmiWZ8kz3VU/pTmkU7bJOrkXii+AzxkF5se1\n8IbqrThjOT5W2TS/uU+SC/ZFtsiXMThcdrshMQ0Qzgt9g1U8hQKCAQEA8sHFlglV\n9FXYrQo8Ziv8nd1BnAW5mkGjR+q4yHgQDoTfRCHLdmKXba7v5aCfUhhL5f65RYsz\ntD06NRVO3n+7QGsB6kNCuWsLUWbEtAdvmtX3ecn5UIk/jYpvziO2R2kGgtR0/7fR\no+fQ7FgwnB9GO7JZ9HpTUfkViVhQhIvCydigF6Copy2CVPqC3ydKxP9B6LhKDT8F\nPqy2T2hYFDnk1usCjH8EqmmtQNNxs8r5GXfnguFf2vdTScemn2POCTYf7nIRUGWc\no7hG8O8yy8k3imtMc8R5/ZCZJYY6liekOa5OnqBdAy4OW2oohljzjLpXMgo6gqUZ\nrW8UIz7jIAbdgQKCAQA39+5kCqqM7uvX8fqkJzbJG+Z4JGdIjCcN/V6sc03VfRkE\n+X1XDSHpG7UzfUsZuzq/zPJFbXlFbxyGIVBMuNHoevtDTKnzWW/z/N56NITEYqKz\nUALY/pnd/idBojGJQD9V7JUvwOiZFj5jOTP3hR/UtCok2n6S0eCAkpDNbO3wEadT\n5lEauscDbWrH3JDkUPkTr/+9FcSkZL9u8gLvZj3S0aqId+jqr7YH6wEbbkCw6ZED\n6ewJAKEDzU3QM+ezSjM1kL8VvreahkXbgMdlXUufnnYjVCkCHuJcB6gf241kMoVk\nojjNqd9DfUkIdhcAXdc2o3lomdxACI2XnMPw4drJAoIBAC1Bxs5T6zxkDMMl12DM\n7omXyDWIM7P4bLJppg1ppMSwLNeM3VuywbxnEr5ilZE+ilfUh0HZ08fUalefI1cD\nxSsbR/4ej//1XuTMHfvaLwpUvZBtARfsnnaKypFJwx/JCre1WCKcaG8ANsj5IAbb\nJcLXW0Hi1EnCACvc1RYA4E21HxOIliikqVmiYmer8ZqMZAM46EVT7Gxk0pA3ScRr\njqgqpA0BWSNUFEKzqMz2GD6RRg32amJuHY7xs7SfbLf26TkQ9v1gFDXJkyAz1+p6\nFuqtWlFy3bNSE9sVDTMVLN68Clg0WWLQYUjVn7x8NNuVmc/wbDwS/5h/zudLQBim\nbwECggEAUYixr1TvytYeq1Gr0+1bM8d6AiclfA1Oexih4E9r1Ly5MCx9AVnRCGa7\nVyiwZmx7+C62n1B9mwltT3VwaHPW3aWci53TdH52JpwlvPNPEZw52M26vn6VdmGs\nndj/+rdQbhvb48YcYVpMamMPlDQf2TnzcrW+umjJJoAj8Vs+2jYr+/lGtv0HwtJo\n5MuSGGR/atDRQ9lAqK/Z0j7tYiR1zXSefqx94zfjcPi76D4K30MednKY5kAd8IwW\nzxIji5MkUJSqm/NMvyFfS41bEmBG4sp1+erCoF0jzUpCWpmo/54jBvp4TmZ3IqUk\nCEw/eY1GCyJKpCeBRLByNwuG4HBeWQ==\n-----END PRIVATE KEY-----\n",
            "public_key_fingerprint_md5": "27:5f:65:8f:df:1c:b7:4f:d2:7d:cf:11:a8:a6:65:5f",
            "public_key_fingerprint_sha256": "SHA256:0/LRF1uQcFeGihPgdsCGJQSzUJ52OGGYRhU8bU8pWNI",
            "public_key_openssh": "ssh-rsa AAAAB3NzaC1yc2EAAAADAQABAAACAQDoeQdD7BbtgB1f0GFnIfBW7HImv72EfxCOyvWpYyvgx4KRof0TZoQK3Q9lTBN5y2qEscs8nO2y8sw/9M0ieb0+QimXZly9uMOTHDu3K14jCkCU+N4EDboUOt3aydbbAhdPpLC5wnUJmN0e8GJU2TVMWKuMMDwNyc4wu1ujHt97wK//B693t4cqB+hRuXIcr3c2dGa+OyozK5+uTQ5Dz9LWXfde3T/R/tcyj7gdw1qjeTjvpXO/80ebn2xSTMvCGrFwVmH7pvTN8Pu8qNEuU+hpV9aZ/OYFjRAKRcRDCAvuYMKzbAEN7PN5BPFVJV6Oz9mcfjjsqiXylsDpYa4J17LqrLxTDADg+ZHmaR4ma5sm0GWnvD5TVFr4lR7pEtQUiukt6Of2PPUMb4lgOQ1idQaH5ajBfw/sxOtTlw5BxNPGK3ntUipTrMTMd8ZvFhOXKQmVYLbAMogtW17YuJWdvWpAZCKm0Y4SGwNCL5voWkCtLOvfTPNVIElNPCOfgjk3pX68YrDgdiMc5GYcFh/SYAFo1VO5klubgwXXi7eHL6/kRqoInsOGS3tdE2AoGvhMWV4rpFH9aXIjDvi9Y24A/6zPrUy4OCYPIDsddeugFXpGUe1fXG8Mzv7A2PS+oWxedh5tmVqW6U7hLK/nvfCZTILrDgIcDRc6d4IQhsAezlBQBQ==\n",
            "public_key_pem": "-----BEGIN PUBLIC KEY-----\nMIICIjANBgkqhkiG9w0BAQEFAAOCAg8AMIICCgKCAgEA6HkHQ+wW7YAdX9BhZyHw\nVuxyJr+9hH8Qjsr1qWMr4MeCkaH9E2aECt0PZUwTectqhLHLPJztsvLMP/TNInm9\nPkIpl2ZcvbjDkxw7tyteIwpAlPjeBA26FDrd2snW2wIXT6SwucJ1CZjdHvBiVNk1\nTFirjDA8DcnOMLtbox7fe8Cv/wevd7eHKgfoUblyHK93NnRmvjsqMyufrk0OQ8/S\n1l33Xt0/0f7XMo+4HcNao3k476Vzv/NHm59sUkzLwhqxcFZh+6b0zfD7vKjRLlPo\naVfWmfzmBY0QCkXEQwgL7mDCs2wBDezzeQTxVSVejs/ZnH447Kol8pbA6WGuCdey\n6qy8UwwA4PmR5mkeJmubJtBlp7w+U1Ra+JUe6RLUFIrpLejn9jz1DG+JYDkNYnUG\nh+WowX8P7MTrU5cOQcTTxit57VIqU6zEzHfGbxYTlykJlWC2wDKILVte2LiVnb1q\nQGQiptGOEhsDQi+b6FpArSzr30zzVSBJTTwjn4I5N6V+vGKw4HYjHORmHBYf0mAB\naNVTuZJbm4MF14u3hy+v5EaqCJ7Dhkt7XRNgKBr4TFleK6RR/WlyIw74vWNuAP+s\nz61MuDgmDyA7HXXroBV6RlHtX1xvDM7+wNj0vqFsXnYebZlalulO4Syv573wmUyC\n6w4CHA0XOneCEIbAHs5QUAUCAwEAAQ==\n-----END PUBLIC KEY-----\n",
            "rsa_bits": 4096
          },
          "sensitive_attributes": [
            [
              {
                "type": "get_attr",
                "value": "private_key_pem_pkcs8"
              }
            ],
            [
              {
                "type": "get_attr",
                "value": "private_key_openssh"
              }
            ],
            [
              {
                "type": "get_attr",
                "value": "private_key_pem"
              }
            ]
          ]
        }
      ]
    },
    {
      "module": "module.enable_google_apis",
      "mode": "managed",
      "type": "google_project_service",
      "name": "project_services",
      "provider": "provider[\"registry.terraform.io/hashicorp/google\"]",
      "instances": [
        {
          "index_key": "compute.googleapis.com",
          "schema_version": 0,
          "attributes": {
            "disable_dependent_services": true,
            "disable_on_destroy": false,
            "id": "mosig-training/compute.googleapis.com",
            "project": "mosig-training",
            "service": "compute.googleapis.com",
            "timeouts": null
          },
          "sensitive_attributes": [],
          "private": "eyJlMmJmYjczMC1lY2FhLTExZTYtOGY4OC0zNDM2M2JjN2M0YzAiOnsiY3JlYXRlIjoxMjAwMDAwMDAwMDAwLCJkZWxldGUiOjEyMDAwMDAwMDAwMDAsInJlYWQiOjYwMDAwMDAwMDAwMCwidXBkYXRlIjoxMjAwMDAwMDAwMDAwfX0="
        },
        {
          "index_key": "container.googleapis.com",
          "schema_version": 0,
          "attributes": {
            "disable_dependent_services": true,
            "disable_on_destroy": false,
            "id": "mosig-training/container.googleapis.com",
            "project": "mosig-training",
            "service": "container.googleapis.com",
            "timeouts": null
          },
          "sensitive_attributes": [],
          "private": "eyJlMmJmYjczMC1lY2FhLTExZTYtOGY4OC0zNDM2M2JjN2M0YzAiOnsiY3JlYXRlIjoxMjAwMDAwMDAwMDAwLCJkZWxldGUiOjEyMDAwMDAwMDAwMDAsInJlYWQiOjYwMDAwMDAwMDAwMCwidXBkYXRlIjoxMjAwMDAwMDAwMDAwfX0="
        },
        {
          "index_key": "iam.googleapis.com",
          "schema_version": 0,
          "attributes": {
            "disable_dependent_services": true,
            "disable_on_destroy": false,
            "id": "mosig-training/iam.googleapis.com",
            "project": "mosig-training",
            "service": "iam.googleapis.com",
            "timeouts": null
          },
          "sensitive_attributes": [],
          "private": "eyJlMmJmYjczMC1lY2FhLTExZTYtOGY4OC0zNDM2M2JjN2M0YzAiOnsiY3JlYXRlIjoxMjAwMDAwMDAwMDAwLCJkZWxldGUiOjEyMDAwMDAwMDAwMDAsInJlYWQiOjYwMDAwMDAwMDAwMCwidXBkYXRlIjoxMjAwMDAwMDAwMDAwfX0="
        },
        {
          "index_key": "iamcredentials.googleapis.com",
          "schema_version": 0,
          "attributes": {
            "disable_dependent_services": true,
            "disable_on_destroy": false,
            "id": "mosig-training/iamcredentials.googleapis.com",
            "project": "mosig-training",
            "service": "iamcredentials.googleapis.com",
            "timeouts": null
          },
          "sensitive_attributes": [],
          "private": "eyJlMmJmYjczMC1lY2FhLTExZTYtOGY4OC0zNDM2M2JjN2M0YzAiOnsiY3JlYXRlIjoxMjAwMDAwMDAwMDAwLCJkZWxldGUiOjEyMDAwMDAwMDAwMDAsInJlYWQiOjYwMDAwMDAwMDAwMCwidXBkYXRlIjoxMjAwMDAwMDAwMDAwfX0="
        }
      ]
    }
  ],
  "check_results": null
}
