{
  "version": 4,
  "terraform_version": "1.9.0",
  "serial": 228,
  "lineage": "42259ed9-ed6c-8237-57bc-5ea1baf1a311",
  "outputs": {
    "cluster_location": {
      "value": "europe-west6-b",
      "type": "string"
    },
    "cluster_name": {
      "value": "online-boutique",
      "type": "string"
    }
  },
  "resources": [
    {
      "mode": "managed",
      "type": "google_container_cluster",
      "name": "gke_standard",
      "provider": "provider[\"registry.terraform.io/hashicorp/google\"]",
      "instances": [
        {
          "index_key": 0,
          "schema_version": 2,
          "attributes": {
            "addons_config": [
              {
                "cloudrun_config": [],
                "config_connector_config": [],
                "dns_cache_config": [],
                "gce_persistent_disk_csi_driver_config": [
                  {
                    "enabled": true
                  }
                ],
                "gcp_filestore_csi_driver_config": [],
                "gcs_fuse_csi_driver_config": [],
                "gke_backup_agent_config": [],
                "horizontal_pod_autoscaling": [],
                "http_load_balancing": [],
                "network_policy_config": [
                  {
                    "disabled": true
                  }
                ],
                "ray_operator_config": [],
                "stateful_ha_config": []
              }
            ],
            "allow_net_admin": null,
            "authenticator_groups_config": [],
            "binary_authorization": [
              {
                "enabled": false,
                "evaluation_mode": ""
              }
            ],
            "cluster_autoscaling": [
              {
                "auto_provisioning_defaults": [],
                "auto_provisioning_locations": [],
                "autoscaling_profile": "BALANCED",
                "enabled": false,
                "resource_limits": []
              }
            ],
            "cluster_ipv4_cidr": "10.124.0.0/14",
            "confidential_nodes": [],
            "cost_management_config": [],
            "database_encryption": [
              {
                "key_name": "",
                "state": "DECRYPTED"
              }
            ],
            "datapath_provider": "",
            "default_max_pods_per_node": 110,
            "default_snat_status": [
              {
                "disabled": false
              }
            ],
            "deletion_protection": false,
            "description": "",
            "dns_config": [],
            "effective_labels": {
              "goog-terraform-provisioned": "true"
            },
            "enable_autopilot": false,
            "enable_cilium_clusterwide_network_policy": false,
            "enable_intranode_visibility": false,
            "enable_k8s_beta_apis": [],
            "enable_kubernetes_alpha": false,
            "enable_l4_ilb_subsetting": false,
            "enable_legacy_abac": false,
            "enable_multi_networking": false,
            "enable_shielded_nodes": true,
            "enable_tpu": false,
            "endpoint": "34.65.191.108",
            "fleet": [],
            "gateway_api_config": [],
            "id": "projects/autoscaler-project/locations/europe-west6-b/clusters/online-boutique",
            "identity_service_config": [],
            "initial_node_count": 1,
            "ip_allocation_policy": [
              {
                "additional_pod_ranges_config": [],
                "cluster_ipv4_cidr_block": "10.124.0.0/14",
                "cluster_secondary_range_name": "gke-online-boutique-pods-a071856f",
                "pod_cidr_overprovision_config": [
                  {
                    "disabled": false
                  }
                ],
                "services_ipv4_cidr_block": "34.118.224.0/20",
                "services_secondary_range_name": "",
                "stack_type": "IPV4"
              }
            ],
            "label_fingerprint": "78cdf2f6",
            "location": "europe-west6-b",
            "logging_config": [
              {
                "enable_components": [
                  "SYSTEM_COMPONENTS",
                  "WORKLOADS"
                ]
              }
            ],
            "logging_service": "logging.googleapis.com/kubernetes",
            "maintenance_policy": [],
            "master_auth": [
              {
                "client_certificate": "",
                "client_certificate_config": [
                  {
                    "issue_client_certificate": false
                  }
                ],
                "client_key": "",
                "cluster_ca_certificate": "LS0tLS1CRUdJTiBDRVJUSUZJQ0FURS0tLS0tCk1JSUVMRENDQXBTZ0F3SUJBZ0lRWW8xWjlZWlBoNisxRWpUdTZ2TXE2VEFOQmdrcWhraUc5dzBCQVFzRkFEQXYKTVMwd0t3WURWUVFERXlSaE16TTNNV1l4WVMxbE56UmlMVFE0T0RJdE9UUmxNUzA1TWpVNU9UYzRNelE0TldJdwpJQmNOTWpReE1USXhNVEUwT0RVd1doZ1BNakExTkRFeE1UUXhNalE0TlRCYU1DOHhMVEFyQmdOVkJBTVRKR0V6Ck16Y3haakZoTFdVM05HSXRORGc0TWkwNU5HVXhMVGt5TlRrNU56Z3pORGcxWWpDQ0FhSXdEUVlKS29aSWh2Y04KQVFFQkJRQURnZ0dQQURDQ0FZb0NnZ0dCQUxSdDU0Mm41Uy9mYWJFdGFuZDBvc0ZMVFpiZXlVOXlpMko0WFFkcQpicjcrRk0yK2pubmk0MTNXYjJIL1h5b08xSDZSNkU4WGhHSXZ3TVRLRlhjNUJ3Wi85aG5JQlFNZnEvZFNWQ0FsCnNVdUhIbThDeDI3WUZTQ2VPYy9DTndhOUVidkZYSlFZcTNKV25teWRQYmVnKzhwb1pJZnpJRmFaamYxMkUvSE0KcFVpd0hKTUI0Q25Nby9IWXJPcjZXNFdNdEZ2V3lreHA5ai9tVmN4WTAxMGYyd0E3cm5rNGNrWEZoTHNUeU9PaApsMzR2U0VXd2gyOHJUaXkzbHpDK2g5c2NqR09qcTBrOElqMmF5UFZBWFExUzJkQWUzc2J4V2xaMTJmRlRUczdBClVuMFBQUEtqSXFWTERNaE5HQmRtc1huVVY2Y0NMRWkwaE9OK3cyYlVYSnF3N1ExL1pxbGpXRFlPT1h6dEFEZmMKbGpEZkhudFZ4MnR5SzhNa09pakNHdFNwQzFlVng0QlBYb3Vac2JhQWhKUEFvdytOdGxqcVRxNCtsWkhaaVFTVwpPWis3NVJQZ3huNUpINFAydmx4QmxCbzV6L0VJUFJuRDl6ME9nc1dLa0FHRWExYTl2NGdIUmE3cUZ2Q0poc2NVCkdXUTJET1NLTGFHRjAyaHVEVmpLQmFVelZRSURBUUFCbzBJd1FEQU9CZ05WSFE4QkFmOEVCQU1DQWdRd0R3WUQKVlIwVEFRSC9CQVV3QXdFQi96QWRCZ05WSFE0RUZnUVVqbXk4SzhmemFFdmg3Vm5SR1I2bzdtcEt1OGN3RFFZSgpLb1pJaHZjTkFRRUxCUUFEZ2dHQkFDWjlqWlVFTm9qN0JnSVFyNk9kVjhJSEd1T2prTFBNaURMMS80eFBxa0JqCnE0d3VoQ2dDRFlTL0pZKzdvdFZ0K2ZQVzJRczY4cFpMb0xsZmRFYzkvSmg1TVdoOUoyWmZ4VFpBL1ZhY0NqNWkKdW9IVEJlYjNreTRKVEV1YkxlNCsvNlhWOHJLMmh1S3JRb2tmU3ZVSFk5WE9QNEFNL2NJWHI1VG5UaTA3eXFwcgowcHovV2JraG5BT2FYcnJDQTF5RmRjZnB4UnNPcm9ua0pMNlJRQ0Y5VmJtdTdITFdJcDRzZi9meTVYeVNraTVNClFwTnUwM01oUXJzUy9TUkhHbWdLeEkwSU1qVUtoZWxqeWFZQnAzSmVZdlhmZXgxVFBaaTM3Q3llOXBaRXU0WU8KdUYxcjErVWZJbWtsVTRJeTJlM0llS3d0S0srNm41eWs2M2VKNkJUQ1NLNTJVMHg1OVdJZVdBR3ZxN0ZVRW9vMQpkMmNXVUJxM2xPbnVGZDcxQXNZNXVSaDl6M3U4SWNRNDAxZkZGRTNQcDJYK2NXZjAweG04ZXlUbEloUGlmNUNLCnhtbXlaMzZJQmliNkhSOVFFTjhKVkRibGdINVpVWmhhNHF2akFBOVhGUi9jRXhkSjdJZlVmQjJuS3ZVR3hhbTgKSEovT204QzgxVzVHakd3a29IbTFxdz09Ci0tLS0tRU5EIENFUlRJRklDQVRFLS0tLS0K"
              }
            ],
            "master_authorized_networks_config": [],
            "master_version": "1.30.5-gke.1443001",
            "mesh_certificates": [],
            "min_master_version": null,
            "monitoring_config": [
              {
                "advanced_datapath_observability_config": [
                  {
                    "enable_metrics": false,
                    "enable_relay": false
                  }
                ],
                "enable_components": [
                  "SYSTEM_COMPONENTS",
                  "DAEMONSET",
                  "DEPLOYMENT",
                  "STATEFULSET",
                  "STORAGE",
                  "HPA",
                  "POD",
                  "CADVISOR",
                  "KUBELET"
                ],
                "managed_prometheus": [
                  {
                    "enabled": true
                  }
                ]
              }
            ],
            "monitoring_service": "monitoring.googleapis.com/kubernetes",
            "name": "online-boutique",
            "network": "projects/autoscaler-project/global/networks/default",
            "network_policy": [
              {
                "enabled": false,
                "provider": "PROVIDER_UNSPECIFIED"
              }
            ],
            "networking_mode": "VPC_NATIVE",
            "node_config": [],
            "node_locations": [],
            "node_pool": [],
            "node_pool_auto_config": [],
            "node_pool_defaults": [
              {
                "node_config_defaults": [
                  {
                    "containerd_config": [],
                    "gcfs_config": [],
                    "insecure_kubelet_readonly_port_enabled": "FALSE",
                    "logging_variant": "DEFAULT"
                  }
                ]
              }
            ],
            "node_version": "1.30.5-gke.1443001",
            "notification_config": [
              {
                "pubsub": [
                  {
                    "enabled": false,
                    "filter": [],
                    "topic": ""
                  }
                ]
              }
            ],
            "operation": null,
            "private_cluster_config": [
              {
                "enable_private_endpoint": false,
                "enable_private_nodes": false,
                "master_global_access_config": [
                  {
                    "enabled": false
                  }
                ],
                "master_ipv4_cidr_block": "",
                "peering_name": "",
                "private_endpoint": "10.172.0.29",
                "private_endpoint_subnetwork": "",
                "public_endpoint": "34.65.191.108"
              }
            ],
            "private_ipv6_google_access": "",
            "project": "autoscaler-project",
            "release_channel": [
              {
                "channel": "REGULAR"
              }
            ],
            "remove_default_node_pool": true,
            "resource_labels": null,
            "resource_usage_export_config": [],
            "secret_manager_config": [
              {
                "enabled": false
              }
            ],
            "security_posture_config": [
              {
                "mode": "BASIC",
                "vulnerability_mode": "VULNERABILITY_MODE_UNSPECIFIED"
              }
            ],
            "self_link": "https://container.googleapis.com/v1/projects/autoscaler-project/zones/europe-west6-b/clusters/online-boutique",
            "service_external_ips_config": [
              {
                "enabled": false
              }
            ],
            "services_ipv4_cidr": "34.118.224.0/20",
            "subnetwork": "projects/autoscaler-project/regions/europe-west6/subnetworks/default",
            "terraform_labels": {
              "goog-terraform-provisioned": "true"
            },
            "timeouts": null,
            "tpu_ipv4_cidr_block": "",
            "vertical_pod_autoscaling": [],
            "workload_identity_config": []
          },
          "sensitive_attributes": [
            [
              {
                "type": "get_attr",
                "value": "master_auth"
              },
              {
                "type": "index",
                "value": {
                  "value": 0,
                  "type": "number"
                }
              },
              {
                "type": "get_attr",
                "value": "client_key"
              }
            ]
          ],
          "private": "eyJlMmJmYjczMC1lY2FhLTExZTYtOGY4OC0zNDM2M2JjN2M0YzAiOnsiY3JlYXRlIjoyNDAwMDAwMDAwMDAwLCJkZWxldGUiOjI0MDAwMDAwMDAwMDAsInJlYWQiOjI0MDAwMDAwMDAwMDAsInVwZGF0ZSI6MzYwMDAwMDAwMDAwMH0sInNjaGVtYV92ZXJzaW9uIjoiMiJ9",
          "dependencies": [
            "module.enable_google_apis.data.google_compute_default_service_account.default",
            "module.enable_google_apis.google_project_iam_member.project_service_identity_roles",
            "module.enable_google_apis.google_project_service.project_services",
            "module.enable_google_apis.google_project_service_identity.project_service_identities"
          ]
        }
      ]
    },
    {
      "mode": "managed",
      "type": "google_container_node_pool",
      "name": "primary_nodes",
      "provider": "provider[\"registry.terraform.io/hashicorp/google\"]",
      "instances": [
        {
          "index_key": 0,
          "schema_version": 1,
          "attributes": {
            "autoscaling": [],
            "cluster": "online-boutique",
            "id": "projects/autoscaler-project/locations/europe-west6-b/clusters/online-boutique/nodePools/online-boutique-node-pool",
            "initial_node_count": 4,
            "instance_group_urls": [
              "https://www.googleapis.com/compute/v1/projects/autoscaler-project/zones/europe-west6-b/instanceGroupManagers/gke-online-boutique-online-boutique-n-db93d519-grp"
            ],
            "location": "europe-west6-b",
            "managed_instance_group_urls": [
              "https://www.googleapis.com/compute/v1/projects/autoscaler-project/zones/europe-west6-b/instanceGroups/gke-online-boutique-online-boutique-n-db93d519-grp"
            ],
            "management": [
              {
                "auto_repair": true,
                "auto_upgrade": true
              }
            ],
            "max_pods_per_node": 110,
            "name": "online-boutique-node-pool",
            "name_prefix": "",
            "network_config": [
              {
                "additional_node_network_configs": [],
                "additional_pod_network_configs": [],
                "create_pod_range": false,
                "enable_private_nodes": false,
                "network_performance_config": [],
                "pod_cidr_overprovision_config": [],
                "pod_ipv4_cidr_block": "10.124.0.0/14",
                "pod_range": "gke-online-boutique-pods-a071856f"
              }
            ],
            "node_config": [
              {
                "advanced_machine_features": [],
                "boot_disk_kms_key": "",
                "confidential_nodes": [],
                "containerd_config": [],
                "disk_size_gb": 100,
                "disk_type": "pd-balanced",
                "effective_taints": [],
                "enable_confidential_storage": false,
                "ephemeral_storage_local_ssd_config": [],
                "fast_socket": [],
                "gcfs_config": [],
                "guest_accelerator": [],
                "gvnic": [],
                "host_maintenance_policy": [],
                "image_type": "COS_CONTAINERD",
                "kubelet_config": [],
                "labels": {},
                "linux_node_config": [],
                "local_nvme_ssd_block_config": [],
                "local_ssd_count": 0,
                "logging_variant": "DEFAULT",
                "machine_type": "e2-standard-2",
                "metadata": {
                  "disable-legacy-endpoints": "true"
                },
                "min_cpu_platform": "",
                "node_group": "",
                "oauth_scopes": [
                  "https://www.googleapis.com/auth/cloud-platform"
                ],
                "preemptible": false,
                "reservation_affinity": [],
                "resource_labels": null,
                "resource_manager_tags": null,
                "secondary_boot_disks": [],
                "service_account": "default",
                "shielded_instance_config": [
                  {
                    "enable_integrity_monitoring": true,
                    "enable_secure_boot": false
                  }
                ],
                "sole_tenant_config": [],
                "spot": false,
                "storage_pools": null,
                "tags": null,
                "taint": [],
                "workload_metadata_config": []
              }
            ],
            "node_count": 4,
            "node_locations": [
              "europe-west6-b"
            ],
            "operation": null,
            "placement_policy": [],
            "project": "autoscaler-project",
            "queued_provisioning": [],
            "timeouts": null,
            "upgrade_settings": [
              {
                "blue_green_settings": [],
                "max_surge": 1,
                "max_unavailable": 0,
                "strategy": "SURGE"
              }
            ],
            "version": "1.30.5-gke.1443001"
          },
          "sensitive_attributes": [],
          "private": "eyJlMmJmYjczMC1lY2FhLTExZTYtOGY4OC0zNDM2M2JjN2M0YzAiOnsiY3JlYXRlIjoxODAwMDAwMDAwMDAwLCJkZWxldGUiOjE4MDAwMDAwMDAwMDAsInVwZGF0ZSI6MTgwMDAwMDAwMDAwMH0sInNjaGVtYV92ZXJzaW9uIjoiMSJ9",
          "dependencies": [
            "google_container_cluster.gke_standard",
            "module.enable_google_apis.data.google_compute_default_service_account.default",
            "module.enable_google_apis.google_project_iam_member.project_service_identity_roles",
            "module.enable_google_apis.google_project_service.project_services",
            "module.enable_google_apis.google_project_service_identity.project_service_identities"
          ]
        }
      ]
    },
    {
      "mode": "managed",
      "type": "null_resource",
      "name": "apply_deployment",
      "provider": "provider[\"registry.terraform.io/hashicorp/null\"]",
      "instances": [
        {
          "schema_version": 0,
          "attributes": {
            "id": "8176941009230213997",
            "triggers": null
          },
          "sensitive_attributes": [],
          "dependencies": [
            "google_container_cluster.gke_autopilot",
            "google_container_cluster.gke_standard",
            "module.enable_google_apis.data.google_compute_default_service_account.default",
            "module.enable_google_apis.google_project_iam_member.project_service_identity_roles",
            "module.enable_google_apis.google_project_service.project_services",
            "module.enable_google_apis.google_project_service_identity.project_service_identities",
            "module.gcloud.data.external.env_override",
            "module.gcloud.null_resource.additional_components",
            "module.gcloud.null_resource.additional_components_destroy",
            "module.gcloud.null_resource.decompress",
            "module.gcloud.null_resource.decompress_destroy",
            "module.gcloud.null_resource.download_gcloud",
            "module.gcloud.null_resource.download_jq",
            "module.gcloud.null_resource.gcloud_auth_google_credentials",
            "module.gcloud.null_resource.gcloud_auth_google_credentials_destroy",
            "module.gcloud.null_resource.gcloud_auth_service_account_key_file",
            "module.gcloud.null_resource.gcloud_auth_service_account_key_file_destroy",
            "module.gcloud.null_resource.module_depends_on",
            "module.gcloud.null_resource.prepare_cache",
            "module.gcloud.null_resource.run_command",
            "module.gcloud.null_resource.run_destroy_command",
            "module.gcloud.null_resource.upgrade",
            "module.gcloud.null_resource.upgrade_destroy",
            "module.gcloud.random_id.cache"
          ]
        }
      ]
    },
    {
      "mode": "managed",
      "type": "null_resource",
      "name": "wait_conditions",
      "provider": "provider[\"registry.terraform.io/hashicorp/null\"]",
      "instances": [
        {
          "schema_version": 0,
          "attributes": {
            "id": "5189497685236864563",
            "triggers": null
          },
          "sensitive_attributes": [],
          "dependencies": [
            "google_container_cluster.gke_autopilot",
            "google_container_cluster.gke_standard",
            "module.enable_google_apis.data.google_compute_default_service_account.default",
            "module.enable_google_apis.google_project_iam_member.project_service_identity_roles",
            "module.enable_google_apis.google_project_service.project_services",
            "module.enable_google_apis.google_project_service_identity.project_service_identities",
            "module.gcloud.data.external.env_override",
            "module.gcloud.null_resource.additional_components",
            "module.gcloud.null_resource.additional_components_destroy",
            "module.gcloud.null_resource.decompress",
            "module.gcloud.null_resource.decompress_destroy",
            "module.gcloud.null_resource.download_gcloud",
            "module.gcloud.null_resource.download_jq",
            "module.gcloud.null_resource.gcloud_auth_google_credentials",
            "module.gcloud.null_resource.gcloud_auth_google_credentials_destroy",
            "module.gcloud.null_resource.gcloud_auth_service_account_key_file",
            "module.gcloud.null_resource.gcloud_auth_service_account_key_file_destroy",
            "module.gcloud.null_resource.module_depends_on",
            "module.gcloud.null_resource.prepare_cache",
            "module.gcloud.null_resource.run_command",
            "module.gcloud.null_resource.run_destroy_command",
            "module.gcloud.null_resource.upgrade",
            "module.gcloud.null_resource.upgrade_destroy",
            "module.gcloud.random_id.cache",
            "null_resource.apply_deployment"
          ]
        }
      ]
    },
    {
      "module": "module.enable_google_apis",
      "mode": "managed",
      "type": "google_project_service",
      "name": "project_services",
      "provider": "provider[\"registry.terraform.io/hashicorp/google\"]",
      "instances": [
        {
          "index_key": "cloudprofiler.googleapis.com",
          "schema_version": 0,
          "attributes": {
            "disable_dependent_services": true,
            "disable_on_destroy": false,
            "id": "autoscaler-project/cloudprofiler.googleapis.com",
            "project": "autoscaler-project",
            "service": "cloudprofiler.googleapis.com",
            "timeouts": null
          },
          "sensitive_attributes": [],
          "private": "eyJlMmJmYjczMC1lY2FhLTExZTYtOGY4OC0zNDM2M2JjN2M0YzAiOnsiY3JlYXRlIjoxMjAwMDAwMDAwMDAwLCJkZWxldGUiOjEyMDAwMDAwMDAwMDAsInJlYWQiOjYwMDAwMDAwMDAwMCwidXBkYXRlIjoxMjAwMDAwMDAwMDAwfX0="
        },
        {
          "index_key": "cloudtrace.googleapis.com",
          "schema_version": 0,
          "attributes": {
            "disable_dependent_services": true,
            "disable_on_destroy": false,
            "id": "autoscaler-project/cloudtrace.googleapis.com",
            "project": "autoscaler-project",
            "service": "cloudtrace.googleapis.com",
            "timeouts": null
          },
          "sensitive_attributes": [],
          "private": "eyJlMmJmYjczMC1lY2FhLTExZTYtOGY4OC0zNDM2M2JjN2M0YzAiOnsiY3JlYXRlIjoxMjAwMDAwMDAwMDAwLCJkZWxldGUiOjEyMDAwMDAwMDAwMDAsInJlYWQiOjYwMDAwMDAwMDAwMCwidXBkYXRlIjoxMjAwMDAwMDAwMDAwfX0="
        },
        {
          "index_key": "container.googleapis.com",
          "schema_version": 0,
          "attributes": {
            "disable_dependent_services": true,
            "disable_on_destroy": false,
            "id": "autoscaler-project/container.googleapis.com",
            "project": "autoscaler-project",
            "service": "container.googleapis.com",
            "timeouts": null
          },
          "sensitive_attributes": [],
          "private": "eyJlMmJmYjczMC1lY2FhLTExZTYtOGY4OC0zNDM2M2JjN2M0YzAiOnsiY3JlYXRlIjoxMjAwMDAwMDAwMDAwLCJkZWxldGUiOjEyMDAwMDAwMDAwMDAsInJlYWQiOjYwMDAwMDAwMDAwMCwidXBkYXRlIjoxMjAwMDAwMDAwMDAwfX0="
        },
        {
          "index_key": "monitoring.googleapis.com",
          "schema_version": 0,
          "attributes": {
            "disable_dependent_services": true,
            "disable_on_destroy": false,
            "id": "autoscaler-project/monitoring.googleapis.com",
            "project": "autoscaler-project",
            "service": "monitoring.googleapis.com",
            "timeouts": null
          },
          "sensitive_attributes": [],
          "private": "eyJlMmJmYjczMC1lY2FhLTExZTYtOGY4OC0zNDM2M2JjN2M0YzAiOnsiY3JlYXRlIjoxMjAwMDAwMDAwMDAwLCJkZWxldGUiOjEyMDAwMDAwMDAwMDAsInJlYWQiOjYwMDAwMDAwMDAwMCwidXBkYXRlIjoxMjAwMDAwMDAwMDAwfX0="
        }
      ]
    },
    {
      "module": "module.gcloud",
      "mode": "data",
      "type": "external",
      "name": "env_override",
      "provider": "provider[\"registry.terraform.io/hashicorp/external\"]",
      "instances": [
        {
          "index_key": 0,
          "schema_version": 0,
          "attributes": {
            "id": "-",
            "program": [
              ".terraform/modules/gcloud/scripts/check_env.sh"
            ],
            "query": {},
            "result": {
              "download": ""
            },
            "working_dir": null
          },
          "sensitive_attributes": []
        }
      ]
    },
    {
      "module": "module.gcloud",
      "mode": "managed",
      "type": "null_resource",
      "name": "additional_components",
      "provider": "provider[\"registry.terraform.io/hashicorp/null\"]",
      "instances": [
        {
          "index_key": 0,
          "schema_version": 0,
          "attributes": {
            "id": "1028066063738194508",
            "triggers": {
              "additional_components_command": ".terraform/modules/gcloud/scripts/check_components.sh gcloud kubectl,beta",
              "arguments": "648753b0891324ca04b47dc3bbe8ceae",
              "md5": "7f22bf39aaf5ce5980111c3587bef5b5"
            }
          },
          "sensitive_attributes": [],
          "dependencies": [
            "google_container_cluster.gke_autopilot",
            "google_container_cluster.gke_standard",
            "module.enable_google_apis.data.google_compute_default_service_account.default",
            "module.enable_google_apis.google_project_iam_member.project_service_identity_roles",
            "module.enable_google_apis.google_project_service.project_services",
            "module.enable_google_apis.google_project_service_identity.project_service_identities",
            "module.gcloud.data.external.env_override",
            "module.gcloud.null_resource.decompress",
            "module.gcloud.null_resource.download_gcloud",
            "module.gcloud.null_resource.download_jq",
            "module.gcloud.null_resource.module_depends_on",
            "module.gcloud.null_resource.prepare_cache",
            "module.gcloud.null_resource.upgrade",
            "module.gcloud.random_id.cache"
          ]
        }
      ]
    },
    {
      "module": "module.gcloud",
      "mode": "managed",
      "type": "null_resource",
      "name": "additional_components_destroy",
      "provider": "provider[\"registry.terraform.io/hashicorp/null\"]",
      "instances": [
        {
          "index_key": 0,
          "schema_version": 0,
          "attributes": {
            "id": "3510944448952726550",
            "triggers": {
              "additional_components_command": ".terraform/modules/gcloud/scripts/check_components.sh gcloud kubectl,beta"
            }
          },
          "sensitive_attributes": [],
          "dependencies": [
            "google_container_cluster.gke_autopilot",
            "google_container_cluster.gke_standard",
            "module.enable_google_apis.data.google_compute_default_service_account.default",
            "module.enable_google_apis.google_project_iam_member.project_service_identity_roles",
            "module.enable_google_apis.google_project_service.project_services",
            "module.enable_google_apis.google_project_service_identity.project_service_identities",
            "module.gcloud.data.external.env_override",
            "module.gcloud.null_resource.additional_components",
            "module.gcloud.null_resource.decompress",
            "module.gcloud.null_resource.download_gcloud",
            "module.gcloud.null_resource.download_jq",
            "module.gcloud.null_resource.gcloud_auth_google_credentials",
            "module.gcloud.null_resource.gcloud_auth_service_account_key_file",
            "module.gcloud.null_resource.module_depends_on",
            "module.gcloud.null_resource.prepare_cache",
            "module.gcloud.null_resource.run_destroy_command",
            "module.gcloud.null_resource.upgrade",
            "module.gcloud.random_id.cache"
          ]
        }
      ]
    },
    {
      "module": "module.gcloud",
      "mode": "managed",
      "type": "null_resource",
      "name": "run_command",
      "provider": "provider[\"registry.terraform.io/hashicorp/null\"]",
      "instances": [
        {
          "index_key": 0,
          "schema_version": 0,
          "attributes": {
            "id": "2693403459805334773",
            "triggers": {
              "arguments": "648753b0891324ca04b47dc3bbe8ceae",
              "create_cmd_body": "container clusters get-credentials online-boutique --zone=europe-west6-b --project=autoscaler-project",
              "create_cmd_entrypoint": "gcloud",
              "gcloud_bin_abs_path": "/google-cloud-sdk/bin",
              "md5": "7f22bf39aaf5ce5980111c3587bef5b5"
            }
          },
          "sensitive_attributes": [],
          "dependencies": [
            "google_container_cluster.gke_autopilot",
            "google_container_cluster.gke_standard",
            "module.enable_google_apis.data.google_compute_default_service_account.default",
            "module.enable_google_apis.google_project_iam_member.project_service_identity_roles",
            "module.enable_google_apis.google_project_service.project_services",
            "module.enable_google_apis.google_project_service_identity.project_service_identities",
            "module.gcloud.data.external.env_override",
            "module.gcloud.null_resource.additional_components",
            "module.gcloud.null_resource.decompress",
            "module.gcloud.null_resource.download_gcloud",
            "module.gcloud.null_resource.download_jq",
            "module.gcloud.null_resource.gcloud_auth_google_credentials",
            "module.gcloud.null_resource.gcloud_auth_service_account_key_file",
            "module.gcloud.null_resource.module_depends_on",
            "module.gcloud.null_resource.prepare_cache",
            "module.gcloud.null_resource.upgrade",
            "module.gcloud.random_id.cache"
          ]
        }
      ]
    },
    {
      "module": "module.gcloud",
      "mode": "managed",
      "type": "null_resource",
      "name": "run_destroy_command",
      "provider": "provider[\"registry.terraform.io/hashicorp/null\"]",
      "instances": [
        {
          "index_key": 0,
          "schema_version": 0,
          "attributes": {
            "id": "7192078338935085754",
            "triggers": {
              "destroy_cmd_body": "info",
              "destroy_cmd_entrypoint": "gcloud",
              "gcloud_bin_abs_path": "/google-cloud-sdk/bin"
            }
          },
          "sensitive_attributes": [],
          "dependencies": [
            "google_container_cluster.gke_autopilot",
            "google_container_cluster.gke_standard",
            "module.enable_google_apis.data.google_compute_default_service_account.default",
            "module.enable_google_apis.google_project_iam_member.project_service_identity_roles",
            "module.enable_google_apis.google_project_service.project_services",
            "module.enable_google_apis.google_project_service_identity.project_service_identities",
            "module.gcloud.data.external.env_override",
            "module.gcloud.null_resource.additional_components",
            "module.gcloud.null_resource.decompress",
            "module.gcloud.null_resource.download_gcloud",
            "module.gcloud.null_resource.download_jq",
            "module.gcloud.null_resource.gcloud_auth_google_credentials",
            "module.gcloud.null_resource.gcloud_auth_service_account_key_file",
            "module.gcloud.null_resource.module_depends_on",
            "module.gcloud.null_resource.prepare_cache",
            "module.gcloud.null_resource.upgrade",
            "module.gcloud.random_id.cache"
          ]
        }
      ]
    }
  ],
  "check_results": null
}
